
Microsoft Visual Studio Solution File, Format Version 12.00
# Visual Studio 15
VisualStudioVersion = 15.0.28010.2050
MinimumVisualStudioVersion = 10.0.40219.1
Project("{FAE04EC0-301F-11D3-BF4B-00C04F79EFBC}") = "Agrin.Android", "Agrin.Android.UI\Agrin.Android.csproj", "{A5796620-9980-49B7-9B65-17358C5679C0}"
EndProject
Project("{FAE04EC0-301F-11D3-BF4B-00C04F79EFBC}") = "SlidingMenuSharp", "C:\Users\Ali Visual Studio\Downloads\Projects\SlidingMenuSharp-master\SlidingMenuSharp-master\SlidingMenuSharp\SlidingMenuSharp.csproj", "{555937D8-1533-4D19-A346-55C192C35A5D}"
EndProject
Project("{FAE04EC0-301F-11D3-BF4B-00C04F79EFBC}") = "Agrin.About", "..\..\..\Agrin.Full\Agrin.About\Agrin.About.csproj", "{46B3DAE1-9B04-42B7-90AE-5EA045F81454}"
EndProject
Project("{FAE04EC0-301F-11D3-BF4B-00C04F79EFBC}") = "Agrin.BaseViewModels", "..\..\..\Agrin.Full\Agrin.BaseViewModels\Agrin.BaseViewModels.csproj", "{0E4C822F-2540-4DBF-A956-3E655728E5BC}"
EndProject
Project("{FAE04EC0-301F-11D3-BF4B-00C04F79EFBC}") = "Agrin.Data", "..\..\..\Agrin.Full\Agrin.Data\Agrin.Data.csproj", "{74F61D18-08E4-4509-8256-B5CE6442DC12}"
EndProject
Project("{FAE04EC0-301F-11D3-BF4B-00C04F79EFBC}") = "Agrin.Download", "..\..\..\Agrin.Full\Agrin.Download\Agrin.Download.csproj", "{93D045FB-5A87-4F07-94FF-9754531C2549}"
EndProject
Project("{FAE04EC0-301F-11D3-BF4B-00C04F79EFBC}") = "Agrin.Framesoft", "..\..\..\Agrin.Full\Agrin.Framesoft\Agrin.Framesoft.csproj", "{A3CCF331-CDD9-47CC-AC0E-55B1C80B0531}"
EndProject
Project("{FAE04EC0-301F-11D3-BF4B-00C04F79EFBC}") = "Agrin.Helper", "..\..\..\Agrin.Full\Agrin.Helper\Agrin.Helper.csproj", "{93676062-4E74-4EDB-AF8F-92A4EDCFBCAB}"
EndProject
Project("{FAE04EC0-301F-11D3-BF4B-00C04F79EFBC}") = "Agrin.IO", "..\..\..\Agrin.Full\Agrin.IO\Agrin.IO.csproj", "{EE7FD998-1CC1-47C9-AF1B-546675210E5B}"
EndProject
Project("{FAE04EC0-301F-11D3-BF4B-00C04F79EFBC}") = "Agrin.LinkExtractor", "..\..\..\Agrin.Full\Agrin.LinkExtractor\Agrin.LinkExtractor.csproj", "{17D30AAA-2BAD-48EE-ADCA-49D87A8860DC}"
EndProject
Project("{FAE04EC0-301F-11D3-BF4B-00C04F79EFBC}") = "Agrin.Log", "..\..\..\Agrin.Full\Agrin.Log\Agrin.Log.csproj", "{4C518EC4-1897-47B7-9433-05DB59D9CCE5}"
EndProject
Project("{2150E333-8FDC-42A3-9474-1A3956D46DE8}") = "Components", "Components", "{98DEDB0C-3301-44CD-B63D-4B156158583E}"
EndProject
Global
	GlobalSection(SolutionConfigurationPlatforms) = preSolution
		AndroidDebug|Any CPU = AndroidDebug|Any CPU
		AndroidDebug|x64 = AndroidDebug|x64
		AndroidDebug|x86 = AndroidDebug|x86
		AndroidRelease|Any CPU = AndroidRelease|Any CPU
		AndroidRelease|x64 = AndroidRelease|x64
		AndroidRelease|x86 = AndroidRelease|x86
		Debug|Any CPU = Debug|Any CPU
		Debug|x64 = Debug|x64
		Debug|x86 = Debug|x86
		MobileApp|Any CPU = MobileApp|Any CPU
		MobileApp|x64 = MobileApp|x64
		MobileApp|x86 = MobileApp|x86
		Release|Any CPU = Release|Any CPU
		Release|x64 = Release|x64
		Release|x86 = Release|x86
		XamarinApp|Any CPU = XamarinApp|Any CPU
		XamarinApp|x64 = XamarinApp|x64
		XamarinApp|x86 = XamarinApp|x86
	EndGlobalSection
	GlobalSection(ProjectConfigurationPlatforms) = postSolution
		{A5796620-9980-49B7-9B65-17358C5679C0}.AndroidDebug|Any CPU.ActiveCfg = AndroidDebug|Any CPU
		{A5796620-9980-49B7-9B65-17358C5679C0}.AndroidDebug|Any CPU.Build.0 = AndroidDebug|Any CPU
		{A5796620-9980-49B7-9B65-17358C5679C0}.AndroidDebug|Any CPU.Deploy.0 = AndroidDebug|Any CPU
		{A5796620-9980-49B7-9B65-17358C5679C0}.AndroidDebug|x64.ActiveCfg = AndroidDebug|Any CPU
		{A5796620-9980-49B7-9B65-17358C5679C0}.AndroidDebug|x64.Build.0 = AndroidDebug|Any CPU
		{A5796620-9980-49B7-9B65-17358C5679C0}.AndroidDebug|x64.Deploy.0 = AndroidDebug|Any CPU
		{A5796620-9980-49B7-9B65-17358C5679C0}.AndroidDebug|x86.ActiveCfg = AndroidDebug|Any CPU
		{A5796620-9980-49B7-9B65-17358C5679C0}.AndroidDebug|x86.Build.0 = AndroidDebug|Any CPU
		{A5796620-9980-49B7-9B65-17358C5679C0}.AndroidDebug|x86.Deploy.0 = AndroidDebug|Any CPU
		{A5796620-9980-49B7-9B65-17358C5679C0}.AndroidRelease|Any CPU.ActiveCfg = AndroidRelease|Any CPU
		{A5796620-9980-49B7-9B65-17358C5679C0}.AndroidRelease|Any CPU.Build.0 = AndroidRelease|Any CPU
		{A5796620-9980-49B7-9B65-17358C5679C0}.AndroidRelease|Any CPU.Deploy.0 = AndroidRelease|Any CPU
		{A5796620-9980-49B7-9B65-17358C5679C0}.AndroidRelease|x64.ActiveCfg = AndroidRelease|Any CPU
		{A5796620-9980-49B7-9B65-17358C5679C0}.AndroidRelease|x64.Build.0 = AndroidRelease|Any CPU
		{A5796620-9980-49B7-9B65-17358C5679C0}.AndroidRelease|x64.Deploy.0 = AndroidRelease|Any CPU
		{A5796620-9980-49B7-9B65-17358C5679C0}.AndroidRelease|x86.ActiveCfg = AndroidRelease|Any CPU
		{A5796620-9980-49B7-9B65-17358C5679C0}.AndroidRelease|x86.Build.0 = AndroidRelease|Any CPU
		{A5796620-9980-49B7-9B65-17358C5679C0}.AndroidRelease|x86.Deploy.0 = AndroidRelease|Any CPU
		{A5796620-9980-49B7-9B65-17358C5679C0}.Debug|Any CPU.ActiveCfg = Debug|Any CPU
		{A5796620-9980-49B7-9B65-17358C5679C0}.Debug|Any CPU.Build.0 = Debug|Any CPU
		{A5796620-9980-49B7-9B65-17358C5679C0}.Debug|Any CPU.Deploy.0 = Debug|Any CPU
		{A5796620-9980-49B7-9B65-17358C5679C0}.Debug|x64.ActiveCfg = Debug|Any CPU
		{A5796620-9980-49B7-9B65-17358C5679C0}.Debug|x64.Build.0 = Debug|Any CPU
		{A5796620-9980-49B7-9B65-17358C5679C0}.Debug|x64.Deploy.0 = Debug|Any CPU
		{A5796620-9980-49B7-9B65-17358C5679C0}.Debug|x86.ActiveCfg = Debug|Any CPU
		{A5796620-9980-49B7-9B65-17358C5679C0}.Debug|x86.Build.0 = Debug|Any CPU
		{A5796620-9980-49B7-9B65-17358C5679C0}.Debug|x86.Deploy.0 = Debug|Any CPU
		{A5796620-9980-49B7-9B65-17358C5679C0}.MobileApp|Any CPU.ActiveCfg = Release|Any CPU
		{A5796620-9980-49B7-9B65-17358C5679C0}.MobileApp|Any CPU.Build.0 = Release|Any CPU
		{A5796620-9980-49B7-9B65-17358C5679C0}.MobileApp|Any CPU.Deploy.0 = Release|Any CPU
		{A5796620-9980-49B7-9B65-17358C5679C0}.MobileApp|x64.ActiveCfg = Release|Any CPU
		{A5796620-9980-49B7-9B65-17358C5679C0}.MobileApp|x64.Build.0 = Release|Any CPU
		{A5796620-9980-49B7-9B65-17358C5679C0}.MobileApp|x64.Deploy.0 = Release|Any CPU
		{A5796620-9980-49B7-9B65-17358C5679C0}.MobileApp|x86.ActiveCfg = Release|Any CPU
		{A5796620-9980-49B7-9B65-17358C5679C0}.MobileApp|x86.Build.0 = Release|Any CPU
		{A5796620-9980-49B7-9B65-17358C5679C0}.MobileApp|x86.Deploy.0 = Release|Any CPU
		{A5796620-9980-49B7-9B65-17358C5679C0}.Release|Any CPU.ActiveCfg = Release|Any CPU
		{A5796620-9980-49B7-9B65-17358C5679C0}.Release|Any CPU.Build.0 = Release|Any CPU
		{A5796620-9980-49B7-9B65-17358C5679C0}.Release|Any CPU.Deploy.0 = Release|Any CPU
		{A5796620-9980-49B7-9B65-17358C5679C0}.Release|x64.ActiveCfg = Release|Any CPU
		{A5796620-9980-49B7-9B65-17358C5679C0}.Release|x64.Build.0 = Release|Any CPU
		{A5796620-9980-49B7-9B65-17358C5679C0}.Release|x64.Deploy.0 = Release|Any CPU
		{A5796620-9980-49B7-9B65-17358C5679C0}.Release|x86.ActiveCfg = Release|Any CPU
		{A5796620-9980-49B7-9B65-17358C5679C0}.Release|x86.Build.0 = Release|Any CPU
		{A5796620-9980-49B7-9B65-17358C5679C0}.Release|x86.Deploy.0 = Release|Any CPU
		{A5796620-9980-49B7-9B65-17358C5679C0}.XamarinApp|Any CPU.ActiveCfg = Release|Any CPU
		{A5796620-9980-49B7-9B65-17358C5679C0}.XamarinApp|Any CPU.Build.0 = Release|Any CPU
		{A5796620-9980-49B7-9B65-17358C5679C0}.XamarinApp|Any CPU.Deploy.0 = Release|Any CPU
		{A5796620-9980-49B7-9B65-17358C5679C0}.XamarinApp|x64.ActiveCfg = Release|Any CPU
		{A5796620-9980-49B7-9B65-17358C5679C0}.XamarinApp|x64.Build.0 = Release|Any CPU
		{A5796620-9980-49B7-9B65-17358C5679C0}.XamarinApp|x64.Deploy.0 = Release|Any CPU
		{A5796620-9980-49B7-9B65-17358C5679C0}.XamarinApp|x86.ActiveCfg = Release|Any CPU
		{A5796620-9980-49B7-9B65-17358C5679C0}.XamarinApp|x86.Build.0 = Release|Any CPU
		{A5796620-9980-49B7-9B65-17358C5679C0}.XamarinApp|x86.Deploy.0 = Release|Any CPU
		{555937D8-1533-4D19-A346-55C192C35A5D}.AndroidDebug|Any CPU.ActiveCfg = Debug|Any CPU
		{555937D8-1533-4D19-A346-55C192C35A5D}.AndroidDebug|x64.ActiveCfg = Debug|Any CPU
		{555937D8-1533-4D19-A346-55C192C35A5D}.AndroidDebug|x86.ActiveCfg = Debug|Any CPU
		{555937D8-1533-4D19-A346-55C192C35A5D}.AndroidRelease|Any CPU.ActiveCfg = Release|Any CPU
		{555937D8-1533-4D19-A346-55C192C35A5D}.AndroidRelease|x64.ActiveCfg = Release|Any CPU
		{555937D8-1533-4D19-A346-55C192C35A5D}.AndroidRelease|x86.ActiveCfg = Release|Any CPU
		{555937D8-1533-4D19-A346-55C192C35A5D}.Debug|Any CPU.ActiveCfg = Debug|Any CPU
		{555937D8-1533-4D19-A346-55C192C35A5D}.Debug|Any CPU.Build.0 = Debug|Any CPU
		{555937D8-1533-4D19-A346-55C192C35A5D}.Debug|x64.ActiveCfg = Debug|Any CPU
		{555937D8-1533-4D19-A346-55C192C35A5D}.Debug|x86.ActiveCfg = Debug|Any CPU
		{555937D8-1533-4D19-A346-55C192C35A5D}.MobileApp|Any CPU.ActiveCfg = Release|Any CPU
		{555937D8-1533-4D19-A346-55C192C35A5D}.MobileApp|x64.ActiveCfg = Release|Any CPU
		{555937D8-1533-4D19-A346-55C192C35A5D}.MobileApp|x86.ActiveCfg = Release|Any CPU
		{555937D8-1533-4D19-A346-55C192C35A5D}.Release|Any CPU.ActiveCfg = Release|Any CPU
		{555937D8-1533-4D19-A346-55C192C35A5D}.Release|Any CPU.Build.0 = Release|Any CPU
		{555937D8-1533-4D19-A346-55C192C35A5D}.Release|x64.ActiveCfg = Release|Any CPU
		{555937D8-1533-4D19-A346-55C192C35A5D}.Release|x86.ActiveCfg = Release|Any CPU
		{555937D8-1533-4D19-A346-55C192C35A5D}.XamarinApp|Any CPU.ActiveCfg = Release|Any CPU
		{555937D8-1533-4D19-A346-55C192C35A5D}.XamarinApp|x64.ActiveCfg = Release|Any CPU
		{555937D8-1533-4D19-A346-55C192C35A5D}.XamarinApp|x86.ActiveCfg = Release|Any CPU
		{46B3DAE1-9B04-42B7-90AE-5EA045F81454}.AndroidDebug|Any CPU.ActiveCfg = AndroidDebug|Any CPU
		{46B3DAE1-9B04-42B7-90AE-5EA045F81454}.AndroidDebug|Any CPU.Build.0 = AndroidDebug|Any CPU
		{46B3DAE1-9B04-42B7-90AE-5EA045F81454}.AndroidDebug|x64.ActiveCfg = AndroidDebug|x64
		{46B3DAE1-9B04-42B7-90AE-5EA045F81454}.AndroidDebug|x64.Build.0 = AndroidDebug|x64
		{46B3DAE1-9B04-42B7-90AE-5EA045F81454}.AndroidDebug|x86.ActiveCfg = AndroidDebug|x86
		{46B3DAE1-9B04-42B7-90AE-5EA045F81454}.AndroidDebug|x86.Build.0 = AndroidDebug|x86
		{46B3DAE1-9B04-42B7-90AE-5EA045F81454}.AndroidRelease|Any CPU.ActiveCfg = AndroidRelease|Any CPU
		{46B3DAE1-9B04-42B7-90AE-5EA045F81454}.AndroidRelease|Any CPU.Build.0 = AndroidRelease|Any CPU
		{46B3DAE1-9B04-42B7-90AE-5EA045F81454}.AndroidRelease|x64.ActiveCfg = AndroidRelease|x64
		{46B3DAE1-9B04-42B7-90AE-5EA045F81454}.AndroidRelease|x64.Build.0 = AndroidRelease|x64
		{46B3DAE1-9B04-42B7-90AE-5EA045F81454}.AndroidRelease|x86.ActiveCfg = AndroidRelease|x86
		{46B3DAE1-9B04-42B7-90AE-5EA045F81454}.AndroidRelease|x86.Build.0 = AndroidRelease|x86
		{46B3DAE1-9B04-42B7-90AE-5EA045F81454}.Debug|Any CPU.ActiveCfg = Debug|Any CPU
		{46B3DAE1-9B04-42B7-90AE-5EA045F81454}.Debug|Any CPU.Build.0 = Debug|Any CPU
		{46B3DAE1-9B04-42B7-90AE-5EA045F81454}.Debug|x64.ActiveCfg = Debug|x64
		{46B3DAE1-9B04-42B7-90AE-5EA045F81454}.Debug|x64.Build.0 = Debug|x64
		{46B3DAE1-9B04-42B7-90AE-5EA045F81454}.Debug|x86.ActiveCfg = Debug|x86
		{46B3DAE1-9B04-42B7-90AE-5EA045F81454}.Debug|x86.Build.0 = Debug|x86
		{46B3DAE1-9B04-42B7-90AE-5EA045F81454}.MobileApp|Any CPU.ActiveCfg = MobileApp|Any CPU
		{46B3DAE1-9B04-42B7-90AE-5EA045F81454}.MobileApp|Any CPU.Build.0 = MobileApp|Any CPU
		{46B3DAE1-9B04-42B7-90AE-5EA045F81454}.MobileApp|x64.ActiveCfg = MobileApp|x64
		{46B3DAE1-9B04-42B7-90AE-5EA045F81454}.MobileApp|x64.Build.0 = MobileApp|x64
		{46B3DAE1-9B04-42B7-90AE-5EA045F81454}.MobileApp|x86.ActiveCfg = MobileApp|x86
		{46B3DAE1-9B04-42B7-90AE-5EA045F81454}.MobileApp|x86.Build.0 = MobileApp|x86
		{46B3DAE1-9B04-42B7-90AE-5EA045F81454}.Release|Any CPU.ActiveCfg = Release|Any CPU
		{46B3DAE1-9B04-42B7-90AE-5EA045F81454}.Release|Any CPU.Build.0 = Release|Any CPU
		{46B3DAE1-9B04-42B7-90AE-5EA045F81454}.Release|x64.ActiveCfg = Release|x64
		{46B3DAE1-9B04-42B7-90AE-5EA045F81454}.Release|x64.Build.0 = Release|x64
		{46B3DAE1-9B04-42B7-90AE-5EA045F81454}.Release|x86.ActiveCfg = Release|x86
		{46B3DAE1-9B04-42B7-90AE-5EA045F81454}.Release|x86.Build.0 = Release|x86
		{46B3DAE1-9B04-42B7-90AE-5EA045F81454}.XamarinApp|Any CPU.ActiveCfg = XamarinApp|Any CPU
		{46B3DAE1-9B04-42B7-90AE-5EA045F81454}.XamarinApp|Any CPU.Build.0 = XamarinApp|Any CPU
		{46B3DAE1-9B04-42B7-90AE-5EA045F81454}.XamarinApp|x64.ActiveCfg = XamarinApp|x64
		{46B3DAE1-9B04-42B7-90AE-5EA045F81454}.XamarinApp|x64.Build.0 = XamarinApp|x64
		{46B3DAE1-9B04-42B7-90AE-5EA045F81454}.XamarinApp|x86.ActiveCfg = XamarinApp|x86
		{46B3DAE1-9B04-42B7-90AE-5EA045F81454}.XamarinApp|x86.Build.0 = XamarinApp|x86
		{0E4C822F-2540-4DBF-A956-3E655728E5BC}.AndroidDebug|Any CPU.ActiveCfg = Debug|Any CPU
		{0E4C822F-2540-4DBF-A956-3E655728E5BC}.AndroidDebug|Any CPU.Build.0 = Debug|Any CPU
		{0E4C822F-2540-4DBF-A956-3E655728E5BC}.AndroidDebug|x64.ActiveCfg = Debug|Any CPU
		{0E4C822F-2540-4DBF-A956-3E655728E5BC}.AndroidDebug|x64.Build.0 = Debug|Any CPU
		{0E4C822F-2540-4DBF-A956-3E655728E5BC}.AndroidDebug|x86.ActiveCfg = Debug|Any CPU
		{0E4C822F-2540-4DBF-A956-3E655728E5BC}.AndroidDebug|x86.Build.0 = Debug|Any CPU
		{0E4C822F-2540-4DBF-A956-3E655728E5BC}.AndroidRelease|Any CPU.ActiveCfg = Release|Any CPU
		{0E4C822F-2540-4DBF-A956-3E655728E5BC}.AndroidRelease|Any CPU.Build.0 = Release|Any CPU
		{0E4C822F-2540-4DBF-A956-3E655728E5BC}.AndroidRelease|x64.ActiveCfg = Release|Any CPU
		{0E4C822F-2540-4DBF-A956-3E655728E5BC}.AndroidRelease|x64.Build.0 = Release|Any CPU
		{0E4C822F-2540-4DBF-A956-3E655728E5BC}.AndroidRelease|x86.ActiveCfg = Release|Any CPU
		{0E4C822F-2540-4DBF-A956-3E655728E5BC}.AndroidRelease|x86.Build.0 = Release|Any CPU
		{0E4C822F-2540-4DBF-A956-3E655728E5BC}.Debug|Any CPU.ActiveCfg = Debug|Any CPU
		{0E4C822F-2540-4DBF-A956-3E655728E5BC}.Debug|Any CPU.Build.0 = Debug|Any CPU
		{0E4C822F-2540-4DBF-A956-3E655728E5BC}.Debug|x64.ActiveCfg = Debug|Any CPU
		{0E4C822F-2540-4DBF-A956-3E655728E5BC}.Debug|x64.Build.0 = Debug|Any CPU
		{0E4C822F-2540-4DBF-A956-3E655728E5BC}.Debug|x86.ActiveCfg = Debug|Any CPU
		{0E4C822F-2540-4DBF-A956-3E655728E5BC}.Debug|x86.Build.0 = Debug|Any CPU
		{0E4C822F-2540-4DBF-A956-3E655728E5BC}.MobileApp|Any CPU.ActiveCfg = MobileApp|Any CPU
		{0E4C822F-2540-4DBF-A956-3E655728E5BC}.MobileApp|Any CPU.Build.0 = MobileApp|Any CPU
		{0E4C822F-2540-4DBF-A956-3E655728E5BC}.MobileApp|x64.ActiveCfg = MobileApp|Any CPU
		{0E4C822F-2540-4DBF-A956-3E655728E5BC}.MobileApp|x64.Build.0 = MobileApp|Any CPU
		{0E4C822F-2540-4DBF-A956-3E655728E5BC}.MobileApp|x86.ActiveCfg = MobileApp|Any CPU
		{0E4C822F-2540-4DBF-A956-3E655728E5BC}.MobileApp|x86.Build.0 = MobileApp|Any CPU
		{0E4C822F-2540-4DBF-A956-3E655728E5BC}.Release|Any CPU.ActiveCfg = Release|Any CPU
		{0E4C822F-2540-4DBF-A956-3E655728E5BC}.Release|Any CPU.Build.0 = Release|Any CPU
		{0E4C822F-2540-4DBF-A956-3E655728E5BC}.Release|x64.ActiveCfg = Release|Any CPU
		{0E4C822F-2540-4DBF-A956-3E655728E5BC}.Release|x64.Build.0 = Release|Any CPU
		{0E4C822F-2540-4DBF-A956-3E655728E5BC}.Release|x86.ActiveCfg = Release|Any CPU
		{0E4C822F-2540-4DBF-A956-3E655728E5BC}.Release|x86.Build.0 = Release|Any CPU
		{0E4C822F-2540-4DBF-A956-3E655728E5BC}.XamarinApp|Any CPU.ActiveCfg = XamarinApp|Any CPU
		{0E4C822F-2540-4DBF-A956-3E655728E5BC}.XamarinApp|Any CPU.Build.0 = XamarinApp|Any CPU
		{0E4C822F-2540-4DBF-A956-3E655728E5BC}.XamarinApp|x64.ActiveCfg = XamarinApp|Any CPU
		{0E4C822F-2540-4DBF-A956-3E655728E5BC}.XamarinApp|x64.Build.0 = XamarinApp|Any CPU
		{0E4C822F-2540-4DBF-A956-3E655728E5BC}.XamarinApp|x86.ActiveCfg = XamarinApp|Any CPU
		{0E4C822F-2540-4DBF-A956-3E655728E5BC}.XamarinApp|x86.Build.0 = XamarinApp|Any CPU
		{74F61D18-08E4-4509-8256-B5CE6442DC12}.AndroidDebug|Any CPU.ActiveCfg = Debug|Any CPU
		{74F61D18-08E4-4509-8256-B5CE6442DC12}.AndroidDebug|Any CPU.Build.0 = Debug|Any CPU
		{74F61D18-08E4-4509-8256-B5CE6442DC12}.AndroidDebug|x64.ActiveCfg = Debug|x64
		{74F61D18-08E4-4509-8256-B5CE6442DC12}.AndroidDebug|x64.Build.0 = Debug|x64
		{74F61D18-08E4-4509-8256-B5CE6442DC12}.AndroidDebug|x86.ActiveCfg = Debug|x86
		{74F61D18-08E4-4509-8256-B5CE6442DC12}.AndroidDebug|x86.Build.0 = Debug|x86
		{74F61D18-08E4-4509-8256-B5CE6442DC12}.AndroidRelease|Any CPU.ActiveCfg = Release|Any CPU
		{74F61D18-08E4-4509-8256-B5CE6442DC12}.AndroidRelease|Any CPU.Build.0 = Release|Any CPU
		{74F61D18-08E4-4509-8256-B5CE6442DC12}.AndroidRelease|x64.ActiveCfg = Release|x64
		{74F61D18-08E4-4509-8256-B5CE6442DC12}.AndroidRelease|x64.Build.0 = Release|x64
		{74F61D18-08E4-4509-8256-B5CE6442DC12}.AndroidRelease|x86.ActiveCfg = Release|x86
		{74F61D18-08E4-4509-8256-B5CE6442DC12}.AndroidRelease|x86.Build.0 = Release|x86
		{74F61D18-08E4-4509-8256-B5CE6442DC12}.Debug|Any CPU.ActiveCfg = Debug|Any CPU
		{74F61D18-08E4-4509-8256-B5CE6442DC12}.Debug|Any CPU.Build.0 = Debug|Any CPU
		{74F61D18-08E4-4509-8256-B5CE6442DC12}.Debug|x64.ActiveCfg = Debug|x64
		{74F61D18-08E4-4509-8256-B5CE6442DC12}.Debug|x64.Build.0 = Debug|x64
		{74F61D18-08E4-4509-8256-B5CE6442DC12}.Debug|x86.ActiveCfg = Debug|x86
		{74F61D18-08E4-4509-8256-B5CE6442DC12}.Debug|x86.Build.0 = Debug|x86
		{74F61D18-08E4-4509-8256-B5CE6442DC12}.MobileApp|Any CPU.ActiveCfg = MobileApp|Any CPU
		{74F61D18-08E4-4509-8256-B5CE6442DC12}.MobileApp|Any CPU.Build.0 = MobileApp|Any CPU
		{74F61D18-08E4-4509-8256-B5CE6442DC12}.MobileApp|x64.ActiveCfg = MobileApp|x64
		{74F61D18-08E4-4509-8256-B5CE6442DC12}.MobileApp|x64.Build.0 = MobileApp|x64
		{74F61D18-08E4-4509-8256-B5CE6442DC12}.MobileApp|x86.ActiveCfg = MobileApp|x86
		{74F61D18-08E4-4509-8256-B5CE6442DC12}.MobileApp|x86.Build.0 = MobileApp|x86
		{74F61D18-08E4-4509-8256-B5CE6442DC12}.Release|Any CPU.ActiveCfg = Release|Any CPU
		{74F61D18-08E4-4509-8256-B5CE6442DC12}.Release|Any CPU.Build.0 = Release|Any CPU
		{74F61D18-08E4-4509-8256-B5CE6442DC12}.Release|x64.ActiveCfg = Release|x64
		{74F61D18-08E4-4509-8256-B5CE6442DC12}.Release|x64.Build.0 = Release|x64
		{74F61D18-08E4-4509-8256-B5CE6442DC12}.Release|x86.ActiveCfg = Release|x86
		{74F61D18-08E4-4509-8256-B5CE6442DC12}.Release|x86.Build.0 = Release|x86
		{74F61D18-08E4-4509-8256-B5CE6442DC12}.XamarinApp|Any CPU.ActiveCfg = XamarinApp|Any CPU
		{74F61D18-08E4-4509-8256-B5CE6442DC12}.XamarinApp|Any CPU.Build.0 = XamarinApp|Any CPU
		{74F61D18-08E4-4509-8256-B5CE6442DC12}.XamarinApp|x64.ActiveCfg = XamarinApp|x64
		{74F61D18-08E4-4509-8256-B5CE6442DC12}.XamarinApp|x64.Build.0 = XamarinApp|x64
		{74F61D18-08E4-4509-8256-B5CE6442DC12}.XamarinApp|x86.ActiveCfg = XamarinApp|x86
		{74F61D18-08E4-4509-8256-B5CE6442DC12}.XamarinApp|x86.Build.0 = XamarinApp|x86
		{93D045FB-5A87-4F07-94FF-9754531C2549}.AndroidDebug|Any CPU.ActiveCfg = Debug|Any CPU
		{93D045FB-5A87-4F07-94FF-9754531C2549}.AndroidDebug|Any CPU.Build.0 = Debug|Any CPU
		{93D045FB-5A87-4F07-94FF-9754531C2549}.AndroidDebug|x64.ActiveCfg = Debug|x64
		{93D045FB-5A87-4F07-94FF-9754531C2549}.AndroidDebug|x64.Build.0 = Debug|x64
		{93D045FB-5A87-4F07-94FF-9754531C2549}.AndroidDebug|x86.ActiveCfg = Debug|x86
		{93D045FB-5A87-4F07-94FF-9754531C2549}.AndroidDebug|x86.Build.0 = Debug|x86
		{93D045FB-5A87-4F07-94FF-9754531C2549}.AndroidRelease|Any CPU.ActiveCfg = Release|Any CPU
		{93D045FB-5A87-4F07-94FF-9754531C2549}.AndroidRelease|Any CPU.Build.0 = Release|Any CPU
		{93D045FB-5A87-4F07-94FF-9754531C2549}.AndroidRelease|x64.ActiveCfg = Release|x64
		{93D045FB-5A87-4F07-94FF-9754531C2549}.AndroidRelease|x64.Build.0 = Release|x64
		{93D045FB-5A87-4F07-94FF-9754531C2549}.AndroidRelease|x86.ActiveCfg = Release|x86
		{93D045FB-5A87-4F07-94FF-9754531C2549}.AndroidRelease|x86.Build.0 = Release|x86
		{93D045FB-5A87-4F07-94FF-9754531C2549}.Debug|Any CPU.ActiveCfg = Debug|Any CPU
		{93D045FB-5A87-4F07-94FF-9754531C2549}.Debug|Any CPU.Build.0 = Debug|Any CPU
		{93D045FB-5A87-4F07-94FF-9754531C2549}.Debug|x64.ActiveCfg = Debug|x64
		{93D045FB-5A87-4F07-94FF-9754531C2549}.Debug|x64.Build.0 = Debug|x64
		{93D045FB-5A87-4F07-94FF-9754531C2549}.Debug|x86.ActiveCfg = Debug|x86
		{93D045FB-5A87-4F07-94FF-9754531C2549}.Debug|x86.Build.0 = Debug|x86
		{93D045FB-5A87-4F07-94FF-9754531C2549}.MobileApp|Any CPU.ActiveCfg = MobileApp|Any CPU
		{93D045FB-5A87-4F07-94FF-9754531C2549}.MobileApp|Any CPU.Build.0 = MobileApp|Any CPU
		{93D045FB-5A87-4F07-94FF-9754531C2549}.MobileApp|x64.ActiveCfg = MobileApp|x64
		{93D045FB-5A87-4F07-94FF-9754531C2549}.MobileApp|x64.Build.0 = MobileApp|x64
		{93D045FB-5A87-4F07-94FF-9754531C2549}.MobileApp|x86.ActiveCfg = MobileApp|x86
		{93D045FB-5A87-4F07-94FF-9754531C2549}.MobileApp|x86.Build.0 = MobileApp|x86
		{93D045FB-5A87-4F07-94FF-9754531C2549}.Release|Any CPU.ActiveCfg = Release|Any CPU
		{93D045FB-5A87-4F07-94FF-9754531C2549}.Release|Any CPU.Build.0 = Release|Any CPU
		{93D045FB-5A87-4F07-94FF-9754531C2549}.Release|x64.ActiveCfg = Release|x64
		{93D045FB-5A87-4F07-94FF-9754531C2549}.Release|x64.Build.0 = Release|x64
		{93D045FB-5A87-4F07-94FF-9754531C2549}.Release|x86.ActiveCfg = Release|x86
		{93D045FB-5A87-4F07-94FF-9754531C2549}.Release|x86.Build.0 = Release|x86
		{93D045FB-5A87-4F07-94FF-9754531C2549}.XamarinApp|Any CPU.ActiveCfg = XamarinApp|Any CPU
		{93D045FB-5A87-4F07-94FF-9754531C2549}.XamarinApp|Any CPU.Build.0 = XamarinApp|Any CPU
		{93D045FB-5A87-4F07-94FF-9754531C2549}.XamarinApp|x64.ActiveCfg = XamarinApp|x64
		{93D045FB-5A87-4F07-94FF-9754531C2549}.XamarinApp|x64.Build.0 = XamarinApp|x64
		{93D045FB-5A87-4F07-94FF-9754531C2549}.XamarinApp|x86.ActiveCfg = XamarinApp|x86
		{93D045FB-5A87-4F07-94FF-9754531C2549}.XamarinApp|x86.Build.0 = XamarinApp|x86
		{A3CCF331-CDD9-47CC-AC0E-55B1C80B0531}.AndroidDebug|Any CPU.ActiveCfg = AndroidDebug|Any CPU
		{A3CCF331-CDD9-47CC-AC0E-55B1C80B0531}.AndroidDebug|Any CPU.Build.0 = AndroidDebug|Any CPU
		{A3CCF331-CDD9-47CC-AC0E-55B1C80B0531}.AndroidDebug|x64.ActiveCfg = AndroidDebug|Any CPU
		{A3CCF331-CDD9-47CC-AC0E-55B1C80B0531}.AndroidDebug|x64.Build.0 = AndroidDebug|Any CPU
		{A3CCF331-CDD9-47CC-AC0E-55B1C80B0531}.AndroidDebug|x86.ActiveCfg = AndroidDebug|Any CPU
		{A3CCF331-CDD9-47CC-AC0E-55B1C80B0531}.AndroidDebug|x86.Build.0 = AndroidDebug|Any CPU
		{A3CCF331-CDD9-47CC-AC0E-55B1C80B0531}.AndroidRelease|Any CPU.ActiveCfg = AndroidRelease|Any CPU
		{A3CCF331-CDD9-47CC-AC0E-55B1C80B0531}.AndroidRelease|Any CPU.Build.0 = AndroidRelease|Any CPU
		{A3CCF331-CDD9-47CC-AC0E-55B1C80B0531}.AndroidRelease|x64.ActiveCfg = AndroidRelease|Any CPU
		{A3CCF331-CDD9-47CC-AC0E-55B1C80B0531}.AndroidRelease|x64.Build.0 = AndroidRelease|Any CPU
		{A3CCF331-CDD9-47CC-AC0E-55B1C80B0531}.AndroidRelease|x86.ActiveCfg = AndroidRelease|Any CPU
		{A3CCF331-CDD9-47CC-AC0E-55B1C80B0531}.AndroidRelease|x86.Build.0 = AndroidRelease|Any CPU
		{A3CCF331-CDD9-47CC-AC0E-55B1C80B0531}.Debug|Any CPU.ActiveCfg = Debug|Any CPU
		{A3CCF331-CDD9-47CC-AC0E-55B1C80B0531}.Debug|Any CPU.Build.0 = Debug|Any CPU
		{A3CCF331-CDD9-47CC-AC0E-55B1C80B0531}.Debug|x64.ActiveCfg = Debug|Any CPU
		{A3CCF331-CDD9-47CC-AC0E-55B1C80B0531}.Debug|x64.Build.0 = Debug|Any CPU
		{A3CCF331-CDD9-47CC-AC0E-55B1C80B0531}.Debug|x86.ActiveCfg = Debug|Any CPU
		{A3CCF331-CDD9-47CC-AC0E-55B1C80B0531}.Debug|x86.Build.0 = Debug|Any CPU
		{A3CCF331-CDD9-47CC-AC0E-55B1C80B0531}.MobileApp|Any CPU.ActiveCfg = Release|Any CPU
		{A3CCF331-CDD9-47CC-AC0E-55B1C80B0531}.MobileApp|Any CPU.Build.0 = Release|Any CPU
		{A3CCF331-CDD9-47CC-AC0E-55B1C80B0531}.MobileApp|x64.ActiveCfg = Release|Any CPU
		{A3CCF331-CDD9-47CC-AC0E-55B1C80B0531}.MobileApp|x64.Build.0 = Release|Any CPU
		{A3CCF331-CDD9-47CC-AC0E-55B1C80B0531}.MobileApp|x86.ActiveCfg = Release|Any CPU
		{A3CCF331-CDD9-47CC-AC0E-55B1C80B0531}.MobileApp|x86.Build.0 = Release|Any CPU
		{A3CCF331-CDD9-47CC-AC0E-55B1C80B0531}.Release|Any CPU.ActiveCfg = Release|Any CPU
		{A3CCF331-CDD9-47CC-AC0E-55B1C80B0531}.Release|Any CPU.Build.0 = Release|Any CPU
		{A3CCF331-CDD9-47CC-AC0E-55B1C80B0531}.Release|x64.ActiveCfg = Release|Any CPU
		{A3CCF331-CDD9-47CC-AC0E-55B1C80B0531}.Release|x64.Build.0 = Release|Any CPU
		{A3CCF331-CDD9-47CC-AC0E-55B1C80B0531}.Release|x86.ActiveCfg = Release|Any CPU
		{A3CCF331-CDD9-47CC-AC0E-55B1C80B0531}.Release|x86.Build.0 = Release|Any CPU
		{A3CCF331-CDD9-47CC-AC0E-55B1C80B0531}.XamarinApp|Any CPU.ActiveCfg = Release|Any CPU
		{A3CCF331-CDD9-47CC-AC0E-55B1C80B0531}.XamarinApp|Any CPU.Build.0 = Release|Any CPU
		{A3CCF331-CDD9-47CC-AC0E-55B1C80B0531}.XamarinApp|x64.ActiveCfg = Release|Any CPU
		{A3CCF331-CDD9-47CC-AC0E-55B1C80B0531}.XamarinApp|x64.Build.0 = Release|Any CPU
		{A3CCF331-CDD9-47CC-AC0E-55B1C80B0531}.XamarinApp|x86.ActiveCfg = Release|Any CPU
		{A3CCF331-CDD9-47CC-AC0E-55B1C80B0531}.XamarinApp|x86.Build.0 = Release|Any CPU
		{93676062-4E74-4EDB-AF8F-92A4EDCFBCAB}.AndroidDebug|Any CPU.ActiveCfg = AndroidDebug|Any CPU
		{93676062-4E74-4EDB-AF8F-92A4EDCFBCAB}.AndroidDebug|Any CPU.Build.0 = AndroidDebug|Any CPU
		{93676062-4E74-4EDB-AF8F-92A4EDCFBCAB}.AndroidDebug|x64.ActiveCfg = AndroidDebug|x64
		{93676062-4E74-4EDB-AF8F-92A4EDCFBCAB}.AndroidDebug|x64.Build.0 = AndroidDebug|x64
		{93676062-4E74-4EDB-AF8F-92A4EDCFBCAB}.AndroidDebug|x86.ActiveCfg = AndroidDebug|x86
		{93676062-4E74-4EDB-AF8F-92A4EDCFBCAB}.AndroidDebug|x86.Build.0 = AndroidDebug|x86
		{93676062-4E74-4EDB-AF8F-92A4EDCFBCAB}.AndroidRelease|Any CPU.ActiveCfg = AndroidRelease|Any CPU
		{93676062-4E74-4EDB-AF8F-92A4EDCFBCAB}.AndroidRelease|Any CPU.Build.0 = AndroidRelease|Any CPU
		{93676062-4E74-4EDB-AF8F-92A4EDCFBCAB}.AndroidRelease|x64.ActiveCfg = AndroidRelease|x64
		{93676062-4E74-4EDB-AF8F-92A4EDCFBCAB}.AndroidRelease|x64.Build.0 = AndroidRelease|x64
		{93676062-4E74-4EDB-AF8F-92A4EDCFBCAB}.AndroidRelease|x86.ActiveCfg = AndroidRelease|x86
		{93676062-4E74-4EDB-AF8F-92A4EDCFBCAB}.AndroidRelease|x86.Build.0 = AndroidRelease|x86
		{93676062-4E74-4EDB-AF8F-92A4EDCFBCAB}.Debug|Any CPU.ActiveCfg = Debug|Any CPU
		{93676062-4E74-4EDB-AF8F-92A4EDCFBCAB}.Debug|Any CPU.Build.0 = Debug|Any CPU
		{93676062-4E74-4EDB-AF8F-92A4EDCFBCAB}.Debug|x64.ActiveCfg = Debug|x64
		{93676062-4E74-4EDB-AF8F-92A4EDCFBCAB}.Debug|x64.Build.0 = Debug|x64
		{93676062-4E74-4EDB-AF8F-92A4EDCFBCAB}.Debug|x86.ActiveCfg = Debug|x86
		{93676062-4E74-4EDB-AF8F-92A4EDCFBCAB}.Debug|x86.Build.0 = Debug|x86
		{93676062-4E74-4EDB-AF8F-92A4EDCFBCAB}.MobileApp|Any CPU.ActiveCfg = MobileApp|Any CPU
		{93676062-4E74-4EDB-AF8F-92A4EDCFBCAB}.MobileApp|Any CPU.Build.0 = MobileApp|Any CPU
		{93676062-4E74-4EDB-AF8F-92A4EDCFBCAB}.MobileApp|x64.ActiveCfg = MobileApp|x64
		{93676062-4E74-4EDB-AF8F-92A4EDCFBCAB}.MobileApp|x64.Build.0 = MobileApp|x64
		{93676062-4E74-4EDB-AF8F-92A4EDCFBCAB}.MobileApp|x86.ActiveCfg = MobileApp|x86
		{93676062-4E74-4EDB-AF8F-92A4EDCFBCAB}.MobileApp|x86.Build.0 = MobileApp|x86
		{93676062-4E74-4EDB-AF8F-92A4EDCFBCAB}.Release|Any CPU.ActiveCfg = Release|Any CPU
		{93676062-4E74-4EDB-AF8F-92A4EDCFBCAB}.Release|Any CPU.Build.0 = Release|Any CPU
		{93676062-4E74-4EDB-AF8F-92A4EDCFBCAB}.Release|x64.ActiveCfg = Release|x64
		{93676062-4E74-4EDB-AF8F-92A4EDCFBCAB}.Release|x64.Build.0 = Release|x64
		{93676062-4E74-4EDB-AF8F-92A4EDCFBCAB}.Release|x86.ActiveCfg = Release|x86
		{93676062-4E74-4EDB-AF8F-92A4EDCFBCAB}.Release|x86.Build.0 = Release|x86
		{93676062-4E74-4EDB-AF8F-92A4EDCFBCAB}.XamarinApp|Any CPU.ActiveCfg = XamarinApp|Any CPU
		{93676062-4E74-4EDB-AF8F-92A4EDCFBCAB}.XamarinApp|Any CPU.Build.0 = XamarinApp|Any CPU
		{93676062-4E74-4EDB-AF8F-92A4EDCFBCAB}.XamarinApp|x64.ActiveCfg = XamarinApp|x64
		{93676062-4E74-4EDB-AF8F-92A4EDCFBCAB}.XamarinApp|x64.Build.0 = XamarinApp|x64
		{93676062-4E74-4EDB-AF8F-92A4EDCFBCAB}.XamarinApp|x86.ActiveCfg = XamarinApp|x86
		{93676062-4E74-4EDB-AF8F-92A4EDCFBCAB}.XamarinApp|x86.Build.0 = XamarinApp|x86
		{EE7FD998-1CC1-47C9-AF1B-546675210E5B}.AndroidDebug|Any CPU.ActiveCfg = Debug|Any CPU
		{EE7FD998-1CC1-47C9-AF1B-546675210E5B}.AndroidDebug|Any CPU.Build.0 = Debug|Any CPU
		{EE7FD998-1CC1-47C9-AF1B-546675210E5B}.AndroidDebug|x64.ActiveCfg = Debug|x64
		{EE7FD998-1CC1-47C9-AF1B-546675210E5B}.AndroidDebug|x64.Build.0 = Debug|x64
		{EE7FD998-1CC1-47C9-AF1B-546675210E5B}.AndroidDebug|x86.ActiveCfg = Debug|x86
		{EE7FD998-1CC1-47C9-AF1B-546675210E5B}.AndroidDebug|x86.Build.0 = Debug|x86
		{EE7FD998-1CC1-47C9-AF1B-546675210E5B}.AndroidRelease|Any CPU.ActiveCfg = Release|Any CPU
		{EE7FD998-1CC1-47C9-AF1B-546675210E5B}.AndroidRelease|Any CPU.Build.0 = Release|Any CPU
		{EE7FD998-1CC1-47C9-AF1B-546675210E5B}.AndroidRelease|x64.ActiveCfg = Release|x64
		{EE7FD998-1CC1-47C9-AF1B-546675210E5B}.AndroidRelease|x64.Build.0 = Release|x64
		{EE7FD998-1CC1-47C9-AF1B-546675210E5B}.AndroidRelease|x86.ActiveCfg = Release|x86
		{EE7FD998-1CC1-47C9-AF1B-546675210E5B}.AndroidRelease|x86.Build.0 = Release|x86
		{EE7FD998-1CC1-47C9-AF1B-546675210E5B}.Debug|Any CPU.ActiveCfg = Debug|Any CPU
		{EE7FD998-1CC1-47C9-AF1B-546675210E5B}.Debug|Any CPU.Build.0 = Debug|Any CPU
		{EE7FD998-1CC1-47C9-AF1B-546675210E5B}.Debug|x64.ActiveCfg = Debug|x64
		{EE7FD998-1CC1-47C9-AF1B-546675210E5B}.Debug|x64.Build.0 = Debug|x64
		{EE7FD998-1CC1-47C9-AF1B-546675210E5B}.Debug|x86.ActiveCfg = Debug|x86
		{EE7FD998-1CC1-47C9-AF1B-546675210E5B}.Debug|x86.Build.0 = Debug|x86
		{EE7FD998-1CC1-47C9-AF1B-546675210E5B}.MobileApp|Any CPU.ActiveCfg = MobileApp|Any CPU
		{EE7FD998-1CC1-47C9-AF1B-546675210E5B}.MobileApp|Any CPU.Build.0 = MobileApp|Any CPU
		{EE7FD998-1CC1-47C9-AF1B-546675210E5B}.MobileApp|x64.ActiveCfg = MobileApp|x64
		{EE7FD998-1CC1-47C9-AF1B-546675210E5B}.MobileApp|x64.Build.0 = MobileApp|x64
		{EE7FD998-1CC1-47C9-AF1B-546675210E5B}.MobileApp|x86.ActiveCfg = MobileApp|x86
		{EE7FD998-1CC1-47C9-AF1B-546675210E5B}.MobileApp|x86.Build.0 = MobileApp|x86
		{EE7FD998-1CC1-47C9-AF1B-546675210E5B}.Release|Any CPU.ActiveCfg = Release|Any CPU
		{EE7FD998-1CC1-47C9-AF1B-546675210E5B}.Release|Any CPU.Build.0 = Release|Any CPU
		{EE7FD998-1CC1-47C9-AF1B-546675210E5B}.Release|x64.ActiveCfg = Release|x64
		{EE7FD998-1CC1-47C9-AF1B-546675210E5B}.Release|x64.Build.0 = Release|x64
		{EE7FD998-1CC1-47C9-AF1B-546675210E5B}.Release|x86.ActiveCfg = Release|x86
		{EE7FD998-1CC1-47C9-AF1B-546675210E5B}.Release|x86.Build.0 = Release|x86
		{EE7FD998-1CC1-47C9-AF1B-546675210E5B}.XamarinApp|Any CPU.ActiveCfg = XamarinApp|Any CPU
		{EE7FD998-1CC1-47C9-AF1B-546675210E5B}.XamarinApp|Any CPU.Build.0 = XamarinApp|Any CPU
		{EE7FD998-1CC1-47C9-AF1B-546675210E5B}.XamarinApp|x64.ActiveCfg = XamarinApp|x64
		{EE7FD998-1CC1-47C9-AF1B-546675210E5B}.XamarinApp|x64.Build.0 = XamarinApp|x64
		{EE7FD998-1CC1-47C9-AF1B-546675210E5B}.XamarinApp|x86.ActiveCfg = XamarinApp|x86
		{EE7FD998-1CC1-47C9-AF1B-546675210E5B}.XamarinApp|x86.Build.0 = XamarinApp|x86
		{17D30AAA-2BAD-48EE-ADCA-49D87A8860DC}.AndroidDebug|Any CPU.ActiveCfg = AndroidDebug|Any CPU
		{17D30AAA-2BAD-48EE-ADCA-49D87A8860DC}.AndroidDebug|Any CPU.Build.0 = AndroidDebug|Any CPU
		{17D30AAA-2BAD-48EE-ADCA-49D87A8860DC}.AndroidDebug|x64.ActiveCfg = AndroidDebug|Any CPU
		{17D30AAA-2BAD-48EE-ADCA-49D87A8860DC}.AndroidDebug|x64.Build.0 = AndroidDebug|Any CPU
		{17D30AAA-2BAD-48EE-ADCA-49D87A8860DC}.AndroidDebug|x86.ActiveCfg = AndroidDebug|Any CPU
		{17D30AAA-2BAD-48EE-ADCA-49D87A8860DC}.AndroidDebug|x86.Build.0 = AndroidDebug|Any CPU
		{17D30AAA-2BAD-48EE-ADCA-49D87A8860DC}.AndroidRelease|Any CPU.ActiveCfg = AndroidRelease|Any CPU
		{17D30AAA-2BAD-48EE-ADCA-49D87A8860DC}.AndroidRelease|Any CPU.Build.0 = AndroidRelease|Any CPU
		{17D30AAA-2BAD-48EE-ADCA-49D87A8860DC}.AndroidRelease|x64.ActiveCfg = AndroidRelease|Any CPU
		{17D30AAA-2BAD-48EE-ADCA-49D87A8860DC}.AndroidRelease|x64.Build.0 = AndroidRelease|Any CPU
		{17D30AAA-2BAD-48EE-ADCA-49D87A8860DC}.AndroidRelease|x86.ActiveCfg = AndroidRelease|Any CPU
		{17D30AAA-2BAD-48EE-ADCA-49D87A8860DC}.AndroidRelease|x86.Build.0 = AndroidRelease|Any CPU
		{17D30AAA-2BAD-48EE-ADCA-49D87A8860DC}.Debug|Any CPU.ActiveCfg = Debug|Any CPU
		{17D30AAA-2BAD-48EE-ADCA-49D87A8860DC}.Debug|Any CPU.Build.0 = Debug|Any CPU
		{17D30AAA-2BAD-48EE-ADCA-49D87A8860DC}.Debug|x64.ActiveCfg = Debug|Any CPU
		{17D30AAA-2BAD-48EE-ADCA-49D87A8860DC}.Debug|x64.Build.0 = Debug|Any CPU
		{17D30AAA-2BAD-48EE-ADCA-49D87A8860DC}.Debug|x86.ActiveCfg = Debug|Any CPU
		{17D30AAA-2BAD-48EE-ADCA-49D87A8860DC}.Debug|x86.Build.0 = Debug|Any CPU
		{17D30AAA-2BAD-48EE-ADCA-49D87A8860DC}.MobileApp|Any CPU.ActiveCfg = MobileApp|Any CPU
		{17D30AAA-2BAD-48EE-ADCA-49D87A8860DC}.MobileApp|Any CPU.Build.0 = MobileApp|Any CPU
		{17D30AAA-2BAD-48EE-ADCA-49D87A8860DC}.MobileApp|x64.ActiveCfg = MobileApp|Any CPU
		{17D30AAA-2BAD-48EE-ADCA-49D87A8860DC}.MobileApp|x64.Build.0 = MobileApp|Any CPU
		{17D30AAA-2BAD-48EE-ADCA-49D87A8860DC}.MobileApp|x86.ActiveCfg = MobileApp|Any CPU
		{17D30AAA-2BAD-48EE-ADCA-49D87A8860DC}.MobileApp|x86.Build.0 = MobileApp|Any CPU
		{17D30AAA-2BAD-48EE-ADCA-49D87A8860DC}.Release|Any CPU.ActiveCfg = Release|Any CPU
		{17D30AAA-2BAD-48EE-ADCA-49D87A8860DC}.Release|Any CPU.Build.0 = Release|Any CPU
		{17D30AAA-2BAD-48EE-ADCA-49D87A8860DC}.Release|x64.ActiveCfg = Release|Any CPU
		{17D30AAA-2BAD-48EE-ADCA-49D87A8860DC}.Release|x64.Build.0 = Release|Any CPU
		{17D30AAA-2BAD-48EE-ADCA-49D87A8860DC}.Release|x86.ActiveCfg = Release|Any CPU
		{17D30AAA-2BAD-48EE-ADCA-49D87A8860DC}.Release|x86.Build.0 = Release|Any CPU
		{17D30AAA-2BAD-48EE-ADCA-49D87A8860DC}.XamarinApp|Any CPU.ActiveCfg = XamarinApp|Any CPU
		{17D30AAA-2BAD-48EE-ADCA-49D87A8860DC}.XamarinApp|Any CPU.Build.0 = XamarinApp|Any CPU
		{17D30AAA-2BAD-48EE-ADCA-49D87A8860DC}.XamarinApp|x64.ActiveCfg = XamarinApp|Any CPU
		{17D30AAA-2BAD-48EE-ADCA-49D87A8860DC}.XamarinApp|x64.Build.0 = XamarinApp|Any CPU
		{17D30AAA-2BAD-48EE-ADCA-49D87A8860DC}.XamarinApp|x86.ActiveCfg = XamarinApp|Any CPU
		{17D30AAA-2BAD-48EE-ADCA-49D87A8860DC}.XamarinApp|x86.Build.0 = XamarinApp|Any CPU
		{4C518EC4-1897-47B7-9433-05DB59D9CCE5}.AndroidDebug|Any CPU.ActiveCfg = Debug|Any CPU
		{4C518EC4-1897-47B7-9433-05DB59D9CCE5}.AndroidDebug|Any CPU.Build.0 = Debug|Any CPU
		{4C518EC4-1897-47B7-9433-05DB59D9CCE5}.AndroidDebug|x64.ActiveCfg = Debug|x64
		{4C518EC4-1897-47B7-9433-05DB59D9CCE5}.AndroidDebug|x64.Build.0 = Debug|x64
		{4C518EC4-1897-47B7-9433-05DB59D9CCE5}.AndroidDebug|x86.ActiveCfg = Debug|x86
		{4C518EC4-1897-47B7-9433-05DB59D9CCE5}.AndroidDebug|x86.Build.0 = Debug|x86
		{4C518EC4-1897-47B7-9433-05DB59D9CCE5}.AndroidRelease|Any CPU.ActiveCfg = Release|Any CPU
		{4C518EC4-1897-47B7-9433-05DB59D9CCE5}.AndroidRelease|Any CPU.Build.0 = Release|Any CPU
		{4C518EC4-1897-47B7-9433-05DB59D9CCE5}.AndroidRelease|x64.ActiveCfg = Release|x64
		{4C518EC4-1897-47B7-9433-05DB59D9CCE5}.AndroidRelease|x64.Build.0 = Release|x64
		{4C518EC4-1897-47B7-9433-05DB59D9CCE5}.AndroidRelease|x86.ActiveCfg = Release|x86
		{4C518EC4-1897-47B7-9433-05DB59D9CCE5}.AndroidRelease|x86.Build.0 = Release|x86
		{4C518EC4-1897-47B7-9433-05DB59D9CCE5}.Debug|Any CPU.ActiveCfg = Debug|Any CPU
		{4C518EC4-1897-47B7-9433-05DB59D9CCE5}.Debug|Any CPU.Build.0 = Debug|Any CPU
		{4C518EC4-1897-47B7-9433-05DB59D9CCE5}.Debug|x64.ActiveCfg = Debug|x64
		{4C518EC4-1897-47B7-9433-05DB59D9CCE5}.Debug|x64.Build.0 = Debug|x64
		{4C518EC4-1897-47B7-9433-05DB59D9CCE5}.Debug|x86.ActiveCfg = Debug|x86
		{4C518EC4-1897-47B7-9433-05DB59D9CCE5}.Debug|x86.Build.0 = Debug|x86
		{4C518EC4-1897-47B7-9433-05DB59D9CCE5}.MobileApp|Any CPU.ActiveCfg = MobileApp|Any CPU
		{4C518EC4-1897-47B7-9433-05DB59D9CCE5}.MobileApp|Any CPU.Build.0 = MobileApp|Any CPU
		{4C518EC4-1897-47B7-9433-05DB59D9CCE5}.MobileApp|x64.ActiveCfg = MobileApp|x64
		{4C518EC4-1897-47B7-9433-05DB59D9CCE5}.MobileApp|x64.Build.0 = MobileApp|x64
		{4C518EC4-1897-47B7-9433-05DB59D9CCE5}.MobileApp|x86.ActiveCfg = MobileApp|x86
		{4C518EC4-1897-47B7-9433-05DB59D9CCE5}.MobileApp|x86.Build.0 = MobileApp|x86
		{4C518EC4-1897-47B7-9433-05DB59D9CCE5}.Release|Any CPU.ActiveCfg = Release|Any CPU
		{4C518EC4-1897-47B7-9433-05DB59D9CCE5}.Release|Any CPU.Build.0 = Release|Any CPU
		{4C518EC4-1897-47B7-9433-05DB59D9CCE5}.Release|x64.ActiveCfg = Release|x64
		{4C518EC4-1897-47B7-9433-05DB59D9CCE5}.Release|x64.Build.0 = Release|x64
		{4C518EC4-1897-47B7-9433-05DB59D9CCE5}.Release|x86.ActiveCfg = Release|x86
		{4C518EC4-1897-47B7-9433-05DB59D9CCE5}.Release|x86.Build.0 = Release|x86
		{4C518EC4-1897-47B7-9433-05DB59D9CCE5}.XamarinApp|Any CPU.ActiveCfg = XamarinApp|Any CPU
		{4C518EC4-1897-47B7-9433-05DB59D9CCE5}.XamarinApp|Any CPU.Build.0 = XamarinApp|Any CPU
		{4C518EC4-1897-47B7-9433-05DB59D9CCE5}.XamarinApp|x64.ActiveCfg = XamarinApp|x64
		{4C518EC4-1897-47B7-9433-05DB59D9CCE5}.XamarinApp|x64.Build.0 = XamarinApp|x64
		{4C518EC4-1897-47B7-9433-05DB59D9CCE5}.XamarinApp|x86.ActiveCfg = XamarinApp|x86
		{4C518EC4-1897-47B7-9433-05DB59D9CCE5}.XamarinApp|x86.Build.0 = XamarinApp|x86
	EndGlobalSection
	GlobalSection(SolutionProperties) = preSolution
		HideSolutionNode = FALSE
	EndGlobalSection
	GlobalSection(NestedProjects) = preSolution
		{46B3DAE1-9B04-42B7-90AE-5EA045F81454} = {98DEDB0C-3301-44CD-B63D-4B156158583E}
		{0E4C822F-2540-4DBF-A956-3E655728E5BC} = {98DEDB0C-3301-44CD-B63D-4B156158583E}
		{74F61D18-08E4-4509-8256-B5CE6442DC12} = {98DEDB0C-3301-44CD-B63D-4B156158583E}
		{93D045FB-5A87-4F07-94FF-9754531C2549} = {98DEDB0C-3301-44CD-B63D-4B156158583E}
		{A3CCF331-CDD9-47CC-AC0E-55B1C80B0531} = {98DEDB0C-3301-44CD-B63D-4B156158583E}
		{93676062-4E74-4EDB-AF8F-92A4EDCFBCAB} = {98DEDB0C-3301-44CD-B63D-4B156158583E}
		{EE7FD998-1CC1-47C9-AF1B-546675210E5B} = {98DEDB0C-3301-44CD-B63D-4B156158583E}
		{17D30AAA-2BAD-48EE-ADCA-49D87A8860DC} = {98DEDB0C-3301-44CD-B63D-4B156158583E}
		{4C518EC4-1897-47B7-9433-05DB59D9CCE5} = {98DEDB0C-3301-44CD-B63D-4B156158583E}
	EndGlobalSection
	GlobalSection(ExtensibilityGlobals) = postSolution
		SolutionGuid = {E9A3C1E0-55C5-4033-AF6B-4F533CE970B1}
	EndGlobalSection
EndGlobal
