
Microsoft Visual Studio Solution File, Format Version 12.00
# Visual Studio 15
VisualStudioVersion = 15.0.27004.2009
MinimumVisualStudioVersion = 10.0.40219.1
Project("{2150E333-8FDC-42A3-9474-1A3956D46DE8}") = "Data-Access-Layer", "Data-Access-Layer", "{9D55564F-D3A5-4620-BC9B-565781F9BD09}"
EndProject
Project("{9A19103F-16F7-4668-BE54-9A1E7A4F7556}") = "Agrin.Server.DataBase", "Agrin.Server.DataBase\Agrin.Server.DataBase.csproj", "{C6014AA0-8EA1-4E03-ACAF-D1D29BF140A7}"
EndProject
Global
	GlobalSection(SolutionConfigurationPlatforms) = preSolution
		Debug|Any CPU = Debug|Any CPU
		Release|Any CPU = Release|Any CPU
	EndGlobalSection
	GlobalSection(ProjectConfigurationPlatforms) = postSolution
		{C6014AA0-8EA1-4E03-ACAF-D1D29BF140A7}.Debug|Any CPU.ActiveCfg = Debug|Any CPU
		{C6014AA0-8EA1-4E03-ACAF-D1D29BF140A7}.Debug|Any CPU.Build.0 = Debug|Any CPU
		{C6014AA0-8EA1-4E03-ACAF-D1D29BF140A7}.Release|Any CPU.ActiveCfg = Release|Any CPU
		{C6014AA0-8EA1-4E03-ACAF-D1D29BF140A7}.Release|Any CPU.Build.0 = Release|Any CPU
	EndGlobalSection
	GlobalSection(SolutionProperties) = preSolution
		HideSolutionNode = FALSE
	EndGlobalSection
	GlobalSection(NestedProjects) = preSolution
		{C6014AA0-8EA1-4E03-ACAF-D1D29BF140A7} = {9D55564F-D3A5-4620-BC9B-565781F9BD09}
	EndGlobalSection
	GlobalSection(ExtensibilityGlobals) = postSolution
		SolutionGuid = {9EBC654D-0EA2-442A-AD38-12EAA52B88EE}
	EndGlobalSection
EndGlobal
