
Microsoft Visual Studio Solution File, Format Version 12.00
# Visual Studio 14
VisualStudioVersion = 14.0.25420.1
MinimumVisualStudioVersion = 10.0.40219.1
Project("{FAE04EC0-301F-11D3-BF4B-00C04F79EFBC}") = "FrameSoftWeb", "FrameSoftWeb\FrameSoftWeb.csproj", "{49F8F223-EDEA-4311-AA69-D50E2D450245}"
EndProject
Project("{FAE04EC0-301F-11D3-BF4B-00C04F79EFBC}") = "FrameSoftWeb.Tests", "FrameSoftWeb.Tests\FrameSoftWeb.Tests.csproj", "{B7996FA6-9F16-4EA0-B55B-382EB499B564}"
EndProject
Project("{2150E333-8FDC-42A3-9474-1A3956D46DE8}") = "Library", "Library", "{7E529B87-0589-468E-86D8-CC4A84BE2FFE}"
EndProject
Project("{2150E333-8FDC-42A3-9474-1A3956D46DE8}") = "Portable", "Portable", "{C6E04111-2066-4C85-8761-6DFBBB5D9CD4}"
EndProject
Project("{FAE04EC0-301F-11D3-BF4B-00C04F79EFBC}") = "AmarGiri", "AmarGiri\AmarGiri.csproj", "{CAFF9539-9D29-4F9E-942C-C05D0D16F148}"
EndProject
Project("{2150E333-8FDC-42A3-9474-1A3956D46DE8}") = "Tests", "Tests", "{200C7A56-CC30-4E40-96AA-21CA5A61CA7C}"
EndProject
Project("{FAE04EC0-301F-11D3-BF4B-00C04F79EFBC}") = "LibraryCodeTest", "LibraryCodeTest\LibraryCodeTest.csproj", "{38E79E4E-330C-4D7F-B46B-5FA493B84620}"
EndProject
Project("{FAE04EC0-301F-11D3-BF4B-00C04F79EFBC}") = "FrameSoft.AmarGiri.DataBase", "FrameSoft.AmarGiri.DataBase\FrameSoft.AmarGiri.DataBase.csproj", "{E2F6CC23-2366-45D8-ABE2-43861D7DF3F5}"
EndProject
Project("{FAE04EC0-301F-11D3-BF4B-00C04F79EFBC}") = "ConsoleTest", "ConsoleTest\ConsoleTest.csproj", "{3781EC35-22EF-4A2A-A9A1-11376E759A96}"
EndProject
Project("{FAE04EC0-301F-11D3-BF4B-00C04F79EFBC}") = "FrameSoft.Agrin.DataBase", "FrameSoft.Agrin.DataBase\FrameSoft.Agrin.DataBase.csproj", "{7CBFF213-653B-4FD0-9964-48EB9C4D5780}"
EndProject
Project("{FAE04EC0-301F-11D3-BF4B-00C04F79EFBC}") = "ReplayMessanger", "ReplayMessanger\ReplayMessanger.csproj", "{5FEFED00-EFFF-40B5-913C-F3D32530F621}"
EndProject
Project("{FAE04EC0-301F-11D3-BF4B-00C04F79EFBC}") = "Agrin.Framesoft", "..\Agrin.Full\Agrin.Framesoft\Agrin.Framesoft.csproj", "{A3CCF331-CDD9-47CC-AC0E-55B1C80B0531}"
EndProject
Project("{FAE04EC0-301F-11D3-BF4B-00C04F79EFBC}") = "Agrin.LinkExtractor", "..\Agrin.Full\Agrin.LinkExtractor\Agrin.LinkExtractor.csproj", "{17D30AAA-2BAD-48EE-ADCA-49D87A8860DC}"
EndProject
Project("{FAE04EC0-301F-11D3-BF4B-00C04F79EFBC}") = "AgrinWebUI", "AgrinWebUI\AgrinWebUI.csproj", "{AF6F3E0A-21AA-48CF-9373-275D32B0A34A}"
EndProject
Project("{FAE04EC0-301F-11D3-BF4B-00C04F79EFBC}") = "Framesoft.Services", "FramesoftServices\Framesoft.Services.csproj", "{2BFFA0F4-B36C-4452-A87B-C5B783874804}"
EndProject
Project("{2150E333-8FDC-42A3-9474-1A3956D46DE8}") = "Service-Layer", "Service-Layer", "{20333623-E414-4FA5-9444-58B436FCE6A0}"
EndProject
Project("{FAE04EC0-301F-11D3-BF4B-00C04F79EFBC}") = "Framesoft.WindowsService", "FramesoftWindowsService\Framesoft.WindowsService.csproj", "{0CC93CB7-824C-45E4-BBB1-54839913BB9C}"
EndProject
Project("{2150E333-8FDC-42A3-9474-1A3956D46DE8}") = "SignalGo", "SignalGo", "{869CA861-1EA7-4694-BA8A-4B71D5C9B3E9}"
EndProject
Project("{FAE04EC0-301F-11D3-BF4B-00C04F79EFBC}") = "SignalGo.Shared", "..\..\..\SignalGo\Main\SignalGo\SignalGo.Shared\SignalGo.Shared.csproj", "{78D8601B-E331-47B7-A4A8-46B7460D82A4}"
EndProject
Project("{FAE04EC0-301F-11D3-BF4B-00C04F79EFBC}") = "SignalGo.Client", "..\..\..\SignalGo\Main\SignalGo\SignalGo.Client\SignalGo.Client.csproj", "{DA4F99A9-69E4-48F1-8850-5298F7762AB9}"
EndProject
Project("{FAE04EC0-301F-11D3-BF4B-00C04F79EFBC}") = "SignalGo.Server", "..\..\..\SignalGo\Main\SignalGo\SignalGo.Server\SignalGo.Server.csproj", "{8170E507-F79C-49C4-9EC2-9112C565A98B}"
EndProject
Project("{FAE04EC0-301F-11D3-BF4B-00C04F79EFBC}") = "FramesoftWindowsServer", "FramesoftWindowsServer\FramesoftWindowsServer.csproj", "{0ADF8C2F-8526-4F7B-8670-A9491EEFE757}"
EndProject
Project("{FAE04EC0-301F-11D3-BF4B-00C04F79EFBC}") = "Agrin.IO", "..\Agrin.Full\Agrin.IO\Agrin.IO.csproj", "{EE7FD998-1CC1-47C9-AF1B-546675210E5B}"
EndProject
Project("{FAE04EC0-301F-11D3-BF4B-00C04F79EFBC}") = "Agrin.Log", "..\Agrin.Full\Agrin.Log\Agrin.Log.csproj", "{4C518EC4-1897-47B7-9433-05DB59D9CCE5}"
EndProject
Project("{FAE04EC0-301F-11D3-BF4B-00C04F79EFBC}") = "FramwsoftSignalGoServices", "FramwsoftSignalGoServices\FramwsoftSignalGoServices.csproj", "{465E0483-DCFC-40E9-B302-9482E53241E0}"
EndProject
Global
	GlobalSection(SolutionConfigurationPlatforms) = preSolution
		ClientDebug|Any CPU = ClientDebug|Any CPU
		ClientDebug|x64 = ClientDebug|x64
		ClientDebug|x86 = ClientDebug|x86
		ClientSecurityDebug|Any CPU = ClientSecurityDebug|Any CPU
		ClientSecurityDebug|x64 = ClientSecurityDebug|x64
		ClientSecurityDebug|x86 = ClientSecurityDebug|x86
		Debug|Any CPU = Debug|Any CPU
		Debug|x64 = Debug|x64
		Debug|x86 = Debug|x86
		FrameAppVPS|Any CPU = FrameAppVPS|Any CPU
		FrameAppVPS|x64 = FrameAppVPS|x64
		FrameAppVPS|x86 = FrameAppVPS|x86
		FrameSoftIR|Any CPU = FrameSoftIR|Any CPU
		FrameSoftIR|x64 = FrameSoftIR|x64
		FrameSoftIR|x86 = FrameSoftIR|x86
		Mobile|Any CPU = Mobile|Any CPU
		Mobile|x64 = Mobile|x64
		Mobile|x86 = Mobile|x86
		MobileApp|Any CPU = MobileApp|Any CPU
		MobileApp|x64 = MobileApp|x64
		MobileApp|x86 = MobileApp|x86
		Release|Any CPU = Release|Any CPU
		Release|x64 = Release|x64
		Release|x86 = Release|x86
		SecurityDebug|Any CPU = SecurityDebug|Any CPU
		SecurityDebug|x64 = SecurityDebug|x64
		SecurityDebug|x86 = SecurityDebug|x86
		XamarinApp|Any CPU = XamarinApp|Any CPU
		XamarinApp|x64 = XamarinApp|x64
		XamarinApp|x86 = XamarinApp|x86
	EndGlobalSection
	GlobalSection(ProjectConfigurationPlatforms) = postSolution
		{49F8F223-EDEA-4311-AA69-D50E2D450245}.ClientDebug|Any CPU.ActiveCfg = Debug|Any CPU
		{49F8F223-EDEA-4311-AA69-D50E2D450245}.ClientDebug|Any CPU.Build.0 = Debug|Any CPU
		{49F8F223-EDEA-4311-AA69-D50E2D450245}.ClientDebug|x64.ActiveCfg = Debug|Any CPU
		{49F8F223-EDEA-4311-AA69-D50E2D450245}.ClientDebug|x64.Build.0 = Debug|Any CPU
		{49F8F223-EDEA-4311-AA69-D50E2D450245}.ClientDebug|x86.ActiveCfg = Debug|Any CPU
		{49F8F223-EDEA-4311-AA69-D50E2D450245}.ClientDebug|x86.Build.0 = Debug|Any CPU
		{49F8F223-EDEA-4311-AA69-D50E2D450245}.ClientSecurityDebug|Any CPU.ActiveCfg = Debug|Any CPU
		{49F8F223-EDEA-4311-AA69-D50E2D450245}.ClientSecurityDebug|Any CPU.Build.0 = Debug|Any CPU
		{49F8F223-EDEA-4311-AA69-D50E2D450245}.ClientSecurityDebug|x64.ActiveCfg = Debug|Any CPU
		{49F8F223-EDEA-4311-AA69-D50E2D450245}.ClientSecurityDebug|x64.Build.0 = Debug|Any CPU
		{49F8F223-EDEA-4311-AA69-D50E2D450245}.ClientSecurityDebug|x86.ActiveCfg = Debug|Any CPU
		{49F8F223-EDEA-4311-AA69-D50E2D450245}.ClientSecurityDebug|x86.Build.0 = Debug|Any CPU
		{49F8F223-EDEA-4311-AA69-D50E2D450245}.Debug|Any CPU.ActiveCfg = Debug|Any CPU
		{49F8F223-EDEA-4311-AA69-D50E2D450245}.Debug|Any CPU.Build.0 = Debug|Any CPU
		{49F8F223-EDEA-4311-AA69-D50E2D450245}.Debug|x64.ActiveCfg = Debug|Any CPU
		{49F8F223-EDEA-4311-AA69-D50E2D450245}.Debug|x86.ActiveCfg = Debug|Any CPU
		{49F8F223-EDEA-4311-AA69-D50E2D450245}.FrameAppVPS|Any CPU.ActiveCfg = FrameAppVPS|Any CPU
		{49F8F223-EDEA-4311-AA69-D50E2D450245}.FrameAppVPS|Any CPU.Build.0 = FrameAppVPS|Any CPU
		{49F8F223-EDEA-4311-AA69-D50E2D450245}.FrameAppVPS|x64.ActiveCfg = FrameAppVPS|Any CPU
		{49F8F223-EDEA-4311-AA69-D50E2D450245}.FrameAppVPS|x86.ActiveCfg = FrameAppVPS|Any CPU
		{49F8F223-EDEA-4311-AA69-D50E2D450245}.FrameSoftIR|Any CPU.ActiveCfg = FrameSoftIR|Any CPU
		{49F8F223-EDEA-4311-AA69-D50E2D450245}.FrameSoftIR|Any CPU.Build.0 = FrameSoftIR|Any CPU
		{49F8F223-EDEA-4311-AA69-D50E2D450245}.FrameSoftIR|x64.ActiveCfg = FrameSoftIR|Any CPU
		{49F8F223-EDEA-4311-AA69-D50E2D450245}.FrameSoftIR|x86.ActiveCfg = FrameSoftIR|Any CPU
		{49F8F223-EDEA-4311-AA69-D50E2D450245}.Mobile|Any CPU.ActiveCfg = Release|Any CPU
		{49F8F223-EDEA-4311-AA69-D50E2D450245}.Mobile|Any CPU.Build.0 = Release|Any CPU
		{49F8F223-EDEA-4311-AA69-D50E2D450245}.Mobile|x64.ActiveCfg = Release|Any CPU
		{49F8F223-EDEA-4311-AA69-D50E2D450245}.Mobile|x64.Build.0 = Release|Any CPU
		{49F8F223-EDEA-4311-AA69-D50E2D450245}.Mobile|x86.ActiveCfg = Release|Any CPU
		{49F8F223-EDEA-4311-AA69-D50E2D450245}.Mobile|x86.Build.0 = Release|Any CPU
		{49F8F223-EDEA-4311-AA69-D50E2D450245}.MobileApp|Any CPU.ActiveCfg = FrameSoft.ir|Any CPU
		{49F8F223-EDEA-4311-AA69-D50E2D450245}.MobileApp|Any CPU.Build.0 = FrameSoft.ir|Any CPU
		{49F8F223-EDEA-4311-AA69-D50E2D450245}.MobileApp|x64.ActiveCfg = FrameSoft.ir|Any CPU
		{49F8F223-EDEA-4311-AA69-D50E2D450245}.MobileApp|x86.ActiveCfg = FrameSoft.ir|Any CPU
		{49F8F223-EDEA-4311-AA69-D50E2D450245}.Release|Any CPU.ActiveCfg = Release|Any CPU
		{49F8F223-EDEA-4311-AA69-D50E2D450245}.Release|Any CPU.Build.0 = Release|Any CPU
		{49F8F223-EDEA-4311-AA69-D50E2D450245}.Release|x64.ActiveCfg = Release|Any CPU
		{49F8F223-EDEA-4311-AA69-D50E2D450245}.Release|x86.ActiveCfg = Release|Any CPU
		{49F8F223-EDEA-4311-AA69-D50E2D450245}.SecurityDebug|Any CPU.ActiveCfg = Debug|Any CPU
		{49F8F223-EDEA-4311-AA69-D50E2D450245}.SecurityDebug|Any CPU.Build.0 = Debug|Any CPU
		{49F8F223-EDEA-4311-AA69-D50E2D450245}.SecurityDebug|x64.ActiveCfg = Debug|Any CPU
		{49F8F223-EDEA-4311-AA69-D50E2D450245}.SecurityDebug|x64.Build.0 = Debug|Any CPU
		{49F8F223-EDEA-4311-AA69-D50E2D450245}.SecurityDebug|x86.ActiveCfg = Debug|Any CPU
		{49F8F223-EDEA-4311-AA69-D50E2D450245}.SecurityDebug|x86.Build.0 = Debug|Any CPU
		{49F8F223-EDEA-4311-AA69-D50E2D450245}.XamarinApp|Any CPU.ActiveCfg = FrameSoft.ir|Any CPU
		{49F8F223-EDEA-4311-AA69-D50E2D450245}.XamarinApp|Any CPU.Build.0 = FrameSoft.ir|Any CPU
		{49F8F223-EDEA-4311-AA69-D50E2D450245}.XamarinApp|x64.ActiveCfg = FrameSoft.ir|Any CPU
		{49F8F223-EDEA-4311-AA69-D50E2D450245}.XamarinApp|x86.ActiveCfg = FrameSoft.ir|Any CPU
		{B7996FA6-9F16-4EA0-B55B-382EB499B564}.ClientDebug|Any CPU.ActiveCfg = Debug|Any CPU
		{B7996FA6-9F16-4EA0-B55B-382EB499B564}.ClientDebug|Any CPU.Build.0 = Debug|Any CPU
		{B7996FA6-9F16-4EA0-B55B-382EB499B564}.ClientDebug|x64.ActiveCfg = Debug|Any CPU
		{B7996FA6-9F16-4EA0-B55B-382EB499B564}.ClientDebug|x64.Build.0 = Debug|Any CPU
		{B7996FA6-9F16-4EA0-B55B-382EB499B564}.ClientDebug|x86.ActiveCfg = Debug|Any CPU
		{B7996FA6-9F16-4EA0-B55B-382EB499B564}.ClientDebug|x86.Build.0 = Debug|Any CPU
		{B7996FA6-9F16-4EA0-B55B-382EB499B564}.ClientSecurityDebug|Any CPU.ActiveCfg = Debug|Any CPU
		{B7996FA6-9F16-4EA0-B55B-382EB499B564}.ClientSecurityDebug|Any CPU.Build.0 = Debug|Any CPU
		{B7996FA6-9F16-4EA0-B55B-382EB499B564}.ClientSecurityDebug|x64.ActiveCfg = Debug|Any CPU
		{B7996FA6-9F16-4EA0-B55B-382EB499B564}.ClientSecurityDebug|x64.Build.0 = Debug|Any CPU
		{B7996FA6-9F16-4EA0-B55B-382EB499B564}.ClientSecurityDebug|x86.ActiveCfg = Debug|Any CPU
		{B7996FA6-9F16-4EA0-B55B-382EB499B564}.ClientSecurityDebug|x86.Build.0 = Debug|Any CPU
		{B7996FA6-9F16-4EA0-B55B-382EB499B564}.Debug|Any CPU.ActiveCfg = Debug|Any CPU
		{B7996FA6-9F16-4EA0-B55B-382EB499B564}.Debug|Any CPU.Build.0 = Debug|Any CPU
		{B7996FA6-9F16-4EA0-B55B-382EB499B564}.Debug|x64.ActiveCfg = Debug|Any CPU
		{B7996FA6-9F16-4EA0-B55B-382EB499B564}.Debug|x86.ActiveCfg = Debug|Any CPU
		{B7996FA6-9F16-4EA0-B55B-382EB499B564}.FrameAppVPS|Any CPU.ActiveCfg = FrameAppVPS|Any CPU
		{B7996FA6-9F16-4EA0-B55B-382EB499B564}.FrameAppVPS|Any CPU.Build.0 = FrameAppVPS|Any CPU
		{B7996FA6-9F16-4EA0-B55B-382EB499B564}.FrameAppVPS|x64.ActiveCfg = FrameAppVPS|Any CPU
		{B7996FA6-9F16-4EA0-B55B-382EB499B564}.FrameAppVPS|x86.ActiveCfg = FrameAppVPS|Any CPU
		{B7996FA6-9F16-4EA0-B55B-382EB499B564}.FrameSoftIR|Any CPU.ActiveCfg = FrameSoftIR|Any CPU
		{B7996FA6-9F16-4EA0-B55B-382EB499B564}.FrameSoftIR|Any CPU.Build.0 = FrameSoftIR|Any CPU
		{B7996FA6-9F16-4EA0-B55B-382EB499B564}.FrameSoftIR|x64.ActiveCfg = FrameSoftIR|Any CPU
		{B7996FA6-9F16-4EA0-B55B-382EB499B564}.FrameSoftIR|x86.ActiveCfg = FrameSoftIR|Any CPU
		{B7996FA6-9F16-4EA0-B55B-382EB499B564}.Mobile|Any CPU.ActiveCfg = Release|Any CPU
		{B7996FA6-9F16-4EA0-B55B-382EB499B564}.Mobile|Any CPU.Build.0 = Release|Any CPU
		{B7996FA6-9F16-4EA0-B55B-382EB499B564}.Mobile|x64.ActiveCfg = Release|Any CPU
		{B7996FA6-9F16-4EA0-B55B-382EB499B564}.Mobile|x64.Build.0 = Release|Any CPU
		{B7996FA6-9F16-4EA0-B55B-382EB499B564}.Mobile|x86.ActiveCfg = Release|Any CPU
		{B7996FA6-9F16-4EA0-B55B-382EB499B564}.Mobile|x86.Build.0 = Release|Any CPU
		{B7996FA6-9F16-4EA0-B55B-382EB499B564}.MobileApp|Any CPU.ActiveCfg = FrameSoft.ir|Any CPU
		{B7996FA6-9F16-4EA0-B55B-382EB499B564}.MobileApp|Any CPU.Build.0 = FrameSoft.ir|Any CPU
		{B7996FA6-9F16-4EA0-B55B-382EB499B564}.MobileApp|x64.ActiveCfg = FrameSoft.ir|Any CPU
		{B7996FA6-9F16-4EA0-B55B-382EB499B564}.MobileApp|x86.ActiveCfg = FrameSoft.ir|Any CPU
		{B7996FA6-9F16-4EA0-B55B-382EB499B564}.Release|Any CPU.ActiveCfg = Release|Any CPU
		{B7996FA6-9F16-4EA0-B55B-382EB499B564}.Release|Any CPU.Build.0 = Release|Any CPU
		{B7996FA6-9F16-4EA0-B55B-382EB499B564}.Release|x64.ActiveCfg = Release|Any CPU
		{B7996FA6-9F16-4EA0-B55B-382EB499B564}.Release|x86.ActiveCfg = Release|Any CPU
		{B7996FA6-9F16-4EA0-B55B-382EB499B564}.SecurityDebug|Any CPU.ActiveCfg = Debug|Any CPU
		{B7996FA6-9F16-4EA0-B55B-382EB499B564}.SecurityDebug|Any CPU.Build.0 = Debug|Any CPU
		{B7996FA6-9F16-4EA0-B55B-382EB499B564}.SecurityDebug|x64.ActiveCfg = Debug|Any CPU
		{B7996FA6-9F16-4EA0-B55B-382EB499B564}.SecurityDebug|x64.Build.0 = Debug|Any CPU
		{B7996FA6-9F16-4EA0-B55B-382EB499B564}.SecurityDebug|x86.ActiveCfg = Debug|Any CPU
		{B7996FA6-9F16-4EA0-B55B-382EB499B564}.SecurityDebug|x86.Build.0 = Debug|Any CPU
		{B7996FA6-9F16-4EA0-B55B-382EB499B564}.XamarinApp|Any CPU.ActiveCfg = FrameSoft.ir|Any CPU
		{B7996FA6-9F16-4EA0-B55B-382EB499B564}.XamarinApp|Any CPU.Build.0 = FrameSoft.ir|Any CPU
		{B7996FA6-9F16-4EA0-B55B-382EB499B564}.XamarinApp|x64.ActiveCfg = FrameSoft.ir|Any CPU
		{B7996FA6-9F16-4EA0-B55B-382EB499B564}.XamarinApp|x86.ActiveCfg = FrameSoft.ir|Any CPU
		{CAFF9539-9D29-4F9E-942C-C05D0D16F148}.ClientDebug|Any CPU.ActiveCfg = Debug|Any CPU
		{CAFF9539-9D29-4F9E-942C-C05D0D16F148}.ClientDebug|x64.ActiveCfg = Debug|Any CPU
		{CAFF9539-9D29-4F9E-942C-C05D0D16F148}.ClientDebug|x86.ActiveCfg = Debug|Any CPU
		{CAFF9539-9D29-4F9E-942C-C05D0D16F148}.ClientSecurityDebug|Any CPU.ActiveCfg = Debug|Any CPU
		{CAFF9539-9D29-4F9E-942C-C05D0D16F148}.ClientSecurityDebug|x64.ActiveCfg = Debug|Any CPU
		{CAFF9539-9D29-4F9E-942C-C05D0D16F148}.ClientSecurityDebug|x86.ActiveCfg = Debug|Any CPU
		{CAFF9539-9D29-4F9E-942C-C05D0D16F148}.Debug|Any CPU.ActiveCfg = Debug|Any CPU
		{CAFF9539-9D29-4F9E-942C-C05D0D16F148}.Debug|Any CPU.Build.0 = Debug|Any CPU
		{CAFF9539-9D29-4F9E-942C-C05D0D16F148}.Debug|x64.ActiveCfg = Debug|Any CPU
		{CAFF9539-9D29-4F9E-942C-C05D0D16F148}.Debug|x86.ActiveCfg = Debug|Any CPU
		{CAFF9539-9D29-4F9E-942C-C05D0D16F148}.FrameAppVPS|Any CPU.ActiveCfg = Release|Any CPU
		{CAFF9539-9D29-4F9E-942C-C05D0D16F148}.FrameAppVPS|x64.ActiveCfg = Release|Any CPU
		{CAFF9539-9D29-4F9E-942C-C05D0D16F148}.FrameAppVPS|x86.ActiveCfg = Release|Any CPU
		{CAFF9539-9D29-4F9E-942C-C05D0D16F148}.FrameSoftIR|Any CPU.ActiveCfg = Release|Any CPU
		{CAFF9539-9D29-4F9E-942C-C05D0D16F148}.FrameSoftIR|x64.ActiveCfg = Release|Any CPU
		{CAFF9539-9D29-4F9E-942C-C05D0D16F148}.FrameSoftIR|x86.ActiveCfg = Release|Any CPU
		{CAFF9539-9D29-4F9E-942C-C05D0D16F148}.Mobile|Any CPU.ActiveCfg = Release|Any CPU
		{CAFF9539-9D29-4F9E-942C-C05D0D16F148}.Mobile|x64.ActiveCfg = Release|Any CPU
		{CAFF9539-9D29-4F9E-942C-C05D0D16F148}.Mobile|x86.ActiveCfg = Release|Any CPU
		{CAFF9539-9D29-4F9E-942C-C05D0D16F148}.MobileApp|Any CPU.ActiveCfg = Release|Any CPU
		{CAFF9539-9D29-4F9E-942C-C05D0D16F148}.MobileApp|x64.ActiveCfg = Release|Any CPU
		{CAFF9539-9D29-4F9E-942C-C05D0D16F148}.MobileApp|x86.ActiveCfg = Release|Any CPU
		{CAFF9539-9D29-4F9E-942C-C05D0D16F148}.Release|Any CPU.ActiveCfg = Release|Any CPU
		{CAFF9539-9D29-4F9E-942C-C05D0D16F148}.Release|x64.ActiveCfg = Release|Any CPU
		{CAFF9539-9D29-4F9E-942C-C05D0D16F148}.Release|x86.ActiveCfg = Release|Any CPU
		{CAFF9539-9D29-4F9E-942C-C05D0D16F148}.SecurityDebug|Any CPU.ActiveCfg = Debug|Any CPU
		{CAFF9539-9D29-4F9E-942C-C05D0D16F148}.SecurityDebug|x64.ActiveCfg = Debug|Any CPU
		{CAFF9539-9D29-4F9E-942C-C05D0D16F148}.SecurityDebug|x86.ActiveCfg = Debug|Any CPU
		{CAFF9539-9D29-4F9E-942C-C05D0D16F148}.XamarinApp|Any CPU.ActiveCfg = Release|Any CPU
		{CAFF9539-9D29-4F9E-942C-C05D0D16F148}.XamarinApp|x64.ActiveCfg = Release|Any CPU
		{CAFF9539-9D29-4F9E-942C-C05D0D16F148}.XamarinApp|x86.ActiveCfg = Release|Any CPU
		{38E79E4E-330C-4D7F-B46B-5FA493B84620}.ClientDebug|Any CPU.ActiveCfg = Debug|Any CPU
		{38E79E4E-330C-4D7F-B46B-5FA493B84620}.ClientDebug|Any CPU.Build.0 = Debug|Any CPU
		{38E79E4E-330C-4D7F-B46B-5FA493B84620}.ClientDebug|x64.ActiveCfg = Debug|Any CPU
		{38E79E4E-330C-4D7F-B46B-5FA493B84620}.ClientDebug|x64.Build.0 = Debug|Any CPU
		{38E79E4E-330C-4D7F-B46B-5FA493B84620}.ClientDebug|x86.ActiveCfg = Debug|Any CPU
		{38E79E4E-330C-4D7F-B46B-5FA493B84620}.ClientDebug|x86.Build.0 = Debug|Any CPU
		{38E79E4E-330C-4D7F-B46B-5FA493B84620}.ClientSecurityDebug|Any CPU.ActiveCfg = Debug|Any CPU
		{38E79E4E-330C-4D7F-B46B-5FA493B84620}.ClientSecurityDebug|Any CPU.Build.0 = Debug|Any CPU
		{38E79E4E-330C-4D7F-B46B-5FA493B84620}.ClientSecurityDebug|x64.ActiveCfg = Debug|Any CPU
		{38E79E4E-330C-4D7F-B46B-5FA493B84620}.ClientSecurityDebug|x64.Build.0 = Debug|Any CPU
		{38E79E4E-330C-4D7F-B46B-5FA493B84620}.ClientSecurityDebug|x86.ActiveCfg = Debug|Any CPU
		{38E79E4E-330C-4D7F-B46B-5FA493B84620}.ClientSecurityDebug|x86.Build.0 = Debug|Any CPU
		{38E79E4E-330C-4D7F-B46B-5FA493B84620}.Debug|Any CPU.ActiveCfg = Debug|Any CPU
		{38E79E4E-330C-4D7F-B46B-5FA493B84620}.Debug|Any CPU.Build.0 = Debug|Any CPU
		{38E79E4E-330C-4D7F-B46B-5FA493B84620}.Debug|x64.ActiveCfg = Debug|Any CPU
		{38E79E4E-330C-4D7F-B46B-5FA493B84620}.Debug|x86.ActiveCfg = Debug|Any CPU
		{38E79E4E-330C-4D7F-B46B-5FA493B84620}.FrameAppVPS|Any CPU.ActiveCfg = FrameAppVPS|Any CPU
		{38E79E4E-330C-4D7F-B46B-5FA493B84620}.FrameAppVPS|Any CPU.Build.0 = FrameAppVPS|Any CPU
		{38E79E4E-330C-4D7F-B46B-5FA493B84620}.FrameAppVPS|x64.ActiveCfg = FrameAppVPS|Any CPU
		{38E79E4E-330C-4D7F-B46B-5FA493B84620}.FrameAppVPS|x86.ActiveCfg = FrameAppVPS|Any CPU
		{38E79E4E-330C-4D7F-B46B-5FA493B84620}.FrameSoftIR|Any CPU.ActiveCfg = FrameSoftIR|Any CPU
		{38E79E4E-330C-4D7F-B46B-5FA493B84620}.FrameSoftIR|Any CPU.Build.0 = FrameSoftIR|Any CPU
		{38E79E4E-330C-4D7F-B46B-5FA493B84620}.FrameSoftIR|x64.ActiveCfg = FrameSoftIR|Any CPU
		{38E79E4E-330C-4D7F-B46B-5FA493B84620}.FrameSoftIR|x86.ActiveCfg = FrameSoftIR|Any CPU
		{38E79E4E-330C-4D7F-B46B-5FA493B84620}.Mobile|Any CPU.ActiveCfg = Release|Any CPU
		{38E79E4E-330C-4D7F-B46B-5FA493B84620}.Mobile|Any CPU.Build.0 = Release|Any CPU
		{38E79E4E-330C-4D7F-B46B-5FA493B84620}.Mobile|x64.ActiveCfg = Release|Any CPU
		{38E79E4E-330C-4D7F-B46B-5FA493B84620}.Mobile|x64.Build.0 = Release|Any CPU
		{38E79E4E-330C-4D7F-B46B-5FA493B84620}.Mobile|x86.ActiveCfg = Release|Any CPU
		{38E79E4E-330C-4D7F-B46B-5FA493B84620}.Mobile|x86.Build.0 = Release|Any CPU
		{38E79E4E-330C-4D7F-B46B-5FA493B84620}.MobileApp|Any CPU.ActiveCfg = FrameSoft.ir|Any CPU
		{38E79E4E-330C-4D7F-B46B-5FA493B84620}.MobileApp|Any CPU.Build.0 = FrameSoft.ir|Any CPU
		{38E79E4E-330C-4D7F-B46B-5FA493B84620}.MobileApp|x64.ActiveCfg = FrameSoft.ir|Any CPU
		{38E79E4E-330C-4D7F-B46B-5FA493B84620}.MobileApp|x86.ActiveCfg = FrameSoft.ir|Any CPU
		{38E79E4E-330C-4D7F-B46B-5FA493B84620}.Release|Any CPU.ActiveCfg = Release|Any CPU
		{38E79E4E-330C-4D7F-B46B-5FA493B84620}.Release|Any CPU.Build.0 = Release|Any CPU
		{38E79E4E-330C-4D7F-B46B-5FA493B84620}.Release|x64.ActiveCfg = Release|Any CPU
		{38E79E4E-330C-4D7F-B46B-5FA493B84620}.Release|x86.ActiveCfg = Release|Any CPU
		{38E79E4E-330C-4D7F-B46B-5FA493B84620}.SecurityDebug|Any CPU.ActiveCfg = Debug|Any CPU
		{38E79E4E-330C-4D7F-B46B-5FA493B84620}.SecurityDebug|Any CPU.Build.0 = Debug|Any CPU
		{38E79E4E-330C-4D7F-B46B-5FA493B84620}.SecurityDebug|x64.ActiveCfg = Debug|Any CPU
		{38E79E4E-330C-4D7F-B46B-5FA493B84620}.SecurityDebug|x64.Build.0 = Debug|Any CPU
		{38E79E4E-330C-4D7F-B46B-5FA493B84620}.SecurityDebug|x86.ActiveCfg = Debug|Any CPU
		{38E79E4E-330C-4D7F-B46B-5FA493B84620}.SecurityDebug|x86.Build.0 = Debug|Any CPU
		{38E79E4E-330C-4D7F-B46B-5FA493B84620}.XamarinApp|Any CPU.ActiveCfg = FrameSoft.ir|Any CPU
		{38E79E4E-330C-4D7F-B46B-5FA493B84620}.XamarinApp|Any CPU.Build.0 = FrameSoft.ir|Any CPU
		{38E79E4E-330C-4D7F-B46B-5FA493B84620}.XamarinApp|x64.ActiveCfg = FrameSoft.ir|Any CPU
		{38E79E4E-330C-4D7F-B46B-5FA493B84620}.XamarinApp|x86.ActiveCfg = FrameSoft.ir|Any CPU
		{E2F6CC23-2366-45D8-ABE2-43861D7DF3F5}.ClientDebug|Any CPU.ActiveCfg = Debug|Any CPU
		{E2F6CC23-2366-45D8-ABE2-43861D7DF3F5}.ClientDebug|Any CPU.Build.0 = Debug|Any CPU
		{E2F6CC23-2366-45D8-ABE2-43861D7DF3F5}.ClientDebug|x64.ActiveCfg = Debug|Any CPU
		{E2F6CC23-2366-45D8-ABE2-43861D7DF3F5}.ClientDebug|x64.Build.0 = Debug|Any CPU
		{E2F6CC23-2366-45D8-ABE2-43861D7DF3F5}.ClientDebug|x86.ActiveCfg = Debug|Any CPU
		{E2F6CC23-2366-45D8-ABE2-43861D7DF3F5}.ClientDebug|x86.Build.0 = Debug|Any CPU
		{E2F6CC23-2366-45D8-ABE2-43861D7DF3F5}.ClientSecurityDebug|Any CPU.ActiveCfg = Debug|Any CPU
		{E2F6CC23-2366-45D8-ABE2-43861D7DF3F5}.ClientSecurityDebug|Any CPU.Build.0 = Debug|Any CPU
		{E2F6CC23-2366-45D8-ABE2-43861D7DF3F5}.ClientSecurityDebug|x64.ActiveCfg = Debug|Any CPU
		{E2F6CC23-2366-45D8-ABE2-43861D7DF3F5}.ClientSecurityDebug|x64.Build.0 = Debug|Any CPU
		{E2F6CC23-2366-45D8-ABE2-43861D7DF3F5}.ClientSecurityDebug|x86.ActiveCfg = Debug|Any CPU
		{E2F6CC23-2366-45D8-ABE2-43861D7DF3F5}.ClientSecurityDebug|x86.Build.0 = Debug|Any CPU
		{E2F6CC23-2366-45D8-ABE2-43861D7DF3F5}.Debug|Any CPU.ActiveCfg = Debug|Any CPU
		{E2F6CC23-2366-45D8-ABE2-43861D7DF3F5}.Debug|Any CPU.Build.0 = Debug|Any CPU
		{E2F6CC23-2366-45D8-ABE2-43861D7DF3F5}.Debug|x64.ActiveCfg = Debug|Any CPU
		{E2F6CC23-2366-45D8-ABE2-43861D7DF3F5}.Debug|x86.ActiveCfg = Debug|Any CPU
		{E2F6CC23-2366-45D8-ABE2-43861D7DF3F5}.FrameAppVPS|Any CPU.ActiveCfg = FrameAppVPS|Any CPU
		{E2F6CC23-2366-45D8-ABE2-43861D7DF3F5}.FrameAppVPS|Any CPU.Build.0 = FrameAppVPS|Any CPU
		{E2F6CC23-2366-45D8-ABE2-43861D7DF3F5}.FrameAppVPS|x64.ActiveCfg = FrameAppVPS|Any CPU
		{E2F6CC23-2366-45D8-ABE2-43861D7DF3F5}.FrameAppVPS|x86.ActiveCfg = FrameAppVPS|Any CPU
		{E2F6CC23-2366-45D8-ABE2-43861D7DF3F5}.FrameSoftIR|Any CPU.ActiveCfg = FrameSoftIR|Any CPU
		{E2F6CC23-2366-45D8-ABE2-43861D7DF3F5}.FrameSoftIR|Any CPU.Build.0 = FrameSoftIR|Any CPU
		{E2F6CC23-2366-45D8-ABE2-43861D7DF3F5}.FrameSoftIR|x64.ActiveCfg = FrameSoftIR|Any CPU
		{E2F6CC23-2366-45D8-ABE2-43861D7DF3F5}.FrameSoftIR|x86.ActiveCfg = FrameSoftIR|Any CPU
		{E2F6CC23-2366-45D8-ABE2-43861D7DF3F5}.Mobile|Any CPU.ActiveCfg = Release|Any CPU
		{E2F6CC23-2366-45D8-ABE2-43861D7DF3F5}.Mobile|Any CPU.Build.0 = Release|Any CPU
		{E2F6CC23-2366-45D8-ABE2-43861D7DF3F5}.Mobile|x64.ActiveCfg = Release|Any CPU
		{E2F6CC23-2366-45D8-ABE2-43861D7DF3F5}.Mobile|x64.Build.0 = Release|Any CPU
		{E2F6CC23-2366-45D8-ABE2-43861D7DF3F5}.Mobile|x86.ActiveCfg = Release|Any CPU
		{E2F6CC23-2366-45D8-ABE2-43861D7DF3F5}.Mobile|x86.Build.0 = Release|Any CPU
		{E2F6CC23-2366-45D8-ABE2-43861D7DF3F5}.MobileApp|Any CPU.ActiveCfg = FrameSoft.ir|Any CPU
		{E2F6CC23-2366-45D8-ABE2-43861D7DF3F5}.MobileApp|Any CPU.Build.0 = FrameSoft.ir|Any CPU
		{E2F6CC23-2366-45D8-ABE2-43861D7DF3F5}.MobileApp|x64.ActiveCfg = FrameSoft.ir|Any CPU
		{E2F6CC23-2366-45D8-ABE2-43861D7DF3F5}.MobileApp|x86.ActiveCfg = FrameSoft.ir|Any CPU
		{E2F6CC23-2366-45D8-ABE2-43861D7DF3F5}.Release|Any CPU.ActiveCfg = Release|Any CPU
		{E2F6CC23-2366-45D8-ABE2-43861D7DF3F5}.Release|Any CPU.Build.0 = Release|Any CPU
		{E2F6CC23-2366-45D8-ABE2-43861D7DF3F5}.Release|x64.ActiveCfg = Release|Any CPU
		{E2F6CC23-2366-45D8-ABE2-43861D7DF3F5}.Release|x86.ActiveCfg = Release|Any CPU
		{E2F6CC23-2366-45D8-ABE2-43861D7DF3F5}.SecurityDebug|Any CPU.ActiveCfg = Debug|Any CPU
		{E2F6CC23-2366-45D8-ABE2-43861D7DF3F5}.SecurityDebug|Any CPU.Build.0 = Debug|Any CPU
		{E2F6CC23-2366-45D8-ABE2-43861D7DF3F5}.SecurityDebug|x64.ActiveCfg = Debug|Any CPU
		{E2F6CC23-2366-45D8-ABE2-43861D7DF3F5}.SecurityDebug|x64.Build.0 = Debug|Any CPU
		{E2F6CC23-2366-45D8-ABE2-43861D7DF3F5}.SecurityDebug|x86.ActiveCfg = Debug|Any CPU
		{E2F6CC23-2366-45D8-ABE2-43861D7DF3F5}.SecurityDebug|x86.Build.0 = Debug|Any CPU
		{E2F6CC23-2366-45D8-ABE2-43861D7DF3F5}.XamarinApp|Any CPU.ActiveCfg = FrameSoft.ir|Any CPU
		{E2F6CC23-2366-45D8-ABE2-43861D7DF3F5}.XamarinApp|Any CPU.Build.0 = FrameSoft.ir|Any CPU
		{E2F6CC23-2366-45D8-ABE2-43861D7DF3F5}.XamarinApp|x64.ActiveCfg = FrameSoft.ir|Any CPU
		{E2F6CC23-2366-45D8-ABE2-43861D7DF3F5}.XamarinApp|x86.ActiveCfg = FrameSoft.ir|Any CPU
		{3781EC35-22EF-4A2A-A9A1-11376E759A96}.ClientDebug|Any CPU.ActiveCfg = Debug|Any CPU
		{3781EC35-22EF-4A2A-A9A1-11376E759A96}.ClientDebug|Any CPU.Build.0 = Debug|Any CPU
		{3781EC35-22EF-4A2A-A9A1-11376E759A96}.ClientDebug|x64.ActiveCfg = Debug|Any CPU
		{3781EC35-22EF-4A2A-A9A1-11376E759A96}.ClientDebug|x64.Build.0 = Debug|Any CPU
		{3781EC35-22EF-4A2A-A9A1-11376E759A96}.ClientDebug|x86.ActiveCfg = Debug|Any CPU
		{3781EC35-22EF-4A2A-A9A1-11376E759A96}.ClientDebug|x86.Build.0 = Debug|Any CPU
		{3781EC35-22EF-4A2A-A9A1-11376E759A96}.ClientSecurityDebug|Any CPU.ActiveCfg = Debug|Any CPU
		{3781EC35-22EF-4A2A-A9A1-11376E759A96}.ClientSecurityDebug|Any CPU.Build.0 = Debug|Any CPU
		{3781EC35-22EF-4A2A-A9A1-11376E759A96}.ClientSecurityDebug|x64.ActiveCfg = Debug|Any CPU
		{3781EC35-22EF-4A2A-A9A1-11376E759A96}.ClientSecurityDebug|x64.Build.0 = Debug|Any CPU
		{3781EC35-22EF-4A2A-A9A1-11376E759A96}.ClientSecurityDebug|x86.ActiveCfg = Debug|Any CPU
		{3781EC35-22EF-4A2A-A9A1-11376E759A96}.ClientSecurityDebug|x86.Build.0 = Debug|Any CPU
		{3781EC35-22EF-4A2A-A9A1-11376E759A96}.Debug|Any CPU.ActiveCfg = Debug|Any CPU
		{3781EC35-22EF-4A2A-A9A1-11376E759A96}.Debug|Any CPU.Build.0 = Debug|Any CPU
		{3781EC35-22EF-4A2A-A9A1-11376E759A96}.Debug|x64.ActiveCfg = Debug|Any CPU
		{3781EC35-22EF-4A2A-A9A1-11376E759A96}.Debug|x86.ActiveCfg = Debug|Any CPU
		{3781EC35-22EF-4A2A-A9A1-11376E759A96}.FrameAppVPS|Any CPU.ActiveCfg = FrameAppVPS|Any CPU
		{3781EC35-22EF-4A2A-A9A1-11376E759A96}.FrameAppVPS|Any CPU.Build.0 = FrameAppVPS|Any CPU
		{3781EC35-22EF-4A2A-A9A1-11376E759A96}.FrameAppVPS|x64.ActiveCfg = FrameAppVPS|Any CPU
		{3781EC35-22EF-4A2A-A9A1-11376E759A96}.FrameAppVPS|x86.ActiveCfg = FrameAppVPS|Any CPU
		{3781EC35-22EF-4A2A-A9A1-11376E759A96}.FrameSoftIR|Any CPU.ActiveCfg = FrameSoftIR|Any CPU
		{3781EC35-22EF-4A2A-A9A1-11376E759A96}.FrameSoftIR|Any CPU.Build.0 = FrameSoftIR|Any CPU
		{3781EC35-22EF-4A2A-A9A1-11376E759A96}.FrameSoftIR|x64.ActiveCfg = FrameSoftIR|Any CPU
		{3781EC35-22EF-4A2A-A9A1-11376E759A96}.FrameSoftIR|x86.ActiveCfg = FrameSoftIR|Any CPU
		{3781EC35-22EF-4A2A-A9A1-11376E759A96}.Mobile|Any CPU.ActiveCfg = Release|Any CPU
		{3781EC35-22EF-4A2A-A9A1-11376E759A96}.Mobile|Any CPU.Build.0 = Release|Any CPU
		{3781EC35-22EF-4A2A-A9A1-11376E759A96}.Mobile|x64.ActiveCfg = Release|Any CPU
		{3781EC35-22EF-4A2A-A9A1-11376E759A96}.Mobile|x64.Build.0 = Release|Any CPU
		{3781EC35-22EF-4A2A-A9A1-11376E759A96}.Mobile|x86.ActiveCfg = Release|Any CPU
		{3781EC35-22EF-4A2A-A9A1-11376E759A96}.Mobile|x86.Build.0 = Release|Any CPU
		{3781EC35-22EF-4A2A-A9A1-11376E759A96}.MobileApp|Any CPU.ActiveCfg = FrameSoft.ir|Any CPU
		{3781EC35-22EF-4A2A-A9A1-11376E759A96}.MobileApp|Any CPU.Build.0 = FrameSoft.ir|Any CPU
		{3781EC35-22EF-4A2A-A9A1-11376E759A96}.MobileApp|x64.ActiveCfg = FrameSoft.ir|Any CPU
		{3781EC35-22EF-4A2A-A9A1-11376E759A96}.MobileApp|x86.ActiveCfg = FrameSoft.ir|Any CPU
		{3781EC35-22EF-4A2A-A9A1-11376E759A96}.Release|Any CPU.ActiveCfg = Release|Any CPU
		{3781EC35-22EF-4A2A-A9A1-11376E759A96}.Release|Any CPU.Build.0 = Release|Any CPU
		{3781EC35-22EF-4A2A-A9A1-11376E759A96}.Release|x64.ActiveCfg = Release|Any CPU
		{3781EC35-22EF-4A2A-A9A1-11376E759A96}.Release|x86.ActiveCfg = Release|Any CPU
		{3781EC35-22EF-4A2A-A9A1-11376E759A96}.SecurityDebug|Any CPU.ActiveCfg = Debug|Any CPU
		{3781EC35-22EF-4A2A-A9A1-11376E759A96}.SecurityDebug|Any CPU.Build.0 = Debug|Any CPU
		{3781EC35-22EF-4A2A-A9A1-11376E759A96}.SecurityDebug|x64.ActiveCfg = Debug|Any CPU
		{3781EC35-22EF-4A2A-A9A1-11376E759A96}.SecurityDebug|x64.Build.0 = Debug|Any CPU
		{3781EC35-22EF-4A2A-A9A1-11376E759A96}.SecurityDebug|x86.ActiveCfg = Debug|Any CPU
		{3781EC35-22EF-4A2A-A9A1-11376E759A96}.SecurityDebug|x86.Build.0 = Debug|Any CPU
		{3781EC35-22EF-4A2A-A9A1-11376E759A96}.XamarinApp|Any CPU.ActiveCfg = FrameSoft.ir|Any CPU
		{3781EC35-22EF-4A2A-A9A1-11376E759A96}.XamarinApp|Any CPU.Build.0 = FrameSoft.ir|Any CPU
		{3781EC35-22EF-4A2A-A9A1-11376E759A96}.XamarinApp|x64.ActiveCfg = FrameSoft.ir|Any CPU
		{3781EC35-22EF-4A2A-A9A1-11376E759A96}.XamarinApp|x86.ActiveCfg = FrameSoft.ir|Any CPU
		{7CBFF213-653B-4FD0-9964-48EB9C4D5780}.ClientDebug|Any CPU.ActiveCfg = Debug|Any CPU
		{7CBFF213-653B-4FD0-9964-48EB9C4D5780}.ClientDebug|Any CPU.Build.0 = Debug|Any CPU
		{7CBFF213-653B-4FD0-9964-48EB9C4D5780}.ClientDebug|x64.ActiveCfg = Debug|Any CPU
		{7CBFF213-653B-4FD0-9964-48EB9C4D5780}.ClientDebug|x64.Build.0 = Debug|Any CPU
		{7CBFF213-653B-4FD0-9964-48EB9C4D5780}.ClientDebug|x86.ActiveCfg = Debug|Any CPU
		{7CBFF213-653B-4FD0-9964-48EB9C4D5780}.ClientDebug|x86.Build.0 = Debug|Any CPU
		{7CBFF213-653B-4FD0-9964-48EB9C4D5780}.ClientSecurityDebug|Any CPU.ActiveCfg = Debug|Any CPU
		{7CBFF213-653B-4FD0-9964-48EB9C4D5780}.ClientSecurityDebug|Any CPU.Build.0 = Debug|Any CPU
		{7CBFF213-653B-4FD0-9964-48EB9C4D5780}.ClientSecurityDebug|x64.ActiveCfg = Debug|Any CPU
		{7CBFF213-653B-4FD0-9964-48EB9C4D5780}.ClientSecurityDebug|x64.Build.0 = Debug|Any CPU
		{7CBFF213-653B-4FD0-9964-48EB9C4D5780}.ClientSecurityDebug|x86.ActiveCfg = Debug|Any CPU
		{7CBFF213-653B-4FD0-9964-48EB9C4D5780}.ClientSecurityDebug|x86.Build.0 = Debug|Any CPU
		{7CBFF213-653B-4FD0-9964-48EB9C4D5780}.Debug|Any CPU.ActiveCfg = Debug|Any CPU
		{7CBFF213-653B-4FD0-9964-48EB9C4D5780}.Debug|Any CPU.Build.0 = Debug|Any CPU
		{7CBFF213-653B-4FD0-9964-48EB9C4D5780}.Debug|x64.ActiveCfg = Debug|Any CPU
		{7CBFF213-653B-4FD0-9964-48EB9C4D5780}.Debug|x86.ActiveCfg = Debug|Any CPU
		{7CBFF213-653B-4FD0-9964-48EB9C4D5780}.FrameAppVPS|Any CPU.ActiveCfg = FrameAppVPS|Any CPU
		{7CBFF213-653B-4FD0-9964-48EB9C4D5780}.FrameAppVPS|Any CPU.Build.0 = FrameAppVPS|Any CPU
		{7CBFF213-653B-4FD0-9964-48EB9C4D5780}.FrameAppVPS|x64.ActiveCfg = FrameAppVPS|Any CPU
		{7CBFF213-653B-4FD0-9964-48EB9C4D5780}.FrameAppVPS|x86.ActiveCfg = FrameAppVPS|Any CPU
		{7CBFF213-653B-4FD0-9964-48EB9C4D5780}.FrameSoftIR|Any CPU.ActiveCfg = FrameSoftIR|Any CPU
		{7CBFF213-653B-4FD0-9964-48EB9C4D5780}.FrameSoftIR|Any CPU.Build.0 = FrameSoftIR|Any CPU
		{7CBFF213-653B-4FD0-9964-48EB9C4D5780}.FrameSoftIR|x64.ActiveCfg = FrameSoftIR|Any CPU
		{7CBFF213-653B-4FD0-9964-48EB9C4D5780}.FrameSoftIR|x86.ActiveCfg = FrameSoftIR|Any CPU
		{7CBFF213-653B-4FD0-9964-48EB9C4D5780}.Mobile|Any CPU.ActiveCfg = Release|Any CPU
		{7CBFF213-653B-4FD0-9964-48EB9C4D5780}.Mobile|Any CPU.Build.0 = Release|Any CPU
		{7CBFF213-653B-4FD0-9964-48EB9C4D5780}.Mobile|x64.ActiveCfg = Release|Any CPU
		{7CBFF213-653B-4FD0-9964-48EB9C4D5780}.Mobile|x64.Build.0 = Release|Any CPU
		{7CBFF213-653B-4FD0-9964-48EB9C4D5780}.Mobile|x86.ActiveCfg = Release|Any CPU
		{7CBFF213-653B-4FD0-9964-48EB9C4D5780}.Mobile|x86.Build.0 = Release|Any CPU
		{7CBFF213-653B-4FD0-9964-48EB9C4D5780}.MobileApp|Any CPU.ActiveCfg = FrameSoft.ir|Any CPU
		{7CBFF213-653B-4FD0-9964-48EB9C4D5780}.MobileApp|Any CPU.Build.0 = FrameSoft.ir|Any CPU
		{7CBFF213-653B-4FD0-9964-48EB9C4D5780}.MobileApp|x64.ActiveCfg = FrameSoft.ir|Any CPU
		{7CBFF213-653B-4FD0-9964-48EB9C4D5780}.MobileApp|x86.ActiveCfg = FrameSoft.ir|Any CPU
		{7CBFF213-653B-4FD0-9964-48EB9C4D5780}.Release|Any CPU.ActiveCfg = Release|Any CPU
		{7CBFF213-653B-4FD0-9964-48EB9C4D5780}.Release|Any CPU.Build.0 = Release|Any CPU
		{7CBFF213-653B-4FD0-9964-48EB9C4D5780}.Release|x64.ActiveCfg = Release|Any CPU
		{7CBFF213-653B-4FD0-9964-48EB9C4D5780}.Release|x86.ActiveCfg = Release|Any CPU
		{7CBFF213-653B-4FD0-9964-48EB9C4D5780}.SecurityDebug|Any CPU.ActiveCfg = Debug|Any CPU
		{7CBFF213-653B-4FD0-9964-48EB9C4D5780}.SecurityDebug|Any CPU.Build.0 = Debug|Any CPU
		{7CBFF213-653B-4FD0-9964-48EB9C4D5780}.SecurityDebug|x64.ActiveCfg = Debug|Any CPU
		{7CBFF213-653B-4FD0-9964-48EB9C4D5780}.SecurityDebug|x64.Build.0 = Debug|Any CPU
		{7CBFF213-653B-4FD0-9964-48EB9C4D5780}.SecurityDebug|x86.ActiveCfg = Debug|Any CPU
		{7CBFF213-653B-4FD0-9964-48EB9C4D5780}.SecurityDebug|x86.Build.0 = Debug|Any CPU
		{7CBFF213-653B-4FD0-9964-48EB9C4D5780}.XamarinApp|Any CPU.ActiveCfg = FrameSoft.ir|Any CPU
		{7CBFF213-653B-4FD0-9964-48EB9C4D5780}.XamarinApp|Any CPU.Build.0 = FrameSoft.ir|Any CPU
		{7CBFF213-653B-4FD0-9964-48EB9C4D5780}.XamarinApp|x64.ActiveCfg = FrameSoft.ir|Any CPU
		{7CBFF213-653B-4FD0-9964-48EB9C4D5780}.XamarinApp|x86.ActiveCfg = FrameSoft.ir|Any CPU
		{5FEFED00-EFFF-40B5-913C-F3D32530F621}.ClientDebug|Any CPU.ActiveCfg = Debug|Any CPU
		{5FEFED00-EFFF-40B5-913C-F3D32530F621}.ClientDebug|Any CPU.Build.0 = Debug|Any CPU
		{5FEFED00-EFFF-40B5-913C-F3D32530F621}.ClientDebug|x64.ActiveCfg = Debug|Any CPU
		{5FEFED00-EFFF-40B5-913C-F3D32530F621}.ClientDebug|x64.Build.0 = Debug|Any CPU
		{5FEFED00-EFFF-40B5-913C-F3D32530F621}.ClientDebug|x86.ActiveCfg = Debug|Any CPU
		{5FEFED00-EFFF-40B5-913C-F3D32530F621}.ClientDebug|x86.Build.0 = Debug|Any CPU
		{5FEFED00-EFFF-40B5-913C-F3D32530F621}.ClientSecurityDebug|Any CPU.ActiveCfg = Debug|Any CPU
		{5FEFED00-EFFF-40B5-913C-F3D32530F621}.ClientSecurityDebug|Any CPU.Build.0 = Debug|Any CPU
		{5FEFED00-EFFF-40B5-913C-F3D32530F621}.ClientSecurityDebug|x64.ActiveCfg = Debug|Any CPU
		{5FEFED00-EFFF-40B5-913C-F3D32530F621}.ClientSecurityDebug|x64.Build.0 = Debug|Any CPU
		{5FEFED00-EFFF-40B5-913C-F3D32530F621}.ClientSecurityDebug|x86.ActiveCfg = Debug|Any CPU
		{5FEFED00-EFFF-40B5-913C-F3D32530F621}.ClientSecurityDebug|x86.Build.0 = Debug|Any CPU
		{5FEFED00-EFFF-40B5-913C-F3D32530F621}.Debug|Any CPU.ActiveCfg = Debug|Any CPU
		{5FEFED00-EFFF-40B5-913C-F3D32530F621}.Debug|Any CPU.Build.0 = Debug|Any CPU
		{5FEFED00-EFFF-40B5-913C-F3D32530F621}.Debug|x64.ActiveCfg = Debug|Any CPU
		{5FEFED00-EFFF-40B5-913C-F3D32530F621}.Debug|x86.ActiveCfg = Debug|Any CPU
		{5FEFED00-EFFF-40B5-913C-F3D32530F621}.FrameAppVPS|Any CPU.ActiveCfg = Release|Any CPU
		{5FEFED00-EFFF-40B5-913C-F3D32530F621}.FrameAppVPS|Any CPU.Build.0 = Release|Any CPU
		{5FEFED00-EFFF-40B5-913C-F3D32530F621}.FrameAppVPS|x64.ActiveCfg = Release|Any CPU
		{5FEFED00-EFFF-40B5-913C-F3D32530F621}.FrameAppVPS|x86.ActiveCfg = Release|Any CPU
		{5FEFED00-EFFF-40B5-913C-F3D32530F621}.FrameSoftIR|Any CPU.ActiveCfg = Release|Any CPU
		{5FEFED00-EFFF-40B5-913C-F3D32530F621}.FrameSoftIR|Any CPU.Build.0 = Release|Any CPU
		{5FEFED00-EFFF-40B5-913C-F3D32530F621}.FrameSoftIR|x64.ActiveCfg = Release|Any CPU
		{5FEFED00-EFFF-40B5-913C-F3D32530F621}.FrameSoftIR|x86.ActiveCfg = Release|Any CPU
		{5FEFED00-EFFF-40B5-913C-F3D32530F621}.Mobile|Any CPU.ActiveCfg = Release|Any CPU
		{5FEFED00-EFFF-40B5-913C-F3D32530F621}.Mobile|Any CPU.Build.0 = Release|Any CPU
		{5FEFED00-EFFF-40B5-913C-F3D32530F621}.Mobile|x64.ActiveCfg = Release|Any CPU
		{5FEFED00-EFFF-40B5-913C-F3D32530F621}.Mobile|x64.Build.0 = Release|Any CPU
		{5FEFED00-EFFF-40B5-913C-F3D32530F621}.Mobile|x86.ActiveCfg = Release|Any CPU
		{5FEFED00-EFFF-40B5-913C-F3D32530F621}.Mobile|x86.Build.0 = Release|Any CPU
		{5FEFED00-EFFF-40B5-913C-F3D32530F621}.MobileApp|Any CPU.ActiveCfg = Release|Any CPU
		{5FEFED00-EFFF-40B5-913C-F3D32530F621}.MobileApp|Any CPU.Build.0 = Release|Any CPU
		{5FEFED00-EFFF-40B5-913C-F3D32530F621}.MobileApp|x64.ActiveCfg = Release|Any CPU
		{5FEFED00-EFFF-40B5-913C-F3D32530F621}.MobileApp|x86.ActiveCfg = Release|Any CPU
		{5FEFED00-EFFF-40B5-913C-F3D32530F621}.Release|Any CPU.ActiveCfg = Release|Any CPU
		{5FEFED00-EFFF-40B5-913C-F3D32530F621}.Release|Any CPU.Build.0 = Release|Any CPU
		{5FEFED00-EFFF-40B5-913C-F3D32530F621}.Release|x64.ActiveCfg = Release|Any CPU
		{5FEFED00-EFFF-40B5-913C-F3D32530F621}.Release|x86.ActiveCfg = Release|Any CPU
		{5FEFED00-EFFF-40B5-913C-F3D32530F621}.SecurityDebug|Any CPU.ActiveCfg = Debug|Any CPU
		{5FEFED00-EFFF-40B5-913C-F3D32530F621}.SecurityDebug|Any CPU.Build.0 = Debug|Any CPU
		{5FEFED00-EFFF-40B5-913C-F3D32530F621}.SecurityDebug|x64.ActiveCfg = Debug|Any CPU
		{5FEFED00-EFFF-40B5-913C-F3D32530F621}.SecurityDebug|x64.Build.0 = Debug|Any CPU
		{5FEFED00-EFFF-40B5-913C-F3D32530F621}.SecurityDebug|x86.ActiveCfg = Debug|Any CPU
		{5FEFED00-EFFF-40B5-913C-F3D32530F621}.SecurityDebug|x86.Build.0 = Debug|Any CPU
		{5FEFED00-EFFF-40B5-913C-F3D32530F621}.XamarinApp|Any CPU.ActiveCfg = Release|Any CPU
		{5FEFED00-EFFF-40B5-913C-F3D32530F621}.XamarinApp|Any CPU.Build.0 = Release|Any CPU
		{5FEFED00-EFFF-40B5-913C-F3D32530F621}.XamarinApp|x64.ActiveCfg = Release|Any CPU
		{5FEFED00-EFFF-40B5-913C-F3D32530F621}.XamarinApp|x86.ActiveCfg = Release|Any CPU
		{A3CCF331-CDD9-47CC-AC0E-55B1C80B0531}.ClientDebug|Any CPU.ActiveCfg = Debug|Any CPU
		{A3CCF331-CDD9-47CC-AC0E-55B1C80B0531}.ClientDebug|Any CPU.Build.0 = Debug|Any CPU
		{A3CCF331-CDD9-47CC-AC0E-55B1C80B0531}.ClientDebug|x64.ActiveCfg = Debug|Any CPU
		{A3CCF331-CDD9-47CC-AC0E-55B1C80B0531}.ClientDebug|x64.Build.0 = Debug|Any CPU
		{A3CCF331-CDD9-47CC-AC0E-55B1C80B0531}.ClientDebug|x86.ActiveCfg = Debug|Any CPU
		{A3CCF331-CDD9-47CC-AC0E-55B1C80B0531}.ClientDebug|x86.Build.0 = Debug|Any CPU
		{A3CCF331-CDD9-47CC-AC0E-55B1C80B0531}.ClientSecurityDebug|Any CPU.ActiveCfg = Debug|Any CPU
		{A3CCF331-CDD9-47CC-AC0E-55B1C80B0531}.ClientSecurityDebug|Any CPU.Build.0 = Debug|Any CPU
		{A3CCF331-CDD9-47CC-AC0E-55B1C80B0531}.ClientSecurityDebug|x64.ActiveCfg = Debug|Any CPU
		{A3CCF331-CDD9-47CC-AC0E-55B1C80B0531}.ClientSecurityDebug|x64.Build.0 = Debug|Any CPU
		{A3CCF331-CDD9-47CC-AC0E-55B1C80B0531}.ClientSecurityDebug|x86.ActiveCfg = Debug|Any CPU
		{A3CCF331-CDD9-47CC-AC0E-55B1C80B0531}.ClientSecurityDebug|x86.Build.0 = Debug|Any CPU
		{A3CCF331-CDD9-47CC-AC0E-55B1C80B0531}.Debug|Any CPU.ActiveCfg = Debug|Any CPU
		{A3CCF331-CDD9-47CC-AC0E-55B1C80B0531}.Debug|Any CPU.Build.0 = Debug|Any CPU
		{A3CCF331-CDD9-47CC-AC0E-55B1C80B0531}.Debug|x64.ActiveCfg = Debug|Any CPU
		{A3CCF331-CDD9-47CC-AC0E-55B1C80B0531}.Debug|x86.ActiveCfg = Debug|Any CPU
		{A3CCF331-CDD9-47CC-AC0E-55B1C80B0531}.FrameAppVPS|Any CPU.ActiveCfg = Release|Any CPU
		{A3CCF331-CDD9-47CC-AC0E-55B1C80B0531}.FrameAppVPS|Any CPU.Build.0 = Release|Any CPU
		{A3CCF331-CDD9-47CC-AC0E-55B1C80B0531}.FrameAppVPS|x64.ActiveCfg = Release|Any CPU
		{A3CCF331-CDD9-47CC-AC0E-55B1C80B0531}.FrameAppVPS|x86.ActiveCfg = Release|Any CPU
		{A3CCF331-CDD9-47CC-AC0E-55B1C80B0531}.FrameSoftIR|Any CPU.ActiveCfg = Release|Any CPU
		{A3CCF331-CDD9-47CC-AC0E-55B1C80B0531}.FrameSoftIR|Any CPU.Build.0 = Release|Any CPU
		{A3CCF331-CDD9-47CC-AC0E-55B1C80B0531}.FrameSoftIR|x64.ActiveCfg = Release|Any CPU
		{A3CCF331-CDD9-47CC-AC0E-55B1C80B0531}.FrameSoftIR|x86.ActiveCfg = Release|Any CPU
		{A3CCF331-CDD9-47CC-AC0E-55B1C80B0531}.Mobile|Any CPU.ActiveCfg = Release|Any CPU
		{A3CCF331-CDD9-47CC-AC0E-55B1C80B0531}.Mobile|Any CPU.Build.0 = Release|Any CPU
		{A3CCF331-CDD9-47CC-AC0E-55B1C80B0531}.Mobile|x64.ActiveCfg = Release|Any CPU
		{A3CCF331-CDD9-47CC-AC0E-55B1C80B0531}.Mobile|x64.Build.0 = Release|Any CPU
		{A3CCF331-CDD9-47CC-AC0E-55B1C80B0531}.Mobile|x86.ActiveCfg = Release|Any CPU
		{A3CCF331-CDD9-47CC-AC0E-55B1C80B0531}.Mobile|x86.Build.0 = Release|Any CPU
		{A3CCF331-CDD9-47CC-AC0E-55B1C80B0531}.MobileApp|Any CPU.ActiveCfg = Release|Any CPU
		{A3CCF331-CDD9-47CC-AC0E-55B1C80B0531}.MobileApp|Any CPU.Build.0 = Release|Any CPU
		{A3CCF331-CDD9-47CC-AC0E-55B1C80B0531}.MobileApp|x64.ActiveCfg = Release|Any CPU
		{A3CCF331-CDD9-47CC-AC0E-55B1C80B0531}.MobileApp|x86.ActiveCfg = Release|Any CPU
		{A3CCF331-CDD9-47CC-AC0E-55B1C80B0531}.Release|Any CPU.ActiveCfg = Release|Any CPU
		{A3CCF331-CDD9-47CC-AC0E-55B1C80B0531}.Release|Any CPU.Build.0 = Release|Any CPU
		{A3CCF331-CDD9-47CC-AC0E-55B1C80B0531}.Release|x64.ActiveCfg = Release|Any CPU
		{A3CCF331-CDD9-47CC-AC0E-55B1C80B0531}.Release|x86.ActiveCfg = Release|Any CPU
		{A3CCF331-CDD9-47CC-AC0E-55B1C80B0531}.SecurityDebug|Any CPU.ActiveCfg = Debug|Any CPU
		{A3CCF331-CDD9-47CC-AC0E-55B1C80B0531}.SecurityDebug|Any CPU.Build.0 = Debug|Any CPU
		{A3CCF331-CDD9-47CC-AC0E-55B1C80B0531}.SecurityDebug|x64.ActiveCfg = Debug|Any CPU
		{A3CCF331-CDD9-47CC-AC0E-55B1C80B0531}.SecurityDebug|x64.Build.0 = Debug|Any CPU
		{A3CCF331-CDD9-47CC-AC0E-55B1C80B0531}.SecurityDebug|x86.ActiveCfg = Debug|Any CPU
		{A3CCF331-CDD9-47CC-AC0E-55B1C80B0531}.SecurityDebug|x86.Build.0 = Debug|Any CPU
		{A3CCF331-CDD9-47CC-AC0E-55B1C80B0531}.XamarinApp|Any CPU.ActiveCfg = Release|Any CPU
		{A3CCF331-CDD9-47CC-AC0E-55B1C80B0531}.XamarinApp|Any CPU.Build.0 = Release|Any CPU
		{A3CCF331-CDD9-47CC-AC0E-55B1C80B0531}.XamarinApp|x64.ActiveCfg = Release|Any CPU
		{A3CCF331-CDD9-47CC-AC0E-55B1C80B0531}.XamarinApp|x86.ActiveCfg = Release|Any CPU
		{17D30AAA-2BAD-48EE-ADCA-49D87A8860DC}.ClientDebug|Any CPU.ActiveCfg = Debug|Any CPU
		{17D30AAA-2BAD-48EE-ADCA-49D87A8860DC}.ClientDebug|Any CPU.Build.0 = Debug|Any CPU
		{17D30AAA-2BAD-48EE-ADCA-49D87A8860DC}.ClientDebug|x64.ActiveCfg = Debug|Any CPU
		{17D30AAA-2BAD-48EE-ADCA-49D87A8860DC}.ClientDebug|x64.Build.0 = Debug|Any CPU
		{17D30AAA-2BAD-48EE-ADCA-49D87A8860DC}.ClientDebug|x86.ActiveCfg = Debug|Any CPU
		{17D30AAA-2BAD-48EE-ADCA-49D87A8860DC}.ClientDebug|x86.Build.0 = Debug|Any CPU
		{17D30AAA-2BAD-48EE-ADCA-49D87A8860DC}.ClientSecurityDebug|Any CPU.ActiveCfg = Debug|Any CPU
		{17D30AAA-2BAD-48EE-ADCA-49D87A8860DC}.ClientSecurityDebug|Any CPU.Build.0 = Debug|Any CPU
		{17D30AAA-2BAD-48EE-ADCA-49D87A8860DC}.ClientSecurityDebug|x64.ActiveCfg = Debug|Any CPU
		{17D30AAA-2BAD-48EE-ADCA-49D87A8860DC}.ClientSecurityDebug|x64.Build.0 = Debug|Any CPU
		{17D30AAA-2BAD-48EE-ADCA-49D87A8860DC}.ClientSecurityDebug|x86.ActiveCfg = Debug|Any CPU
		{17D30AAA-2BAD-48EE-ADCA-49D87A8860DC}.ClientSecurityDebug|x86.Build.0 = Debug|Any CPU
		{17D30AAA-2BAD-48EE-ADCA-49D87A8860DC}.Debug|Any CPU.ActiveCfg = Debug|Any CPU
		{17D30AAA-2BAD-48EE-ADCA-49D87A8860DC}.Debug|Any CPU.Build.0 = Debug|Any CPU
		{17D30AAA-2BAD-48EE-ADCA-49D87A8860DC}.Debug|x64.ActiveCfg = Debug|Any CPU
		{17D30AAA-2BAD-48EE-ADCA-49D87A8860DC}.Debug|x86.ActiveCfg = Debug|Any CPU
		{17D30AAA-2BAD-48EE-ADCA-49D87A8860DC}.FrameAppVPS|Any CPU.ActiveCfg = XamarinApp|Any CPU
		{17D30AAA-2BAD-48EE-ADCA-49D87A8860DC}.FrameAppVPS|Any CPU.Build.0 = XamarinApp|Any CPU
		{17D30AAA-2BAD-48EE-ADCA-49D87A8860DC}.FrameAppVPS|x64.ActiveCfg = XamarinApp|Any CPU
		{17D30AAA-2BAD-48EE-ADCA-49D87A8860DC}.FrameAppVPS|x86.ActiveCfg = XamarinApp|Any CPU
		{17D30AAA-2BAD-48EE-ADCA-49D87A8860DC}.FrameSoftIR|Any CPU.ActiveCfg = XamarinApp|Any CPU
		{17D30AAA-2BAD-48EE-ADCA-49D87A8860DC}.FrameSoftIR|Any CPU.Build.0 = XamarinApp|Any CPU
		{17D30AAA-2BAD-48EE-ADCA-49D87A8860DC}.FrameSoftIR|x64.ActiveCfg = XamarinApp|Any CPU
		{17D30AAA-2BAD-48EE-ADCA-49D87A8860DC}.FrameSoftIR|x86.ActiveCfg = XamarinApp|Any CPU
		{17D30AAA-2BAD-48EE-ADCA-49D87A8860DC}.Mobile|Any CPU.ActiveCfg = MobileApp|Any CPU
		{17D30AAA-2BAD-48EE-ADCA-49D87A8860DC}.Mobile|Any CPU.Build.0 = MobileApp|Any CPU
		{17D30AAA-2BAD-48EE-ADCA-49D87A8860DC}.Mobile|x64.ActiveCfg = MobileApp|Any CPU
		{17D30AAA-2BAD-48EE-ADCA-49D87A8860DC}.Mobile|x64.Build.0 = MobileApp|Any CPU
		{17D30AAA-2BAD-48EE-ADCA-49D87A8860DC}.Mobile|x86.ActiveCfg = MobileApp|Any CPU
		{17D30AAA-2BAD-48EE-ADCA-49D87A8860DC}.Mobile|x86.Build.0 = MobileApp|Any CPU
		{17D30AAA-2BAD-48EE-ADCA-49D87A8860DC}.MobileApp|Any CPU.ActiveCfg = MobileApp|Any CPU
		{17D30AAA-2BAD-48EE-ADCA-49D87A8860DC}.MobileApp|Any CPU.Build.0 = MobileApp|Any CPU
		{17D30AAA-2BAD-48EE-ADCA-49D87A8860DC}.MobileApp|x64.ActiveCfg = MobileApp|Any CPU
		{17D30AAA-2BAD-48EE-ADCA-49D87A8860DC}.MobileApp|x86.ActiveCfg = MobileApp|Any CPU
		{17D30AAA-2BAD-48EE-ADCA-49D87A8860DC}.Release|Any CPU.ActiveCfg = Release|Any CPU
		{17D30AAA-2BAD-48EE-ADCA-49D87A8860DC}.Release|Any CPU.Build.0 = Release|Any CPU
		{17D30AAA-2BAD-48EE-ADCA-49D87A8860DC}.Release|x64.ActiveCfg = Release|Any CPU
		{17D30AAA-2BAD-48EE-ADCA-49D87A8860DC}.Release|x86.ActiveCfg = Release|Any CPU
		{17D30AAA-2BAD-48EE-ADCA-49D87A8860DC}.SecurityDebug|Any CPU.ActiveCfg = Debug|Any CPU
		{17D30AAA-2BAD-48EE-ADCA-49D87A8860DC}.SecurityDebug|Any CPU.Build.0 = Debug|Any CPU
		{17D30AAA-2BAD-48EE-ADCA-49D87A8860DC}.SecurityDebug|x64.ActiveCfg = Debug|Any CPU
		{17D30AAA-2BAD-48EE-ADCA-49D87A8860DC}.SecurityDebug|x64.Build.0 = Debug|Any CPU
		{17D30AAA-2BAD-48EE-ADCA-49D87A8860DC}.SecurityDebug|x86.ActiveCfg = Debug|Any CPU
		{17D30AAA-2BAD-48EE-ADCA-49D87A8860DC}.SecurityDebug|x86.Build.0 = Debug|Any CPU
		{17D30AAA-2BAD-48EE-ADCA-49D87A8860DC}.XamarinApp|Any CPU.ActiveCfg = XamarinApp|Any CPU
		{17D30AAA-2BAD-48EE-ADCA-49D87A8860DC}.XamarinApp|Any CPU.Build.0 = XamarinApp|Any CPU
		{17D30AAA-2BAD-48EE-ADCA-49D87A8860DC}.XamarinApp|x64.ActiveCfg = XamarinApp|Any CPU
		{17D30AAA-2BAD-48EE-ADCA-49D87A8860DC}.XamarinApp|x86.ActiveCfg = XamarinApp|Any CPU
		{AF6F3E0A-21AA-48CF-9373-275D32B0A34A}.ClientDebug|Any CPU.ActiveCfg = Debug|Any CPU
		{AF6F3E0A-21AA-48CF-9373-275D32B0A34A}.ClientDebug|Any CPU.Build.0 = Debug|Any CPU
		{AF6F3E0A-21AA-48CF-9373-275D32B0A34A}.ClientDebug|x64.ActiveCfg = Debug|Any CPU
		{AF6F3E0A-21AA-48CF-9373-275D32B0A34A}.ClientDebug|x64.Build.0 = Debug|Any CPU
		{AF6F3E0A-21AA-48CF-9373-275D32B0A34A}.ClientDebug|x86.ActiveCfg = Debug|Any CPU
		{AF6F3E0A-21AA-48CF-9373-275D32B0A34A}.ClientDebug|x86.Build.0 = Debug|Any CPU
		{AF6F3E0A-21AA-48CF-9373-275D32B0A34A}.ClientSecurityDebug|Any CPU.ActiveCfg = Debug|Any CPU
		{AF6F3E0A-21AA-48CF-9373-275D32B0A34A}.ClientSecurityDebug|Any CPU.Build.0 = Debug|Any CPU
		{AF6F3E0A-21AA-48CF-9373-275D32B0A34A}.ClientSecurityDebug|x64.ActiveCfg = Debug|Any CPU
		{AF6F3E0A-21AA-48CF-9373-275D32B0A34A}.ClientSecurityDebug|x64.Build.0 = Debug|Any CPU
		{AF6F3E0A-21AA-48CF-9373-275D32B0A34A}.ClientSecurityDebug|x86.ActiveCfg = Debug|Any CPU
		{AF6F3E0A-21AA-48CF-9373-275D32B0A34A}.ClientSecurityDebug|x86.Build.0 = Debug|Any CPU
		{AF6F3E0A-21AA-48CF-9373-275D32B0A34A}.Debug|Any CPU.ActiveCfg = Debug|Any CPU
		{AF6F3E0A-21AA-48CF-9373-275D32B0A34A}.Debug|Any CPU.Build.0 = Debug|Any CPU
		{AF6F3E0A-21AA-48CF-9373-275D32B0A34A}.Debug|x64.ActiveCfg = Debug|Any CPU
		{AF6F3E0A-21AA-48CF-9373-275D32B0A34A}.Debug|x64.Build.0 = Debug|Any CPU
		{AF6F3E0A-21AA-48CF-9373-275D32B0A34A}.Debug|x86.ActiveCfg = Debug|Any CPU
		{AF6F3E0A-21AA-48CF-9373-275D32B0A34A}.Debug|x86.Build.0 = Debug|Any CPU
		{AF6F3E0A-21AA-48CF-9373-275D32B0A34A}.FrameAppVPS|Any CPU.ActiveCfg = Release|Any CPU
		{AF6F3E0A-21AA-48CF-9373-275D32B0A34A}.FrameAppVPS|Any CPU.Build.0 = Release|Any CPU
		{AF6F3E0A-21AA-48CF-9373-275D32B0A34A}.FrameAppVPS|x64.ActiveCfg = Release|Any CPU
		{AF6F3E0A-21AA-48CF-9373-275D32B0A34A}.FrameAppVPS|x64.Build.0 = Release|Any CPU
		{AF6F3E0A-21AA-48CF-9373-275D32B0A34A}.FrameAppVPS|x86.ActiveCfg = Release|Any CPU
		{AF6F3E0A-21AA-48CF-9373-275D32B0A34A}.FrameAppVPS|x86.Build.0 = Release|Any CPU
		{AF6F3E0A-21AA-48CF-9373-275D32B0A34A}.FrameSoftIR|Any CPU.ActiveCfg = Release|Any CPU
		{AF6F3E0A-21AA-48CF-9373-275D32B0A34A}.FrameSoftIR|Any CPU.Build.0 = Release|Any CPU
		{AF6F3E0A-21AA-48CF-9373-275D32B0A34A}.FrameSoftIR|x64.ActiveCfg = Release|Any CPU
		{AF6F3E0A-21AA-48CF-9373-275D32B0A34A}.FrameSoftIR|x64.Build.0 = Release|Any CPU
		{AF6F3E0A-21AA-48CF-9373-275D32B0A34A}.FrameSoftIR|x86.ActiveCfg = Release|Any CPU
		{AF6F3E0A-21AA-48CF-9373-275D32B0A34A}.FrameSoftIR|x86.Build.0 = Release|Any CPU
		{AF6F3E0A-21AA-48CF-9373-275D32B0A34A}.Mobile|Any CPU.ActiveCfg = Release|Any CPU
		{AF6F3E0A-21AA-48CF-9373-275D32B0A34A}.Mobile|Any CPU.Build.0 = Release|Any CPU
		{AF6F3E0A-21AA-48CF-9373-275D32B0A34A}.Mobile|x64.ActiveCfg = Release|Any CPU
		{AF6F3E0A-21AA-48CF-9373-275D32B0A34A}.Mobile|x64.Build.0 = Release|Any CPU
		{AF6F3E0A-21AA-48CF-9373-275D32B0A34A}.Mobile|x86.ActiveCfg = Release|Any CPU
		{AF6F3E0A-21AA-48CF-9373-275D32B0A34A}.Mobile|x86.Build.0 = Release|Any CPU
		{AF6F3E0A-21AA-48CF-9373-275D32B0A34A}.MobileApp|Any CPU.ActiveCfg = Release|Any CPU
		{AF6F3E0A-21AA-48CF-9373-275D32B0A34A}.MobileApp|Any CPU.Build.0 = Release|Any CPU
		{AF6F3E0A-21AA-48CF-9373-275D32B0A34A}.MobileApp|x64.ActiveCfg = Release|Any CPU
		{AF6F3E0A-21AA-48CF-9373-275D32B0A34A}.MobileApp|x64.Build.0 = Release|Any CPU
		{AF6F3E0A-21AA-48CF-9373-275D32B0A34A}.MobileApp|x86.ActiveCfg = Release|Any CPU
		{AF6F3E0A-21AA-48CF-9373-275D32B0A34A}.MobileApp|x86.Build.0 = Release|Any CPU
		{AF6F3E0A-21AA-48CF-9373-275D32B0A34A}.Release|Any CPU.ActiveCfg = Release|Any CPU
		{AF6F3E0A-21AA-48CF-9373-275D32B0A34A}.Release|Any CPU.Build.0 = Release|Any CPU
		{AF6F3E0A-21AA-48CF-9373-275D32B0A34A}.Release|x64.ActiveCfg = Release|Any CPU
		{AF6F3E0A-21AA-48CF-9373-275D32B0A34A}.Release|x64.Build.0 = Release|Any CPU
		{AF6F3E0A-21AA-48CF-9373-275D32B0A34A}.Release|x86.ActiveCfg = Release|Any CPU
		{AF6F3E0A-21AA-48CF-9373-275D32B0A34A}.Release|x86.Build.0 = Release|Any CPU
		{AF6F3E0A-21AA-48CF-9373-275D32B0A34A}.SecurityDebug|Any CPU.ActiveCfg = Debug|Any CPU
		{AF6F3E0A-21AA-48CF-9373-275D32B0A34A}.SecurityDebug|Any CPU.Build.0 = Debug|Any CPU
		{AF6F3E0A-21AA-48CF-9373-275D32B0A34A}.SecurityDebug|x64.ActiveCfg = Debug|Any CPU
		{AF6F3E0A-21AA-48CF-9373-275D32B0A34A}.SecurityDebug|x64.Build.0 = Debug|Any CPU
		{AF6F3E0A-21AA-48CF-9373-275D32B0A34A}.SecurityDebug|x86.ActiveCfg = Debug|Any CPU
		{AF6F3E0A-21AA-48CF-9373-275D32B0A34A}.SecurityDebug|x86.Build.0 = Debug|Any CPU
		{AF6F3E0A-21AA-48CF-9373-275D32B0A34A}.XamarinApp|Any CPU.ActiveCfg = Release|Any CPU
		{AF6F3E0A-21AA-48CF-9373-275D32B0A34A}.XamarinApp|Any CPU.Build.0 = Release|Any CPU
		{AF6F3E0A-21AA-48CF-9373-275D32B0A34A}.XamarinApp|x64.ActiveCfg = Release|Any CPU
		{AF6F3E0A-21AA-48CF-9373-275D32B0A34A}.XamarinApp|x64.Build.0 = Release|Any CPU
		{AF6F3E0A-21AA-48CF-9373-275D32B0A34A}.XamarinApp|x86.ActiveCfg = Release|Any CPU
		{AF6F3E0A-21AA-48CF-9373-275D32B0A34A}.XamarinApp|x86.Build.0 = Release|Any CPU
		{2BFFA0F4-B36C-4452-A87B-C5B783874804}.ClientDebug|Any CPU.ActiveCfg = Debug|Any CPU
		{2BFFA0F4-B36C-4452-A87B-C5B783874804}.ClientDebug|Any CPU.Build.0 = Debug|Any CPU
		{2BFFA0F4-B36C-4452-A87B-C5B783874804}.ClientDebug|x64.ActiveCfg = Debug|Any CPU
		{2BFFA0F4-B36C-4452-A87B-C5B783874804}.ClientDebug|x64.Build.0 = Debug|Any CPU
		{2BFFA0F4-B36C-4452-A87B-C5B783874804}.ClientDebug|x86.ActiveCfg = Debug|Any CPU
		{2BFFA0F4-B36C-4452-A87B-C5B783874804}.ClientDebug|x86.Build.0 = Debug|Any CPU
		{2BFFA0F4-B36C-4452-A87B-C5B783874804}.ClientSecurityDebug|Any CPU.ActiveCfg = Debug|Any CPU
		{2BFFA0F4-B36C-4452-A87B-C5B783874804}.ClientSecurityDebug|Any CPU.Build.0 = Debug|Any CPU
		{2BFFA0F4-B36C-4452-A87B-C5B783874804}.ClientSecurityDebug|x64.ActiveCfg = Debug|Any CPU
		{2BFFA0F4-B36C-4452-A87B-C5B783874804}.ClientSecurityDebug|x64.Build.0 = Debug|Any CPU
		{2BFFA0F4-B36C-4452-A87B-C5B783874804}.ClientSecurityDebug|x86.ActiveCfg = Debug|Any CPU
		{2BFFA0F4-B36C-4452-A87B-C5B783874804}.ClientSecurityDebug|x86.Build.0 = Debug|Any CPU
		{2BFFA0F4-B36C-4452-A87B-C5B783874804}.Debug|Any CPU.ActiveCfg = Debug|Any CPU
		{2BFFA0F4-B36C-4452-A87B-C5B783874804}.Debug|Any CPU.Build.0 = Debug|Any CPU
		{2BFFA0F4-B36C-4452-A87B-C5B783874804}.Debug|x64.ActiveCfg = Debug|Any CPU
		{2BFFA0F4-B36C-4452-A87B-C5B783874804}.Debug|x64.Build.0 = Debug|Any CPU
		{2BFFA0F4-B36C-4452-A87B-C5B783874804}.Debug|x86.ActiveCfg = Debug|Any CPU
		{2BFFA0F4-B36C-4452-A87B-C5B783874804}.Debug|x86.Build.0 = Debug|Any CPU
		{2BFFA0F4-B36C-4452-A87B-C5B783874804}.FrameAppVPS|Any CPU.ActiveCfg = Release|Any CPU
		{2BFFA0F4-B36C-4452-A87B-C5B783874804}.FrameAppVPS|Any CPU.Build.0 = Release|Any CPU
		{2BFFA0F4-B36C-4452-A87B-C5B783874804}.FrameAppVPS|x64.ActiveCfg = Release|Any CPU
		{2BFFA0F4-B36C-4452-A87B-C5B783874804}.FrameAppVPS|x64.Build.0 = Release|Any CPU
		{2BFFA0F4-B36C-4452-A87B-C5B783874804}.FrameAppVPS|x86.ActiveCfg = Release|Any CPU
		{2BFFA0F4-B36C-4452-A87B-C5B783874804}.FrameAppVPS|x86.Build.0 = Release|Any CPU
		{2BFFA0F4-B36C-4452-A87B-C5B783874804}.FrameSoftIR|Any CPU.ActiveCfg = Release|Any CPU
		{2BFFA0F4-B36C-4452-A87B-C5B783874804}.FrameSoftIR|Any CPU.Build.0 = Release|Any CPU
		{2BFFA0F4-B36C-4452-A87B-C5B783874804}.FrameSoftIR|x64.ActiveCfg = Release|Any CPU
		{2BFFA0F4-B36C-4452-A87B-C5B783874804}.FrameSoftIR|x64.Build.0 = Release|Any CPU
		{2BFFA0F4-B36C-4452-A87B-C5B783874804}.FrameSoftIR|x86.ActiveCfg = Release|Any CPU
		{2BFFA0F4-B36C-4452-A87B-C5B783874804}.FrameSoftIR|x86.Build.0 = Release|Any CPU
		{2BFFA0F4-B36C-4452-A87B-C5B783874804}.Mobile|Any CPU.ActiveCfg = Release|Any CPU
		{2BFFA0F4-B36C-4452-A87B-C5B783874804}.Mobile|Any CPU.Build.0 = Release|Any CPU
		{2BFFA0F4-B36C-4452-A87B-C5B783874804}.Mobile|x64.ActiveCfg = Release|Any CPU
		{2BFFA0F4-B36C-4452-A87B-C5B783874804}.Mobile|x64.Build.0 = Release|Any CPU
		{2BFFA0F4-B36C-4452-A87B-C5B783874804}.Mobile|x86.ActiveCfg = Release|Any CPU
		{2BFFA0F4-B36C-4452-A87B-C5B783874804}.Mobile|x86.Build.0 = Release|Any CPU
		{2BFFA0F4-B36C-4452-A87B-C5B783874804}.MobileApp|Any CPU.ActiveCfg = Release|Any CPU
		{2BFFA0F4-B36C-4452-A87B-C5B783874804}.MobileApp|Any CPU.Build.0 = Release|Any CPU
		{2BFFA0F4-B36C-4452-A87B-C5B783874804}.MobileApp|x64.ActiveCfg = Release|Any CPU
		{2BFFA0F4-B36C-4452-A87B-C5B783874804}.MobileApp|x64.Build.0 = Release|Any CPU
		{2BFFA0F4-B36C-4452-A87B-C5B783874804}.MobileApp|x86.ActiveCfg = Release|Any CPU
		{2BFFA0F4-B36C-4452-A87B-C5B783874804}.MobileApp|x86.Build.0 = Release|Any CPU
		{2BFFA0F4-B36C-4452-A87B-C5B783874804}.Release|Any CPU.ActiveCfg = Release|Any CPU
		{2BFFA0F4-B36C-4452-A87B-C5B783874804}.Release|Any CPU.Build.0 = Release|Any CPU
		{2BFFA0F4-B36C-4452-A87B-C5B783874804}.Release|x64.ActiveCfg = Release|Any CPU
		{2BFFA0F4-B36C-4452-A87B-C5B783874804}.Release|x64.Build.0 = Release|Any CPU
		{2BFFA0F4-B36C-4452-A87B-C5B783874804}.Release|x86.ActiveCfg = Release|Any CPU
		{2BFFA0F4-B36C-4452-A87B-C5B783874804}.Release|x86.Build.0 = Release|Any CPU
		{2BFFA0F4-B36C-4452-A87B-C5B783874804}.SecurityDebug|Any CPU.ActiveCfg = Debug|Any CPU
		{2BFFA0F4-B36C-4452-A87B-C5B783874804}.SecurityDebug|Any CPU.Build.0 = Debug|Any CPU
		{2BFFA0F4-B36C-4452-A87B-C5B783874804}.SecurityDebug|x64.ActiveCfg = Debug|Any CPU
		{2BFFA0F4-B36C-4452-A87B-C5B783874804}.SecurityDebug|x64.Build.0 = Debug|Any CPU
		{2BFFA0F4-B36C-4452-A87B-C5B783874804}.SecurityDebug|x86.ActiveCfg = Debug|Any CPU
		{2BFFA0F4-B36C-4452-A87B-C5B783874804}.SecurityDebug|x86.Build.0 = Debug|Any CPU
		{2BFFA0F4-B36C-4452-A87B-C5B783874804}.XamarinApp|Any CPU.ActiveCfg = Release|Any CPU
		{2BFFA0F4-B36C-4452-A87B-C5B783874804}.XamarinApp|Any CPU.Build.0 = Release|Any CPU
		{2BFFA0F4-B36C-4452-A87B-C5B783874804}.XamarinApp|x64.ActiveCfg = Release|Any CPU
		{2BFFA0F4-B36C-4452-A87B-C5B783874804}.XamarinApp|x64.Build.0 = Release|Any CPU
		{2BFFA0F4-B36C-4452-A87B-C5B783874804}.XamarinApp|x86.ActiveCfg = Release|Any CPU
		{2BFFA0F4-B36C-4452-A87B-C5B783874804}.XamarinApp|x86.Build.0 = Release|Any CPU
		{0CC93CB7-824C-45E4-BBB1-54839913BB9C}.ClientDebug|Any CPU.ActiveCfg = Debug|Any CPU
		{0CC93CB7-824C-45E4-BBB1-54839913BB9C}.ClientDebug|Any CPU.Build.0 = Debug|Any CPU
		{0CC93CB7-824C-45E4-BBB1-54839913BB9C}.ClientDebug|x64.ActiveCfg = Debug|Any CPU
		{0CC93CB7-824C-45E4-BBB1-54839913BB9C}.ClientDebug|x64.Build.0 = Debug|Any CPU
		{0CC93CB7-824C-45E4-BBB1-54839913BB9C}.ClientDebug|x86.ActiveCfg = Debug|Any CPU
		{0CC93CB7-824C-45E4-BBB1-54839913BB9C}.ClientDebug|x86.Build.0 = Debug|Any CPU
		{0CC93CB7-824C-45E4-BBB1-54839913BB9C}.ClientSecurityDebug|Any CPU.ActiveCfg = Debug|Any CPU
		{0CC93CB7-824C-45E4-BBB1-54839913BB9C}.ClientSecurityDebug|Any CPU.Build.0 = Debug|Any CPU
		{0CC93CB7-824C-45E4-BBB1-54839913BB9C}.ClientSecurityDebug|x64.ActiveCfg = Debug|Any CPU
		{0CC93CB7-824C-45E4-BBB1-54839913BB9C}.ClientSecurityDebug|x64.Build.0 = Debug|Any CPU
		{0CC93CB7-824C-45E4-BBB1-54839913BB9C}.ClientSecurityDebug|x86.ActiveCfg = Debug|Any CPU
		{0CC93CB7-824C-45E4-BBB1-54839913BB9C}.ClientSecurityDebug|x86.Build.0 = Debug|Any CPU
		{0CC93CB7-824C-45E4-BBB1-54839913BB9C}.Debug|Any CPU.ActiveCfg = Debug|Any CPU
		{0CC93CB7-824C-45E4-BBB1-54839913BB9C}.Debug|Any CPU.Build.0 = Debug|Any CPU
		{0CC93CB7-824C-45E4-BBB1-54839913BB9C}.Debug|x64.ActiveCfg = Debug|Any CPU
		{0CC93CB7-824C-45E4-BBB1-54839913BB9C}.Debug|x64.Build.0 = Debug|Any CPU
		{0CC93CB7-824C-45E4-BBB1-54839913BB9C}.Debug|x86.ActiveCfg = Debug|Any CPU
		{0CC93CB7-824C-45E4-BBB1-54839913BB9C}.Debug|x86.Build.0 = Debug|Any CPU
		{0CC93CB7-824C-45E4-BBB1-54839913BB9C}.FrameAppVPS|Any CPU.ActiveCfg = Release|Any CPU
		{0CC93CB7-824C-45E4-BBB1-54839913BB9C}.FrameAppVPS|Any CPU.Build.0 = Release|Any CPU
		{0CC93CB7-824C-45E4-BBB1-54839913BB9C}.FrameAppVPS|x64.ActiveCfg = Release|Any CPU
		{0CC93CB7-824C-45E4-BBB1-54839913BB9C}.FrameAppVPS|x64.Build.0 = Release|Any CPU
		{0CC93CB7-824C-45E4-BBB1-54839913BB9C}.FrameAppVPS|x86.ActiveCfg = Release|Any CPU
		{0CC93CB7-824C-45E4-BBB1-54839913BB9C}.FrameAppVPS|x86.Build.0 = Release|Any CPU
		{0CC93CB7-824C-45E4-BBB1-54839913BB9C}.FrameSoftIR|Any CPU.ActiveCfg = Release|Any CPU
		{0CC93CB7-824C-45E4-BBB1-54839913BB9C}.FrameSoftIR|Any CPU.Build.0 = Release|Any CPU
		{0CC93CB7-824C-45E4-BBB1-54839913BB9C}.FrameSoftIR|x64.ActiveCfg = Release|Any CPU
		{0CC93CB7-824C-45E4-BBB1-54839913BB9C}.FrameSoftIR|x64.Build.0 = Release|Any CPU
		{0CC93CB7-824C-45E4-BBB1-54839913BB9C}.FrameSoftIR|x86.ActiveCfg = Release|Any CPU
		{0CC93CB7-824C-45E4-BBB1-54839913BB9C}.FrameSoftIR|x86.Build.0 = Release|Any CPU
		{0CC93CB7-824C-45E4-BBB1-54839913BB9C}.Mobile|Any CPU.ActiveCfg = Release|Any CPU
		{0CC93CB7-824C-45E4-BBB1-54839913BB9C}.Mobile|Any CPU.Build.0 = Release|Any CPU
		{0CC93CB7-824C-45E4-BBB1-54839913BB9C}.Mobile|x64.ActiveCfg = Release|Any CPU
		{0CC93CB7-824C-45E4-BBB1-54839913BB9C}.Mobile|x64.Build.0 = Release|Any CPU
		{0CC93CB7-824C-45E4-BBB1-54839913BB9C}.Mobile|x86.ActiveCfg = Release|Any CPU
		{0CC93CB7-824C-45E4-BBB1-54839913BB9C}.Mobile|x86.Build.0 = Release|Any CPU
		{0CC93CB7-824C-45E4-BBB1-54839913BB9C}.MobileApp|Any CPU.ActiveCfg = Release|Any CPU
		{0CC93CB7-824C-45E4-BBB1-54839913BB9C}.MobileApp|Any CPU.Build.0 = Release|Any CPU
		{0CC93CB7-824C-45E4-BBB1-54839913BB9C}.MobileApp|x64.ActiveCfg = Release|Any CPU
		{0CC93CB7-824C-45E4-BBB1-54839913BB9C}.MobileApp|x64.Build.0 = Release|Any CPU
		{0CC93CB7-824C-45E4-BBB1-54839913BB9C}.MobileApp|x86.ActiveCfg = Release|Any CPU
		{0CC93CB7-824C-45E4-BBB1-54839913BB9C}.MobileApp|x86.Build.0 = Release|Any CPU
		{0CC93CB7-824C-45E4-BBB1-54839913BB9C}.Release|Any CPU.ActiveCfg = Release|Any CPU
		{0CC93CB7-824C-45E4-BBB1-54839913BB9C}.Release|Any CPU.Build.0 = Release|Any CPU
		{0CC93CB7-824C-45E4-BBB1-54839913BB9C}.Release|x64.ActiveCfg = Release|Any CPU
		{0CC93CB7-824C-45E4-BBB1-54839913BB9C}.Release|x64.Build.0 = Release|Any CPU
		{0CC93CB7-824C-45E4-BBB1-54839913BB9C}.Release|x86.ActiveCfg = Release|Any CPU
		{0CC93CB7-824C-45E4-BBB1-54839913BB9C}.Release|x86.Build.0 = Release|Any CPU
		{0CC93CB7-824C-45E4-BBB1-54839913BB9C}.SecurityDebug|Any CPU.ActiveCfg = Debug|Any CPU
		{0CC93CB7-824C-45E4-BBB1-54839913BB9C}.SecurityDebug|Any CPU.Build.0 = Debug|Any CPU
		{0CC93CB7-824C-45E4-BBB1-54839913BB9C}.SecurityDebug|x64.ActiveCfg = Debug|Any CPU
		{0CC93CB7-824C-45E4-BBB1-54839913BB9C}.SecurityDebug|x64.Build.0 = Debug|Any CPU
		{0CC93CB7-824C-45E4-BBB1-54839913BB9C}.SecurityDebug|x86.ActiveCfg = Debug|Any CPU
		{0CC93CB7-824C-45E4-BBB1-54839913BB9C}.SecurityDebug|x86.Build.0 = Debug|Any CPU
		{0CC93CB7-824C-45E4-BBB1-54839913BB9C}.XamarinApp|Any CPU.ActiveCfg = Release|Any CPU
		{0CC93CB7-824C-45E4-BBB1-54839913BB9C}.XamarinApp|Any CPU.Build.0 = Release|Any CPU
		{0CC93CB7-824C-45E4-BBB1-54839913BB9C}.XamarinApp|x64.ActiveCfg = Release|Any CPU
		{0CC93CB7-824C-45E4-BBB1-54839913BB9C}.XamarinApp|x64.Build.0 = Release|Any CPU
		{0CC93CB7-824C-45E4-BBB1-54839913BB9C}.XamarinApp|x86.ActiveCfg = Release|Any CPU
		{0CC93CB7-824C-45E4-BBB1-54839913BB9C}.XamarinApp|x86.Build.0 = Release|Any CPU
		{78D8601B-E331-47B7-A4A8-46B7460D82A4}.ClientDebug|Any CPU.ActiveCfg = ClientDebug|Any CPU
		{78D8601B-E331-47B7-A4A8-46B7460D82A4}.ClientDebug|Any CPU.Build.0 = ClientDebug|Any CPU
		{78D8601B-E331-47B7-A4A8-46B7460D82A4}.ClientDebug|x64.ActiveCfg = ClientDebug|Any CPU
		{78D8601B-E331-47B7-A4A8-46B7460D82A4}.ClientDebug|x64.Build.0 = ClientDebug|Any CPU
		{78D8601B-E331-47B7-A4A8-46B7460D82A4}.ClientDebug|x86.ActiveCfg = ClientDebug|Any CPU
		{78D8601B-E331-47B7-A4A8-46B7460D82A4}.ClientDebug|x86.Build.0 = ClientDebug|Any CPU
		{78D8601B-E331-47B7-A4A8-46B7460D82A4}.ClientSecurityDebug|Any CPU.ActiveCfg = ClientSecurityDebug|Any CPU
		{78D8601B-E331-47B7-A4A8-46B7460D82A4}.ClientSecurityDebug|Any CPU.Build.0 = ClientSecurityDebug|Any CPU
		{78D8601B-E331-47B7-A4A8-46B7460D82A4}.ClientSecurityDebug|x64.ActiveCfg = ClientSecurityDebug|Any CPU
		{78D8601B-E331-47B7-A4A8-46B7460D82A4}.ClientSecurityDebug|x64.Build.0 = ClientSecurityDebug|Any CPU
		{78D8601B-E331-47B7-A4A8-46B7460D82A4}.ClientSecurityDebug|x86.ActiveCfg = ClientSecurityDebug|Any CPU
		{78D8601B-E331-47B7-A4A8-46B7460D82A4}.ClientSecurityDebug|x86.Build.0 = ClientSecurityDebug|Any CPU
		{78D8601B-E331-47B7-A4A8-46B7460D82A4}.Debug|Any CPU.ActiveCfg = Debug|Any CPU
		{78D8601B-E331-47B7-A4A8-46B7460D82A4}.Debug|Any CPU.Build.0 = Debug|Any CPU
		{78D8601B-E331-47B7-A4A8-46B7460D82A4}.Debug|x64.ActiveCfg = Debug|Any CPU
		{78D8601B-E331-47B7-A4A8-46B7460D82A4}.Debug|x64.Build.0 = Debug|Any CPU
		{78D8601B-E331-47B7-A4A8-46B7460D82A4}.Debug|x86.ActiveCfg = Debug|Any CPU
		{78D8601B-E331-47B7-A4A8-46B7460D82A4}.Debug|x86.Build.0 = Debug|Any CPU
		{78D8601B-E331-47B7-A4A8-46B7460D82A4}.FrameAppVPS|Any CPU.ActiveCfg = Mobile|Any CPU
		{78D8601B-E331-47B7-A4A8-46B7460D82A4}.FrameAppVPS|Any CPU.Build.0 = Mobile|Any CPU
		{78D8601B-E331-47B7-A4A8-46B7460D82A4}.FrameAppVPS|x64.ActiveCfg = Mobile|Any CPU
		{78D8601B-E331-47B7-A4A8-46B7460D82A4}.FrameAppVPS|x64.Build.0 = Mobile|Any CPU
		{78D8601B-E331-47B7-A4A8-46B7460D82A4}.FrameAppVPS|x86.ActiveCfg = Mobile|Any CPU
		{78D8601B-E331-47B7-A4A8-46B7460D82A4}.FrameAppVPS|x86.Build.0 = Mobile|Any CPU
		{78D8601B-E331-47B7-A4A8-46B7460D82A4}.FrameSoftIR|Any CPU.ActiveCfg = Mobile|Any CPU
		{78D8601B-E331-47B7-A4A8-46B7460D82A4}.FrameSoftIR|Any CPU.Build.0 = Mobile|Any CPU
		{78D8601B-E331-47B7-A4A8-46B7460D82A4}.FrameSoftIR|x64.ActiveCfg = Mobile|Any CPU
		{78D8601B-E331-47B7-A4A8-46B7460D82A4}.FrameSoftIR|x64.Build.0 = Mobile|Any CPU
		{78D8601B-E331-47B7-A4A8-46B7460D82A4}.FrameSoftIR|x86.ActiveCfg = Mobile|Any CPU
		{78D8601B-E331-47B7-A4A8-46B7460D82A4}.FrameSoftIR|x86.Build.0 = Mobile|Any CPU
		{78D8601B-E331-47B7-A4A8-46B7460D82A4}.Mobile|Any CPU.ActiveCfg = Mobile|Any CPU
		{78D8601B-E331-47B7-A4A8-46B7460D82A4}.Mobile|Any CPU.Build.0 = Mobile|Any CPU
		{78D8601B-E331-47B7-A4A8-46B7460D82A4}.Mobile|x64.ActiveCfg = Mobile|Any CPU
		{78D8601B-E331-47B7-A4A8-46B7460D82A4}.Mobile|x64.Build.0 = Mobile|Any CPU
		{78D8601B-E331-47B7-A4A8-46B7460D82A4}.Mobile|x86.ActiveCfg = Mobile|Any CPU
		{78D8601B-E331-47B7-A4A8-46B7460D82A4}.Mobile|x86.Build.0 = Mobile|Any CPU
		{78D8601B-E331-47B7-A4A8-46B7460D82A4}.MobileApp|Any CPU.ActiveCfg = Mobile|Any CPU
		{78D8601B-E331-47B7-A4A8-46B7460D82A4}.MobileApp|Any CPU.Build.0 = Mobile|Any CPU
		{78D8601B-E331-47B7-A4A8-46B7460D82A4}.MobileApp|x64.ActiveCfg = Mobile|Any CPU
		{78D8601B-E331-47B7-A4A8-46B7460D82A4}.MobileApp|x64.Build.0 = Mobile|Any CPU
		{78D8601B-E331-47B7-A4A8-46B7460D82A4}.MobileApp|x86.ActiveCfg = Mobile|Any CPU
		{78D8601B-E331-47B7-A4A8-46B7460D82A4}.MobileApp|x86.Build.0 = Mobile|Any CPU
		{78D8601B-E331-47B7-A4A8-46B7460D82A4}.Release|Any CPU.ActiveCfg = Release|Any CPU
		{78D8601B-E331-47B7-A4A8-46B7460D82A4}.Release|Any CPU.Build.0 = Release|Any CPU
		{78D8601B-E331-47B7-A4A8-46B7460D82A4}.Release|x64.ActiveCfg = Release|Any CPU
		{78D8601B-E331-47B7-A4A8-46B7460D82A4}.Release|x64.Build.0 = Release|Any CPU
		{78D8601B-E331-47B7-A4A8-46B7460D82A4}.Release|x86.ActiveCfg = Release|Any CPU
		{78D8601B-E331-47B7-A4A8-46B7460D82A4}.Release|x86.Build.0 = Release|Any CPU
		{78D8601B-E331-47B7-A4A8-46B7460D82A4}.SecurityDebug|Any CPU.ActiveCfg = SecurityDebug|Any CPU
		{78D8601B-E331-47B7-A4A8-46B7460D82A4}.SecurityDebug|Any CPU.Build.0 = SecurityDebug|Any CPU
		{78D8601B-E331-47B7-A4A8-46B7460D82A4}.SecurityDebug|x64.ActiveCfg = SecurityDebug|Any CPU
		{78D8601B-E331-47B7-A4A8-46B7460D82A4}.SecurityDebug|x64.Build.0 = SecurityDebug|Any CPU
		{78D8601B-E331-47B7-A4A8-46B7460D82A4}.SecurityDebug|x86.ActiveCfg = SecurityDebug|Any CPU
		{78D8601B-E331-47B7-A4A8-46B7460D82A4}.SecurityDebug|x86.Build.0 = SecurityDebug|Any CPU
		{78D8601B-E331-47B7-A4A8-46B7460D82A4}.XamarinApp|Any CPU.ActiveCfg = Mobile|Any CPU
		{78D8601B-E331-47B7-A4A8-46B7460D82A4}.XamarinApp|Any CPU.Build.0 = Mobile|Any CPU
		{78D8601B-E331-47B7-A4A8-46B7460D82A4}.XamarinApp|x64.ActiveCfg = Mobile|Any CPU
		{78D8601B-E331-47B7-A4A8-46B7460D82A4}.XamarinApp|x64.Build.0 = Mobile|Any CPU
		{78D8601B-E331-47B7-A4A8-46B7460D82A4}.XamarinApp|x86.ActiveCfg = Mobile|Any CPU
		{78D8601B-E331-47B7-A4A8-46B7460D82A4}.XamarinApp|x86.Build.0 = Mobile|Any CPU
		{DA4F99A9-69E4-48F1-8850-5298F7762AB9}.ClientDebug|Any CPU.ActiveCfg = ClientDebug|Any CPU
		{DA4F99A9-69E4-48F1-8850-5298F7762AB9}.ClientDebug|Any CPU.Build.0 = ClientDebug|Any CPU
		{DA4F99A9-69E4-48F1-8850-5298F7762AB9}.ClientDebug|x64.ActiveCfg = ClientDebug|Any CPU
		{DA4F99A9-69E4-48F1-8850-5298F7762AB9}.ClientDebug|x64.Build.0 = ClientDebug|Any CPU
		{DA4F99A9-69E4-48F1-8850-5298F7762AB9}.ClientDebug|x86.ActiveCfg = ClientDebug|Any CPU
		{DA4F99A9-69E4-48F1-8850-5298F7762AB9}.ClientDebug|x86.Build.0 = ClientDebug|Any CPU
		{DA4F99A9-69E4-48F1-8850-5298F7762AB9}.ClientSecurityDebug|Any CPU.ActiveCfg = ClientSecurityDebug|Any CPU
		{DA4F99A9-69E4-48F1-8850-5298F7762AB9}.ClientSecurityDebug|Any CPU.Build.0 = ClientSecurityDebug|Any CPU
		{DA4F99A9-69E4-48F1-8850-5298F7762AB9}.ClientSecurityDebug|x64.ActiveCfg = ClientSecurityDebug|Any CPU
		{DA4F99A9-69E4-48F1-8850-5298F7762AB9}.ClientSecurityDebug|x64.Build.0 = ClientSecurityDebug|Any CPU
		{DA4F99A9-69E4-48F1-8850-5298F7762AB9}.ClientSecurityDebug|x86.ActiveCfg = ClientSecurityDebug|Any CPU
		{DA4F99A9-69E4-48F1-8850-5298F7762AB9}.ClientSecurityDebug|x86.Build.0 = ClientSecurityDebug|Any CPU
		{DA4F99A9-69E4-48F1-8850-5298F7762AB9}.Debug|Any CPU.ActiveCfg = Debug|Any CPU
		{DA4F99A9-69E4-48F1-8850-5298F7762AB9}.Debug|Any CPU.Build.0 = Debug|Any CPU
		{DA4F99A9-69E4-48F1-8850-5298F7762AB9}.Debug|x64.ActiveCfg = Debug|Any CPU
		{DA4F99A9-69E4-48F1-8850-5298F7762AB9}.Debug|x64.Build.0 = Debug|Any CPU
		{DA4F99A9-69E4-48F1-8850-5298F7762AB9}.Debug|x86.ActiveCfg = Debug|Any CPU
		{DA4F99A9-69E4-48F1-8850-5298F7762AB9}.Debug|x86.Build.0 = Debug|Any CPU
		{DA4F99A9-69E4-48F1-8850-5298F7762AB9}.FrameAppVPS|Any CPU.ActiveCfg = Mobile|Any CPU
		{DA4F99A9-69E4-48F1-8850-5298F7762AB9}.FrameAppVPS|Any CPU.Build.0 = Mobile|Any CPU
		{DA4F99A9-69E4-48F1-8850-5298F7762AB9}.FrameAppVPS|x64.ActiveCfg = Mobile|Any CPU
		{DA4F99A9-69E4-48F1-8850-5298F7762AB9}.FrameAppVPS|x64.Build.0 = Mobile|Any CPU
		{DA4F99A9-69E4-48F1-8850-5298F7762AB9}.FrameAppVPS|x86.ActiveCfg = Mobile|Any CPU
		{DA4F99A9-69E4-48F1-8850-5298F7762AB9}.FrameAppVPS|x86.Build.0 = Mobile|Any CPU
		{DA4F99A9-69E4-48F1-8850-5298F7762AB9}.FrameSoftIR|Any CPU.ActiveCfg = Mobile|Any CPU
		{DA4F99A9-69E4-48F1-8850-5298F7762AB9}.FrameSoftIR|Any CPU.Build.0 = Mobile|Any CPU
		{DA4F99A9-69E4-48F1-8850-5298F7762AB9}.FrameSoftIR|x64.ActiveCfg = Mobile|Any CPU
		{DA4F99A9-69E4-48F1-8850-5298F7762AB9}.FrameSoftIR|x64.Build.0 = Mobile|Any CPU
		{DA4F99A9-69E4-48F1-8850-5298F7762AB9}.FrameSoftIR|x86.ActiveCfg = Mobile|Any CPU
		{DA4F99A9-69E4-48F1-8850-5298F7762AB9}.FrameSoftIR|x86.Build.0 = Mobile|Any CPU
		{DA4F99A9-69E4-48F1-8850-5298F7762AB9}.Mobile|Any CPU.ActiveCfg = Mobile|Any CPU
		{DA4F99A9-69E4-48F1-8850-5298F7762AB9}.Mobile|Any CPU.Build.0 = Mobile|Any CPU
		{DA4F99A9-69E4-48F1-8850-5298F7762AB9}.Mobile|x64.ActiveCfg = Mobile|Any CPU
		{DA4F99A9-69E4-48F1-8850-5298F7762AB9}.Mobile|x64.Build.0 = Mobile|Any CPU
		{DA4F99A9-69E4-48F1-8850-5298F7762AB9}.Mobile|x86.ActiveCfg = Mobile|Any CPU
		{DA4F99A9-69E4-48F1-8850-5298F7762AB9}.Mobile|x86.Build.0 = Mobile|Any CPU
		{DA4F99A9-69E4-48F1-8850-5298F7762AB9}.MobileApp|Any CPU.ActiveCfg = Mobile|Any CPU
		{DA4F99A9-69E4-48F1-8850-5298F7762AB9}.MobileApp|Any CPU.Build.0 = Mobile|Any CPU
		{DA4F99A9-69E4-48F1-8850-5298F7762AB9}.MobileApp|x64.ActiveCfg = Mobile|Any CPU
		{DA4F99A9-69E4-48F1-8850-5298F7762AB9}.MobileApp|x64.Build.0 = Mobile|Any CPU
		{DA4F99A9-69E4-48F1-8850-5298F7762AB9}.MobileApp|x86.ActiveCfg = Mobile|Any CPU
		{DA4F99A9-69E4-48F1-8850-5298F7762AB9}.MobileApp|x86.Build.0 = Mobile|Any CPU
		{DA4F99A9-69E4-48F1-8850-5298F7762AB9}.Release|Any CPU.ActiveCfg = Release|Any CPU
		{DA4F99A9-69E4-48F1-8850-5298F7762AB9}.Release|Any CPU.Build.0 = Release|Any CPU
		{DA4F99A9-69E4-48F1-8850-5298F7762AB9}.Release|x64.ActiveCfg = Release|Any CPU
		{DA4F99A9-69E4-48F1-8850-5298F7762AB9}.Release|x64.Build.0 = Release|Any CPU
		{DA4F99A9-69E4-48F1-8850-5298F7762AB9}.Release|x86.ActiveCfg = Release|Any CPU
		{DA4F99A9-69E4-48F1-8850-5298F7762AB9}.Release|x86.Build.0 = Release|Any CPU
		{DA4F99A9-69E4-48F1-8850-5298F7762AB9}.SecurityDebug|Any CPU.ActiveCfg = SecurityDebug|Any CPU
		{DA4F99A9-69E4-48F1-8850-5298F7762AB9}.SecurityDebug|Any CPU.Build.0 = SecurityDebug|Any CPU
		{DA4F99A9-69E4-48F1-8850-5298F7762AB9}.SecurityDebug|x64.ActiveCfg = SecurityDebug|Any CPU
		{DA4F99A9-69E4-48F1-8850-5298F7762AB9}.SecurityDebug|x64.Build.0 = SecurityDebug|Any CPU
		{DA4F99A9-69E4-48F1-8850-5298F7762AB9}.SecurityDebug|x86.ActiveCfg = SecurityDebug|Any CPU
		{DA4F99A9-69E4-48F1-8850-5298F7762AB9}.SecurityDebug|x86.Build.0 = SecurityDebug|Any CPU
		{DA4F99A9-69E4-48F1-8850-5298F7762AB9}.XamarinApp|Any CPU.ActiveCfg = Mobile|Any CPU
		{DA4F99A9-69E4-48F1-8850-5298F7762AB9}.XamarinApp|Any CPU.Build.0 = Mobile|Any CPU
		{DA4F99A9-69E4-48F1-8850-5298F7762AB9}.XamarinApp|x64.ActiveCfg = Mobile|Any CPU
		{DA4F99A9-69E4-48F1-8850-5298F7762AB9}.XamarinApp|x64.Build.0 = Mobile|Any CPU
		{DA4F99A9-69E4-48F1-8850-5298F7762AB9}.XamarinApp|x86.ActiveCfg = Mobile|Any CPU
		{DA4F99A9-69E4-48F1-8850-5298F7762AB9}.XamarinApp|x86.Build.0 = Mobile|Any CPU
		{8170E507-F79C-49C4-9EC2-9112C565A98B}.ClientDebug|Any CPU.ActiveCfg = ClientDebug|Any CPU
		{8170E507-F79C-49C4-9EC2-9112C565A98B}.ClientDebug|Any CPU.Build.0 = ClientDebug|Any CPU
		{8170E507-F79C-49C4-9EC2-9112C565A98B}.ClientDebug|x64.ActiveCfg = ClientDebug|Any CPU
		{8170E507-F79C-49C4-9EC2-9112C565A98B}.ClientDebug|x64.Build.0 = ClientDebug|Any CPU
		{8170E507-F79C-49C4-9EC2-9112C565A98B}.ClientDebug|x86.ActiveCfg = ClientDebug|Any CPU
		{8170E507-F79C-49C4-9EC2-9112C565A98B}.ClientDebug|x86.Build.0 = ClientDebug|Any CPU
		{8170E507-F79C-49C4-9EC2-9112C565A98B}.ClientSecurityDebug|Any CPU.ActiveCfg = ClientSecurityDebug|Any CPU
		{8170E507-F79C-49C4-9EC2-9112C565A98B}.ClientSecurityDebug|Any CPU.Build.0 = ClientSecurityDebug|Any CPU
		{8170E507-F79C-49C4-9EC2-9112C565A98B}.ClientSecurityDebug|x64.ActiveCfg = ClientSecurityDebug|Any CPU
		{8170E507-F79C-49C4-9EC2-9112C565A98B}.ClientSecurityDebug|x64.Build.0 = ClientSecurityDebug|Any CPU
		{8170E507-F79C-49C4-9EC2-9112C565A98B}.ClientSecurityDebug|x86.ActiveCfg = ClientSecurityDebug|Any CPU
		{8170E507-F79C-49C4-9EC2-9112C565A98B}.ClientSecurityDebug|x86.Build.0 = ClientSecurityDebug|Any CPU
		{8170E507-F79C-49C4-9EC2-9112C565A98B}.Debug|Any CPU.ActiveCfg = Debug|Any CPU
		{8170E507-F79C-49C4-9EC2-9112C565A98B}.Debug|Any CPU.Build.0 = Debug|Any CPU
		{8170E507-F79C-49C4-9EC2-9112C565A98B}.Debug|x64.ActiveCfg = Debug|Any CPU
		{8170E507-F79C-49C4-9EC2-9112C565A98B}.Debug|x64.Build.0 = Debug|Any CPU
		{8170E507-F79C-49C4-9EC2-9112C565A98B}.Debug|x86.ActiveCfg = Debug|Any CPU
		{8170E507-F79C-49C4-9EC2-9112C565A98B}.Debug|x86.Build.0 = Debug|Any CPU
		{8170E507-F79C-49C4-9EC2-9112C565A98B}.FrameAppVPS|Any CPU.ActiveCfg = ClientDebug|Any CPU
		{8170E507-F79C-49C4-9EC2-9112C565A98B}.FrameAppVPS|Any CPU.Build.0 = ClientDebug|Any CPU
		{8170E507-F79C-49C4-9EC2-9112C565A98B}.FrameAppVPS|x64.ActiveCfg = ClientDebug|Any CPU
		{8170E507-F79C-49C4-9EC2-9112C565A98B}.FrameAppVPS|x64.Build.0 = ClientDebug|Any CPU
		{8170E507-F79C-49C4-9EC2-9112C565A98B}.FrameAppVPS|x86.ActiveCfg = ClientDebug|Any CPU
		{8170E507-F79C-49C4-9EC2-9112C565A98B}.FrameAppVPS|x86.Build.0 = ClientDebug|Any CPU
		{8170E507-F79C-49C4-9EC2-9112C565A98B}.FrameSoftIR|Any CPU.ActiveCfg = ClientDebug|Any CPU
		{8170E507-F79C-49C4-9EC2-9112C565A98B}.FrameSoftIR|Any CPU.Build.0 = ClientDebug|Any CPU
		{8170E507-F79C-49C4-9EC2-9112C565A98B}.FrameSoftIR|x64.ActiveCfg = ClientDebug|Any CPU
		{8170E507-F79C-49C4-9EC2-9112C565A98B}.FrameSoftIR|x64.Build.0 = ClientDebug|Any CPU
		{8170E507-F79C-49C4-9EC2-9112C565A98B}.FrameSoftIR|x86.ActiveCfg = ClientDebug|Any CPU
		{8170E507-F79C-49C4-9EC2-9112C565A98B}.FrameSoftIR|x86.Build.0 = ClientDebug|Any CPU
		{8170E507-F79C-49C4-9EC2-9112C565A98B}.Mobile|Any CPU.ActiveCfg = ClientDebug|Any CPU
		{8170E507-F79C-49C4-9EC2-9112C565A98B}.Mobile|Any CPU.Build.0 = ClientDebug|Any CPU
		{8170E507-F79C-49C4-9EC2-9112C565A98B}.Mobile|x64.ActiveCfg = ClientDebug|Any CPU
		{8170E507-F79C-49C4-9EC2-9112C565A98B}.Mobile|x64.Build.0 = ClientDebug|Any CPU
		{8170E507-F79C-49C4-9EC2-9112C565A98B}.Mobile|x86.ActiveCfg = ClientDebug|Any CPU
		{8170E507-F79C-49C4-9EC2-9112C565A98B}.Mobile|x86.Build.0 = ClientDebug|Any CPU
		{8170E507-F79C-49C4-9EC2-9112C565A98B}.MobileApp|Any CPU.ActiveCfg = ClientDebug|Any CPU
		{8170E507-F79C-49C4-9EC2-9112C565A98B}.MobileApp|Any CPU.Build.0 = ClientDebug|Any CPU
		{8170E507-F79C-49C4-9EC2-9112C565A98B}.MobileApp|x64.ActiveCfg = ClientDebug|Any CPU
		{8170E507-F79C-49C4-9EC2-9112C565A98B}.MobileApp|x64.Build.0 = ClientDebug|Any CPU
		{8170E507-F79C-49C4-9EC2-9112C565A98B}.MobileApp|x86.ActiveCfg = ClientDebug|Any CPU
		{8170E507-F79C-49C4-9EC2-9112C565A98B}.MobileApp|x86.Build.0 = ClientDebug|Any CPU
		{8170E507-F79C-49C4-9EC2-9112C565A98B}.Release|Any CPU.ActiveCfg = Release|Any CPU
		{8170E507-F79C-49C4-9EC2-9112C565A98B}.Release|Any CPU.Build.0 = Release|Any CPU
		{8170E507-F79C-49C4-9EC2-9112C565A98B}.Release|x64.ActiveCfg = Release|Any CPU
		{8170E507-F79C-49C4-9EC2-9112C565A98B}.Release|x64.Build.0 = Release|Any CPU
		{8170E507-F79C-49C4-9EC2-9112C565A98B}.Release|x86.ActiveCfg = Release|Any CPU
		{8170E507-F79C-49C4-9EC2-9112C565A98B}.Release|x86.Build.0 = Release|Any CPU
		{8170E507-F79C-49C4-9EC2-9112C565A98B}.SecurityDebug|Any CPU.ActiveCfg = SecurityDebug|Any CPU
		{8170E507-F79C-49C4-9EC2-9112C565A98B}.SecurityDebug|Any CPU.Build.0 = SecurityDebug|Any CPU
		{8170E507-F79C-49C4-9EC2-9112C565A98B}.SecurityDebug|x64.ActiveCfg = SecurityDebug|Any CPU
		{8170E507-F79C-49C4-9EC2-9112C565A98B}.SecurityDebug|x64.Build.0 = SecurityDebug|Any CPU
		{8170E507-F79C-49C4-9EC2-9112C565A98B}.SecurityDebug|x86.ActiveCfg = SecurityDebug|Any CPU
		{8170E507-F79C-49C4-9EC2-9112C565A98B}.SecurityDebug|x86.Build.0 = SecurityDebug|Any CPU
		{8170E507-F79C-49C4-9EC2-9112C565A98B}.XamarinApp|Any CPU.ActiveCfg = ClientDebug|Any CPU
		{8170E507-F79C-49C4-9EC2-9112C565A98B}.XamarinApp|Any CPU.Build.0 = ClientDebug|Any CPU
		{8170E507-F79C-49C4-9EC2-9112C565A98B}.XamarinApp|x64.ActiveCfg = ClientDebug|Any CPU
		{8170E507-F79C-49C4-9EC2-9112C565A98B}.XamarinApp|x64.Build.0 = ClientDebug|Any CPU
		{8170E507-F79C-49C4-9EC2-9112C565A98B}.XamarinApp|x86.ActiveCfg = ClientDebug|Any CPU
		{8170E507-F79C-49C4-9EC2-9112C565A98B}.XamarinApp|x86.Build.0 = ClientDebug|Any CPU
		{0ADF8C2F-8526-4F7B-8670-A9491EEFE757}.ClientDebug|Any CPU.ActiveCfg = Debug|Any CPU
		{0ADF8C2F-8526-4F7B-8670-A9491EEFE757}.ClientDebug|Any CPU.Build.0 = Debug|Any CPU
		{0ADF8C2F-8526-4F7B-8670-A9491EEFE757}.ClientDebug|x64.ActiveCfg = Debug|Any CPU
		{0ADF8C2F-8526-4F7B-8670-A9491EEFE757}.ClientDebug|x64.Build.0 = Debug|Any CPU
		{0ADF8C2F-8526-4F7B-8670-A9491EEFE757}.ClientDebug|x86.ActiveCfg = Debug|Any CPU
		{0ADF8C2F-8526-4F7B-8670-A9491EEFE757}.ClientDebug|x86.Build.0 = Debug|Any CPU
		{0ADF8C2F-8526-4F7B-8670-A9491EEFE757}.ClientSecurityDebug|Any CPU.ActiveCfg = Debug|Any CPU
		{0ADF8C2F-8526-4F7B-8670-A9491EEFE757}.ClientSecurityDebug|Any CPU.Build.0 = Debug|Any CPU
		{0ADF8C2F-8526-4F7B-8670-A9491EEFE757}.ClientSecurityDebug|x64.ActiveCfg = Debug|Any CPU
		{0ADF8C2F-8526-4F7B-8670-A9491EEFE757}.ClientSecurityDebug|x64.Build.0 = Debug|Any CPU
		{0ADF8C2F-8526-4F7B-8670-A9491EEFE757}.ClientSecurityDebug|x86.ActiveCfg = Debug|Any CPU
		{0ADF8C2F-8526-4F7B-8670-A9491EEFE757}.ClientSecurityDebug|x86.Build.0 = Debug|Any CPU
		{0ADF8C2F-8526-4F7B-8670-A9491EEFE757}.Debug|Any CPU.ActiveCfg = Debug|Any CPU
		{0ADF8C2F-8526-4F7B-8670-A9491EEFE757}.Debug|Any CPU.Build.0 = Debug|Any CPU
		{0ADF8C2F-8526-4F7B-8670-A9491EEFE757}.Debug|x64.ActiveCfg = Debug|Any CPU
		{0ADF8C2F-8526-4F7B-8670-A9491EEFE757}.Debug|x64.Build.0 = Debug|Any CPU
		{0ADF8C2F-8526-4F7B-8670-A9491EEFE757}.Debug|x86.ActiveCfg = Debug|Any CPU
		{0ADF8C2F-8526-4F7B-8670-A9491EEFE757}.Debug|x86.Build.0 = Debug|Any CPU
		{0ADF8C2F-8526-4F7B-8670-A9491EEFE757}.FrameAppVPS|Any CPU.ActiveCfg = Release|Any CPU
		{0ADF8C2F-8526-4F7B-8670-A9491EEFE757}.FrameAppVPS|Any CPU.Build.0 = Release|Any CPU
		{0ADF8C2F-8526-4F7B-8670-A9491EEFE757}.FrameAppVPS|x64.ActiveCfg = Release|Any CPU
		{0ADF8C2F-8526-4F7B-8670-A9491EEFE757}.FrameAppVPS|x64.Build.0 = Release|Any CPU
		{0ADF8C2F-8526-4F7B-8670-A9491EEFE757}.FrameAppVPS|x86.ActiveCfg = Release|Any CPU
		{0ADF8C2F-8526-4F7B-8670-A9491EEFE757}.FrameAppVPS|x86.Build.0 = Release|Any CPU
		{0ADF8C2F-8526-4F7B-8670-A9491EEFE757}.FrameSoftIR|Any CPU.ActiveCfg = Release|Any CPU
		{0ADF8C2F-8526-4F7B-8670-A9491EEFE757}.FrameSoftIR|Any CPU.Build.0 = Release|Any CPU
		{0ADF8C2F-8526-4F7B-8670-A9491EEFE757}.FrameSoftIR|x64.ActiveCfg = Release|Any CPU
		{0ADF8C2F-8526-4F7B-8670-A9491EEFE757}.FrameSoftIR|x64.Build.0 = Release|Any CPU
		{0ADF8C2F-8526-4F7B-8670-A9491EEFE757}.FrameSoftIR|x86.ActiveCfg = Release|Any CPU
		{0ADF8C2F-8526-4F7B-8670-A9491EEFE757}.FrameSoftIR|x86.Build.0 = Release|Any CPU
		{0ADF8C2F-8526-4F7B-8670-A9491EEFE757}.Mobile|Any CPU.ActiveCfg = Release|Any CPU
		{0ADF8C2F-8526-4F7B-8670-A9491EEFE757}.Mobile|Any CPU.Build.0 = Release|Any CPU
		{0ADF8C2F-8526-4F7B-8670-A9491EEFE757}.Mobile|x64.ActiveCfg = Release|Any CPU
		{0ADF8C2F-8526-4F7B-8670-A9491EEFE757}.Mobile|x64.Build.0 = Release|Any CPU
		{0ADF8C2F-8526-4F7B-8670-A9491EEFE757}.Mobile|x86.ActiveCfg = Release|Any CPU
		{0ADF8C2F-8526-4F7B-8670-A9491EEFE757}.Mobile|x86.Build.0 = Release|Any CPU
		{0ADF8C2F-8526-4F7B-8670-A9491EEFE757}.MobileApp|Any CPU.ActiveCfg = Release|Any CPU
		{0ADF8C2F-8526-4F7B-8670-A9491EEFE757}.MobileApp|Any CPU.Build.0 = Release|Any CPU
		{0ADF8C2F-8526-4F7B-8670-A9491EEFE757}.MobileApp|x64.ActiveCfg = Release|Any CPU
		{0ADF8C2F-8526-4F7B-8670-A9491EEFE757}.MobileApp|x64.Build.0 = Release|Any CPU
		{0ADF8C2F-8526-4F7B-8670-A9491EEFE757}.MobileApp|x86.ActiveCfg = Release|Any CPU
		{0ADF8C2F-8526-4F7B-8670-A9491EEFE757}.MobileApp|x86.Build.0 = Release|Any CPU
		{0ADF8C2F-8526-4F7B-8670-A9491EEFE757}.Release|Any CPU.ActiveCfg = Release|Any CPU
		{0ADF8C2F-8526-4F7B-8670-A9491EEFE757}.Release|Any CPU.Build.0 = Release|Any CPU
		{0ADF8C2F-8526-4F7B-8670-A9491EEFE757}.Release|x64.ActiveCfg = Release|Any CPU
		{0ADF8C2F-8526-4F7B-8670-A9491EEFE757}.Release|x64.Build.0 = Release|Any CPU
		{0ADF8C2F-8526-4F7B-8670-A9491EEFE757}.Release|x86.ActiveCfg = Release|Any CPU
		{0ADF8C2F-8526-4F7B-8670-A9491EEFE757}.Release|x86.Build.0 = Release|Any CPU
		{0ADF8C2F-8526-4F7B-8670-A9491EEFE757}.SecurityDebug|Any CPU.ActiveCfg = Debug|Any CPU
		{0ADF8C2F-8526-4F7B-8670-A9491EEFE757}.SecurityDebug|Any CPU.Build.0 = Debug|Any CPU
		{0ADF8C2F-8526-4F7B-8670-A9491EEFE757}.SecurityDebug|x64.ActiveCfg = Debug|Any CPU
		{0ADF8C2F-8526-4F7B-8670-A9491EEFE757}.SecurityDebug|x64.Build.0 = Debug|Any CPU
		{0ADF8C2F-8526-4F7B-8670-A9491EEFE757}.SecurityDebug|x86.ActiveCfg = Debug|Any CPU
		{0ADF8C2F-8526-4F7B-8670-A9491EEFE757}.SecurityDebug|x86.Build.0 = Debug|Any CPU
		{0ADF8C2F-8526-4F7B-8670-A9491EEFE757}.XamarinApp|Any CPU.ActiveCfg = Release|Any CPU
		{0ADF8C2F-8526-4F7B-8670-A9491EEFE757}.XamarinApp|Any CPU.Build.0 = Release|Any CPU
		{0ADF8C2F-8526-4F7B-8670-A9491EEFE757}.XamarinApp|x64.ActiveCfg = Release|Any CPU
		{0ADF8C2F-8526-4F7B-8670-A9491EEFE757}.XamarinApp|x64.Build.0 = Release|Any CPU
		{0ADF8C2F-8526-4F7B-8670-A9491EEFE757}.XamarinApp|x86.ActiveCfg = Release|Any CPU
		{0ADF8C2F-8526-4F7B-8670-A9491EEFE757}.XamarinApp|x86.Build.0 = Release|Any CPU
		{EE7FD998-1CC1-47C9-AF1B-546675210E5B}.ClientDebug|Any CPU.ActiveCfg = Debug|Any CPU
		{EE7FD998-1CC1-47C9-AF1B-546675210E5B}.ClientDebug|Any CPU.Build.0 = Debug|Any CPU
		{EE7FD998-1CC1-47C9-AF1B-546675210E5B}.ClientDebug|x64.ActiveCfg = Debug|x64
		{EE7FD998-1CC1-47C9-AF1B-546675210E5B}.ClientDebug|x64.Build.0 = Debug|x64
		{EE7FD998-1CC1-47C9-AF1B-546675210E5B}.ClientDebug|x86.ActiveCfg = Debug|x86
		{EE7FD998-1CC1-47C9-AF1B-546675210E5B}.ClientDebug|x86.Build.0 = Debug|x86
		{EE7FD998-1CC1-47C9-AF1B-546675210E5B}.ClientSecurityDebug|Any CPU.ActiveCfg = Debug|Any CPU
		{EE7FD998-1CC1-47C9-AF1B-546675210E5B}.ClientSecurityDebug|Any CPU.Build.0 = Debug|Any CPU
		{EE7FD998-1CC1-47C9-AF1B-546675210E5B}.ClientSecurityDebug|x64.ActiveCfg = Debug|x64
		{EE7FD998-1CC1-47C9-AF1B-546675210E5B}.ClientSecurityDebug|x64.Build.0 = Debug|x64
		{EE7FD998-1CC1-47C9-AF1B-546675210E5B}.ClientSecurityDebug|x86.ActiveCfg = Debug|x86
		{EE7FD998-1CC1-47C9-AF1B-546675210E5B}.ClientSecurityDebug|x86.Build.0 = Debug|x86
		{EE7FD998-1CC1-47C9-AF1B-546675210E5B}.Debug|Any CPU.ActiveCfg = Debug|Any CPU
		{EE7FD998-1CC1-47C9-AF1B-546675210E5B}.Debug|Any CPU.Build.0 = Debug|Any CPU
		{EE7FD998-1CC1-47C9-AF1B-546675210E5B}.Debug|x64.ActiveCfg = Debug|x64
		{EE7FD998-1CC1-47C9-AF1B-546675210E5B}.Debug|x64.Build.0 = Debug|x64
		{EE7FD998-1CC1-47C9-AF1B-546675210E5B}.Debug|x86.ActiveCfg = Debug|x86
		{EE7FD998-1CC1-47C9-AF1B-546675210E5B}.Debug|x86.Build.0 = Debug|x86
		{EE7FD998-1CC1-47C9-AF1B-546675210E5B}.FrameAppVPS|Any CPU.ActiveCfg = XamarinApp|Any CPU
		{EE7FD998-1CC1-47C9-AF1B-546675210E5B}.FrameAppVPS|Any CPU.Build.0 = XamarinApp|Any CPU
		{EE7FD998-1CC1-47C9-AF1B-546675210E5B}.FrameAppVPS|x64.ActiveCfg = XamarinApp|x64
		{EE7FD998-1CC1-47C9-AF1B-546675210E5B}.FrameAppVPS|x64.Build.0 = XamarinApp|x64
		{EE7FD998-1CC1-47C9-AF1B-546675210E5B}.FrameAppVPS|x86.ActiveCfg = XamarinApp|x86
		{EE7FD998-1CC1-47C9-AF1B-546675210E5B}.FrameAppVPS|x86.Build.0 = XamarinApp|x86
		{EE7FD998-1CC1-47C9-AF1B-546675210E5B}.FrameSoftIR|Any CPU.ActiveCfg = XamarinApp|Any CPU
		{EE7FD998-1CC1-47C9-AF1B-546675210E5B}.FrameSoftIR|Any CPU.Build.0 = XamarinApp|Any CPU
		{EE7FD998-1CC1-47C9-AF1B-546675210E5B}.FrameSoftIR|x64.ActiveCfg = XamarinApp|x64
		{EE7FD998-1CC1-47C9-AF1B-546675210E5B}.FrameSoftIR|x64.Build.0 = XamarinApp|x64
		{EE7FD998-1CC1-47C9-AF1B-546675210E5B}.FrameSoftIR|x86.ActiveCfg = XamarinApp|x86
		{EE7FD998-1CC1-47C9-AF1B-546675210E5B}.FrameSoftIR|x86.Build.0 = XamarinApp|x86
		{EE7FD998-1CC1-47C9-AF1B-546675210E5B}.Mobile|Any CPU.ActiveCfg = MobileApp|Any CPU
		{EE7FD998-1CC1-47C9-AF1B-546675210E5B}.Mobile|Any CPU.Build.0 = MobileApp|Any CPU
		{EE7FD998-1CC1-47C9-AF1B-546675210E5B}.Mobile|x64.ActiveCfg = MobileApp|x64
		{EE7FD998-1CC1-47C9-AF1B-546675210E5B}.Mobile|x64.Build.0 = MobileApp|x64
		{EE7FD998-1CC1-47C9-AF1B-546675210E5B}.Mobile|x86.ActiveCfg = MobileApp|x86
		{EE7FD998-1CC1-47C9-AF1B-546675210E5B}.Mobile|x86.Build.0 = MobileApp|x86
		{EE7FD998-1CC1-47C9-AF1B-546675210E5B}.MobileApp|Any CPU.ActiveCfg = MobileApp|Any CPU
		{EE7FD998-1CC1-47C9-AF1B-546675210E5B}.MobileApp|Any CPU.Build.0 = MobileApp|Any CPU
		{EE7FD998-1CC1-47C9-AF1B-546675210E5B}.MobileApp|x64.ActiveCfg = MobileApp|x64
		{EE7FD998-1CC1-47C9-AF1B-546675210E5B}.MobileApp|x64.Build.0 = MobileApp|x64
		{EE7FD998-1CC1-47C9-AF1B-546675210E5B}.MobileApp|x86.ActiveCfg = MobileApp|x86
		{EE7FD998-1CC1-47C9-AF1B-546675210E5B}.MobileApp|x86.Build.0 = MobileApp|x86
		{EE7FD998-1CC1-47C9-AF1B-546675210E5B}.Release|Any CPU.ActiveCfg = Release|Any CPU
		{EE7FD998-1CC1-47C9-AF1B-546675210E5B}.Release|Any CPU.Build.0 = Release|Any CPU
		{EE7FD998-1CC1-47C9-AF1B-546675210E5B}.Release|x64.ActiveCfg = Release|x64
		{EE7FD998-1CC1-47C9-AF1B-546675210E5B}.Release|x64.Build.0 = Release|x64
		{EE7FD998-1CC1-47C9-AF1B-546675210E5B}.Release|x86.ActiveCfg = Release|x86
		{EE7FD998-1CC1-47C9-AF1B-546675210E5B}.Release|x86.Build.0 = Release|x86
		{EE7FD998-1CC1-47C9-AF1B-546675210E5B}.SecurityDebug|Any CPU.ActiveCfg = Debug|Any CPU
		{EE7FD998-1CC1-47C9-AF1B-546675210E5B}.SecurityDebug|Any CPU.Build.0 = Debug|Any CPU
		{EE7FD998-1CC1-47C9-AF1B-546675210E5B}.SecurityDebug|x64.ActiveCfg = Debug|x64
		{EE7FD998-1CC1-47C9-AF1B-546675210E5B}.SecurityDebug|x64.Build.0 = Debug|x64
		{EE7FD998-1CC1-47C9-AF1B-546675210E5B}.SecurityDebug|x86.ActiveCfg = Debug|x86
		{EE7FD998-1CC1-47C9-AF1B-546675210E5B}.SecurityDebug|x86.Build.0 = Debug|x86
		{EE7FD998-1CC1-47C9-AF1B-546675210E5B}.XamarinApp|Any CPU.ActiveCfg = XamarinApp|Any CPU
		{EE7FD998-1CC1-47C9-AF1B-546675210E5B}.XamarinApp|Any CPU.Build.0 = XamarinApp|Any CPU
		{EE7FD998-1CC1-47C9-AF1B-546675210E5B}.XamarinApp|x64.ActiveCfg = XamarinApp|x64
		{EE7FD998-1CC1-47C9-AF1B-546675210E5B}.XamarinApp|x64.Build.0 = XamarinApp|x64
		{EE7FD998-1CC1-47C9-AF1B-546675210E5B}.XamarinApp|x86.ActiveCfg = XamarinApp|x86
		{EE7FD998-1CC1-47C9-AF1B-546675210E5B}.XamarinApp|x86.Build.0 = XamarinApp|x86
		{4C518EC4-1897-47B7-9433-05DB59D9CCE5}.ClientDebug|Any CPU.ActiveCfg = Debug|Any CPU
		{4C518EC4-1897-47B7-9433-05DB59D9CCE5}.ClientDebug|Any CPU.Build.0 = Debug|Any CPU
		{4C518EC4-1897-47B7-9433-05DB59D9CCE5}.ClientDebug|x64.ActiveCfg = Debug|x64
		{4C518EC4-1897-47B7-9433-05DB59D9CCE5}.ClientDebug|x64.Build.0 = Debug|x64
		{4C518EC4-1897-47B7-9433-05DB59D9CCE5}.ClientDebug|x86.ActiveCfg = Debug|x86
		{4C518EC4-1897-47B7-9433-05DB59D9CCE5}.ClientDebug|x86.Build.0 = Debug|x86
		{4C518EC4-1897-47B7-9433-05DB59D9CCE5}.ClientSecurityDebug|Any CPU.ActiveCfg = Debug|Any CPU
		{4C518EC4-1897-47B7-9433-05DB59D9CCE5}.ClientSecurityDebug|Any CPU.Build.0 = Debug|Any CPU
		{4C518EC4-1897-47B7-9433-05DB59D9CCE5}.ClientSecurityDebug|x64.ActiveCfg = Debug|x64
		{4C518EC4-1897-47B7-9433-05DB59D9CCE5}.ClientSecurityDebug|x64.Build.0 = Debug|x64
		{4C518EC4-1897-47B7-9433-05DB59D9CCE5}.ClientSecurityDebug|x86.ActiveCfg = Debug|x86
		{4C518EC4-1897-47B7-9433-05DB59D9CCE5}.ClientSecurityDebug|x86.Build.0 = Debug|x86
		{4C518EC4-1897-47B7-9433-05DB59D9CCE5}.Debug|Any CPU.ActiveCfg = Debug|Any CPU
		{4C518EC4-1897-47B7-9433-05DB59D9CCE5}.Debug|Any CPU.Build.0 = Debug|Any CPU
		{4C518EC4-1897-47B7-9433-05DB59D9CCE5}.Debug|x64.ActiveCfg = Debug|x64
		{4C518EC4-1897-47B7-9433-05DB59D9CCE5}.Debug|x64.Build.0 = Debug|x64
		{4C518EC4-1897-47B7-9433-05DB59D9CCE5}.Debug|x86.ActiveCfg = Debug|x86
		{4C518EC4-1897-47B7-9433-05DB59D9CCE5}.Debug|x86.Build.0 = Debug|x86
		{4C518EC4-1897-47B7-9433-05DB59D9CCE5}.FrameAppVPS|Any CPU.ActiveCfg = XamarinApp|Any CPU
		{4C518EC4-1897-47B7-9433-05DB59D9CCE5}.FrameAppVPS|Any CPU.Build.0 = XamarinApp|Any CPU
		{4C518EC4-1897-47B7-9433-05DB59D9CCE5}.FrameAppVPS|x64.ActiveCfg = XamarinApp|x64
		{4C518EC4-1897-47B7-9433-05DB59D9CCE5}.FrameAppVPS|x64.Build.0 = XamarinApp|x64
		{4C518EC4-1897-47B7-9433-05DB59D9CCE5}.FrameAppVPS|x86.ActiveCfg = XamarinApp|x86
		{4C518EC4-1897-47B7-9433-05DB59D9CCE5}.FrameAppVPS|x86.Build.0 = XamarinApp|x86
		{4C518EC4-1897-47B7-9433-05DB59D9CCE5}.FrameSoftIR|Any CPU.ActiveCfg = XamarinApp|Any CPU
		{4C518EC4-1897-47B7-9433-05DB59D9CCE5}.FrameSoftIR|Any CPU.Build.0 = XamarinApp|Any CPU
		{4C518EC4-1897-47B7-9433-05DB59D9CCE5}.FrameSoftIR|x64.ActiveCfg = XamarinApp|x64
		{4C518EC4-1897-47B7-9433-05DB59D9CCE5}.FrameSoftIR|x64.Build.0 = XamarinApp|x64
		{4C518EC4-1897-47B7-9433-05DB59D9CCE5}.FrameSoftIR|x86.ActiveCfg = XamarinApp|x86
		{4C518EC4-1897-47B7-9433-05DB59D9CCE5}.FrameSoftIR|x86.Build.0 = XamarinApp|x86
		{4C518EC4-1897-47B7-9433-05DB59D9CCE5}.Mobile|Any CPU.ActiveCfg = MobileApp|Any CPU
		{4C518EC4-1897-47B7-9433-05DB59D9CCE5}.Mobile|Any CPU.Build.0 = MobileApp|Any CPU
		{4C518EC4-1897-47B7-9433-05DB59D9CCE5}.Mobile|x64.ActiveCfg = MobileApp|x64
		{4C518EC4-1897-47B7-9433-05DB59D9CCE5}.Mobile|x64.Build.0 = MobileApp|x64
		{4C518EC4-1897-47B7-9433-05DB59D9CCE5}.Mobile|x86.ActiveCfg = MobileApp|x86
		{4C518EC4-1897-47B7-9433-05DB59D9CCE5}.Mobile|x86.Build.0 = MobileApp|x86
		{4C518EC4-1897-47B7-9433-05DB59D9CCE5}.MobileApp|Any CPU.ActiveCfg = MobileApp|Any CPU
		{4C518EC4-1897-47B7-9433-05DB59D9CCE5}.MobileApp|Any CPU.Build.0 = MobileApp|Any CPU
		{4C518EC4-1897-47B7-9433-05DB59D9CCE5}.MobileApp|x64.ActiveCfg = MobileApp|x64
		{4C518EC4-1897-47B7-9433-05DB59D9CCE5}.MobileApp|x64.Build.0 = MobileApp|x64
		{4C518EC4-1897-47B7-9433-05DB59D9CCE5}.MobileApp|x86.ActiveCfg = MobileApp|x86
		{4C518EC4-1897-47B7-9433-05DB59D9CCE5}.MobileApp|x86.Build.0 = MobileApp|x86
		{4C518EC4-1897-47B7-9433-05DB59D9CCE5}.Release|Any CPU.ActiveCfg = Release|Any CPU
		{4C518EC4-1897-47B7-9433-05DB59D9CCE5}.Release|Any CPU.Build.0 = Release|Any CPU
		{4C518EC4-1897-47B7-9433-05DB59D9CCE5}.Release|x64.ActiveCfg = Release|x64
		{4C518EC4-1897-47B7-9433-05DB59D9CCE5}.Release|x64.Build.0 = Release|x64
		{4C518EC4-1897-47B7-9433-05DB59D9CCE5}.Release|x86.ActiveCfg = Release|x86
		{4C518EC4-1897-47B7-9433-05DB59D9CCE5}.Release|x86.Build.0 = Release|x86
		{4C518EC4-1897-47B7-9433-05DB59D9CCE5}.SecurityDebug|Any CPU.ActiveCfg = Debug|Any CPU
		{4C518EC4-1897-47B7-9433-05DB59D9CCE5}.SecurityDebug|Any CPU.Build.0 = Debug|Any CPU
		{4C518EC4-1897-47B7-9433-05DB59D9CCE5}.SecurityDebug|x64.ActiveCfg = Debug|x64
		{4C518EC4-1897-47B7-9433-05DB59D9CCE5}.SecurityDebug|x64.Build.0 = Debug|x64
		{4C518EC4-1897-47B7-9433-05DB59D9CCE5}.SecurityDebug|x86.ActiveCfg = Debug|x86
		{4C518EC4-1897-47B7-9433-05DB59D9CCE5}.SecurityDebug|x86.Build.0 = Debug|x86
		{4C518EC4-1897-47B7-9433-05DB59D9CCE5}.XamarinApp|Any CPU.ActiveCfg = XamarinApp|Any CPU
		{4C518EC4-1897-47B7-9433-05DB59D9CCE5}.XamarinApp|Any CPU.Build.0 = XamarinApp|Any CPU
		{4C518EC4-1897-47B7-9433-05DB59D9CCE5}.XamarinApp|x64.ActiveCfg = XamarinApp|x64
		{4C518EC4-1897-47B7-9433-05DB59D9CCE5}.XamarinApp|x64.Build.0 = XamarinApp|x64
		{4C518EC4-1897-47B7-9433-05DB59D9CCE5}.XamarinApp|x86.ActiveCfg = XamarinApp|x86
		{4C518EC4-1897-47B7-9433-05DB59D9CCE5}.XamarinApp|x86.Build.0 = XamarinApp|x86
		{465E0483-DCFC-40E9-B302-9482E53241E0}.ClientDebug|Any CPU.ActiveCfg = Debug|Any CPU
		{465E0483-DCFC-40E9-B302-9482E53241E0}.ClientDebug|Any CPU.Build.0 = Debug|Any CPU
		{465E0483-DCFC-40E9-B302-9482E53241E0}.ClientDebug|x64.ActiveCfg = Debug|Any CPU
		{465E0483-DCFC-40E9-B302-9482E53241E0}.ClientDebug|x64.Build.0 = Debug|Any CPU
		{465E0483-DCFC-40E9-B302-9482E53241E0}.ClientDebug|x86.ActiveCfg = Debug|Any CPU
		{465E0483-DCFC-40E9-B302-9482E53241E0}.ClientDebug|x86.Build.0 = Debug|Any CPU
		{465E0483-DCFC-40E9-B302-9482E53241E0}.ClientSecurityDebug|Any CPU.ActiveCfg = Debug|Any CPU
		{465E0483-DCFC-40E9-B302-9482E53241E0}.ClientSecurityDebug|Any CPU.Build.0 = Debug|Any CPU
		{465E0483-DCFC-40E9-B302-9482E53241E0}.ClientSecurityDebug|x64.ActiveCfg = Debug|Any CPU
		{465E0483-DCFC-40E9-B302-9482E53241E0}.ClientSecurityDebug|x64.Build.0 = Debug|Any CPU
		{465E0483-DCFC-40E9-B302-9482E53241E0}.ClientSecurityDebug|x86.ActiveCfg = Debug|Any CPU
		{465E0483-DCFC-40E9-B302-9482E53241E0}.ClientSecurityDebug|x86.Build.0 = Debug|Any CPU
		{465E0483-DCFC-40E9-B302-9482E53241E0}.Debug|Any CPU.ActiveCfg = Debug|Any CPU
		{465E0483-DCFC-40E9-B302-9482E53241E0}.Debug|Any CPU.Build.0 = Debug|Any CPU
		{465E0483-DCFC-40E9-B302-9482E53241E0}.Debug|x64.ActiveCfg = Debug|Any CPU
		{465E0483-DCFC-40E9-B302-9482E53241E0}.Debug|x64.Build.0 = Debug|Any CPU
		{465E0483-DCFC-40E9-B302-9482E53241E0}.Debug|x86.ActiveCfg = Debug|Any CPU
		{465E0483-DCFC-40E9-B302-9482E53241E0}.Debug|x86.Build.0 = Debug|Any CPU
		{465E0483-DCFC-40E9-B302-9482E53241E0}.FrameAppVPS|Any CPU.ActiveCfg = Release|Any CPU
		{465E0483-DCFC-40E9-B302-9482E53241E0}.FrameAppVPS|Any CPU.Build.0 = Release|Any CPU
		{465E0483-DCFC-40E9-B302-9482E53241E0}.FrameAppVPS|x64.ActiveCfg = Release|Any CPU
		{465E0483-DCFC-40E9-B302-9482E53241E0}.FrameAppVPS|x64.Build.0 = Release|Any CPU
		{465E0483-DCFC-40E9-B302-9482E53241E0}.FrameAppVPS|x86.ActiveCfg = Release|Any CPU
		{465E0483-DCFC-40E9-B302-9482E53241E0}.FrameAppVPS|x86.Build.0 = Release|Any CPU
		{465E0483-DCFC-40E9-B302-9482E53241E0}.FrameSoftIR|Any CPU.ActiveCfg = Release|Any CPU
		{465E0483-DCFC-40E9-B302-9482E53241E0}.FrameSoftIR|Any CPU.Build.0 = Release|Any CPU
		{465E0483-DCFC-40E9-B302-9482E53241E0}.FrameSoftIR|x64.ActiveCfg = Release|Any CPU
		{465E0483-DCFC-40E9-B302-9482E53241E0}.FrameSoftIR|x64.Build.0 = Release|Any CPU
		{465E0483-DCFC-40E9-B302-9482E53241E0}.FrameSoftIR|x86.ActiveCfg = Release|Any CPU
		{465E0483-DCFC-40E9-B302-9482E53241E0}.FrameSoftIR|x86.Build.0 = Release|Any CPU
		{465E0483-DCFC-40E9-B302-9482E53241E0}.Mobile|Any CPU.ActiveCfg = Release|Any CPU
		{465E0483-DCFC-40E9-B302-9482E53241E0}.Mobile|Any CPU.Build.0 = Release|Any CPU
		{465E0483-DCFC-40E9-B302-9482E53241E0}.Mobile|x64.ActiveCfg = Release|Any CPU
		{465E0483-DCFC-40E9-B302-9482E53241E0}.Mobile|x64.Build.0 = Release|Any CPU
		{465E0483-DCFC-40E9-B302-9482E53241E0}.Mobile|x86.ActiveCfg = Release|Any CPU
		{465E0483-DCFC-40E9-B302-9482E53241E0}.Mobile|x86.Build.0 = Release|Any CPU
		{465E0483-DCFC-40E9-B302-9482E53241E0}.MobileApp|Any CPU.ActiveCfg = Release|Any CPU
		{465E0483-DCFC-40E9-B302-9482E53241E0}.MobileApp|Any CPU.Build.0 = Release|Any CPU
		{465E0483-DCFC-40E9-B302-9482E53241E0}.MobileApp|x64.ActiveCfg = Release|Any CPU
		{465E0483-DCFC-40E9-B302-9482E53241E0}.MobileApp|x64.Build.0 = Release|Any CPU
		{465E0483-DCFC-40E9-B302-9482E53241E0}.MobileApp|x86.ActiveCfg = Release|Any CPU
		{465E0483-DCFC-40E9-B302-9482E53241E0}.MobileApp|x86.Build.0 = Release|Any CPU
		{465E0483-DCFC-40E9-B302-9482E53241E0}.Release|Any CPU.ActiveCfg = Release|Any CPU
		{465E0483-DCFC-40E9-B302-9482E53241E0}.Release|Any CPU.Build.0 = Release|Any CPU
		{465E0483-DCFC-40E9-B302-9482E53241E0}.Release|x64.ActiveCfg = Release|Any CPU
		{465E0483-DCFC-40E9-B302-9482E53241E0}.Release|x64.Build.0 = Release|Any CPU
		{465E0483-DCFC-40E9-B302-9482E53241E0}.Release|x86.ActiveCfg = Release|Any CPU
		{465E0483-DCFC-40E9-B302-9482E53241E0}.Release|x86.Build.0 = Release|Any CPU
		{465E0483-DCFC-40E9-B302-9482E53241E0}.SecurityDebug|Any CPU.ActiveCfg = Debug|Any CPU
		{465E0483-DCFC-40E9-B302-9482E53241E0}.SecurityDebug|Any CPU.Build.0 = Debug|Any CPU
		{465E0483-DCFC-40E9-B302-9482E53241E0}.SecurityDebug|x64.ActiveCfg = Debug|Any CPU
		{465E0483-DCFC-40E9-B302-9482E53241E0}.SecurityDebug|x64.Build.0 = Debug|Any CPU
		{465E0483-DCFC-40E9-B302-9482E53241E0}.SecurityDebug|x86.ActiveCfg = Debug|Any CPU
		{465E0483-DCFC-40E9-B302-9482E53241E0}.SecurityDebug|x86.Build.0 = Debug|Any CPU
		{465E0483-DCFC-40E9-B302-9482E53241E0}.XamarinApp|Any CPU.ActiveCfg = Release|Any CPU
		{465E0483-DCFC-40E9-B302-9482E53241E0}.XamarinApp|Any CPU.Build.0 = Release|Any CPU
		{465E0483-DCFC-40E9-B302-9482E53241E0}.XamarinApp|x64.ActiveCfg = Release|Any CPU
		{465E0483-DCFC-40E9-B302-9482E53241E0}.XamarinApp|x64.Build.0 = Release|Any CPU
		{465E0483-DCFC-40E9-B302-9482E53241E0}.XamarinApp|x86.ActiveCfg = Release|Any CPU
		{465E0483-DCFC-40E9-B302-9482E53241E0}.XamarinApp|x86.Build.0 = Release|Any CPU
	EndGlobalSection
	GlobalSection(SolutionProperties) = preSolution
		HideSolutionNode = FALSE
	EndGlobalSection
	GlobalSection(NestedProjects) = preSolution
		{B7996FA6-9F16-4EA0-B55B-382EB499B564} = {200C7A56-CC30-4E40-96AA-21CA5A61CA7C}
		{C6E04111-2066-4C85-8761-6DFBBB5D9CD4} = {7E529B87-0589-468E-86D8-CC4A84BE2FFE}
		{CAFF9539-9D29-4F9E-942C-C05D0D16F148} = {C6E04111-2066-4C85-8761-6DFBBB5D9CD4}
		{38E79E4E-330C-4D7F-B46B-5FA493B84620} = {200C7A56-CC30-4E40-96AA-21CA5A61CA7C}
		{E2F6CC23-2366-45D8-ABE2-43861D7DF3F5} = {C6E04111-2066-4C85-8761-6DFBBB5D9CD4}
		{3781EC35-22EF-4A2A-A9A1-11376E759A96} = {200C7A56-CC30-4E40-96AA-21CA5A61CA7C}
		{7CBFF213-653B-4FD0-9964-48EB9C4D5780} = {C6E04111-2066-4C85-8761-6DFBBB5D9CD4}
		{A3CCF331-CDD9-47CC-AC0E-55B1C80B0531} = {C6E04111-2066-4C85-8761-6DFBBB5D9CD4}
		{17D30AAA-2BAD-48EE-ADCA-49D87A8860DC} = {C6E04111-2066-4C85-8761-6DFBBB5D9CD4}
		{2BFFA0F4-B36C-4452-A87B-C5B783874804} = {20333623-E414-4FA5-9444-58B436FCE6A0}
		{0CC93CB7-824C-45E4-BBB1-54839913BB9C} = {20333623-E414-4FA5-9444-58B436FCE6A0}
		{869CA861-1EA7-4694-BA8A-4B71D5C9B3E9} = {7E529B87-0589-468E-86D8-CC4A84BE2FFE}
		{78D8601B-E331-47B7-A4A8-46B7460D82A4} = {869CA861-1EA7-4694-BA8A-4B71D5C9B3E9}
		{DA4F99A9-69E4-48F1-8850-5298F7762AB9} = {869CA861-1EA7-4694-BA8A-4B71D5C9B3E9}
		{8170E507-F79C-49C4-9EC2-9112C565A98B} = {869CA861-1EA7-4694-BA8A-4B71D5C9B3E9}
		{EE7FD998-1CC1-47C9-AF1B-546675210E5B} = {C6E04111-2066-4C85-8761-6DFBBB5D9CD4}
		{4C518EC4-1897-47B7-9433-05DB59D9CCE5} = {C6E04111-2066-4C85-8761-6DFBBB5D9CD4}
		{465E0483-DCFC-40E9-B302-9482E53241E0} = {C6E04111-2066-4C85-8761-6DFBBB5D9CD4}
	EndGlobalSection
EndGlobal
