
Microsoft Visual Studio Solution File, Format Version 12.00
# Visual Studio 2013
VisualStudioVersion = 12.0.40629.0
MinimumVisualStudioVersion = 10.0.40219.1
Project("{FAE04EC0-301F-11D3-BF4B-00C04F79EFBC}") = "Agrin.MonoAndroid.UI", "Agrin.Android.UI\Agrin.MonoAndroid.UI.csproj", "{4DADFE0A-1AC5-4798-A8A4-6AC3580B00F1}"
EndProject
Project("{2150E333-8FDC-42A3-9474-1A3956D46DE8}") = "Libs", "Libs", "{08908415-4B0F-436C-B53F-B8171818C284}"
	ProjectSection(SolutionItems) = preProject
		Agrin.Data.dll = Agrin.Data.dll
		Agrin.Download.dll = Agrin.Download.dll
		Agrin.Helper.dll = Agrin.Helper.dll
		Agrin.IO.dll = Agrin.IO.dll
		Agrin.LinkExtractor.dll = Agrin.LinkExtractor.dll
		Agrin.Log.dll = Agrin.Log.dll
		Newtonsoft.Json.dll = Newtonsoft.Json.dll
	EndProjectSection
EndProject
Project("{2150E333-8FDC-42A3-9474-1A3956D46DE8}") = "Solution Items", "Solution Items", "{29A18B09-4958-46BB-B1C6-DF7384E7FC30}"
	ProjectSection(SolutionItems) = preProject
		log.txt = log.txt
	EndProjectSection
EndProject
Project("{FAE04EC0-301F-11D3-BF4B-00C04F79EFBC}") = "Agrin.Android.Test", "Agrin.Android.Test\Agrin.Android.Test.csproj", "{164DE157-2FF2-4421-916E-D2407B6818D8}"
EndProject
Project("{FAE04EC0-301F-11D3-BF4B-00C04F79EFBC}") = "Agrin.RapidService", "Agrin.RapidService\Agrin.RapidService.csproj", "{02B8E286-09E5-4567-ACDC-32BD17011D73}"
EndProject
Project("{FAE04EC0-301F-11D3-BF4B-00C04F79EFBC}") = "AndroidUnitTest", "AndroidUnitTest\AndroidUnitTest.csproj", "{40875F79-84B3-4139-882D-B0075F556E8A}"
EndProject
Project("{FAE04EC0-301F-11D3-BF4B-00C04F79EFBC}") = "Xamarin.InAppBilling", "Xamarin.InAppBilling\Xamarin.InAppBilling.csproj", "{07E9129B-6AFF-44E3-B5ED-1DDFE0EC47C2}"
EndProject
Global
	GlobalSection(SolutionConfigurationPlatforms) = preSolution
		Debug|Any CPU = Debug|Any CPU
		MobileApp|Any CPU = MobileApp|Any CPU
		Release|Any CPU = Release|Any CPU
		XamarinApp|Any CPU = XamarinApp|Any CPU
	EndGlobalSection
	GlobalSection(ProjectConfigurationPlatforms) = postSolution
		{4DADFE0A-1AC5-4798-A8A4-6AC3580B00F1}.Debug|Any CPU.ActiveCfg = Debug|Any CPU
		{4DADFE0A-1AC5-4798-A8A4-6AC3580B00F1}.Debug|Any CPU.Build.0 = Debug|Any CPU
		{4DADFE0A-1AC5-4798-A8A4-6AC3580B00F1}.Debug|Any CPU.Deploy.0 = Debug|Any CPU
		{4DADFE0A-1AC5-4798-A8A4-6AC3580B00F1}.MobileApp|Any CPU.ActiveCfg = Release|Any CPU
		{4DADFE0A-1AC5-4798-A8A4-6AC3580B00F1}.MobileApp|Any CPU.Build.0 = Release|Any CPU
		{4DADFE0A-1AC5-4798-A8A4-6AC3580B00F1}.MobileApp|Any CPU.Deploy.0 = Release|Any CPU
		{4DADFE0A-1AC5-4798-A8A4-6AC3580B00F1}.Release|Any CPU.ActiveCfg = Release|Any CPU
		{4DADFE0A-1AC5-4798-A8A4-6AC3580B00F1}.Release|Any CPU.Build.0 = Release|Any CPU
		{4DADFE0A-1AC5-4798-A8A4-6AC3580B00F1}.Release|Any CPU.Deploy.0 = Release|Any CPU
		{4DADFE0A-1AC5-4798-A8A4-6AC3580B00F1}.XamarinApp|Any CPU.ActiveCfg = Release|Any CPU
		{4DADFE0A-1AC5-4798-A8A4-6AC3580B00F1}.XamarinApp|Any CPU.Build.0 = Release|Any CPU
		{4DADFE0A-1AC5-4798-A8A4-6AC3580B00F1}.XamarinApp|Any CPU.Deploy.0 = Release|Any CPU
		{164DE157-2FF2-4421-916E-D2407B6818D8}.Debug|Any CPU.ActiveCfg = Debug|Any CPU
		{164DE157-2FF2-4421-916E-D2407B6818D8}.Debug|Any CPU.Build.0 = Debug|Any CPU
		{164DE157-2FF2-4421-916E-D2407B6818D8}.MobileApp|Any CPU.ActiveCfg = Release|Any CPU
		{164DE157-2FF2-4421-916E-D2407B6818D8}.MobileApp|Any CPU.Build.0 = Release|Any CPU
		{164DE157-2FF2-4421-916E-D2407B6818D8}.Release|Any CPU.ActiveCfg = Release|Any CPU
		{164DE157-2FF2-4421-916E-D2407B6818D8}.Release|Any CPU.Build.0 = Release|Any CPU
		{164DE157-2FF2-4421-916E-D2407B6818D8}.XamarinApp|Any CPU.ActiveCfg = Release|Any CPU
		{164DE157-2FF2-4421-916E-D2407B6818D8}.XamarinApp|Any CPU.Build.0 = Release|Any CPU
		{02B8E286-09E5-4567-ACDC-32BD17011D73}.Debug|Any CPU.ActiveCfg = Debug|Any CPU
		{02B8E286-09E5-4567-ACDC-32BD17011D73}.Debug|Any CPU.Build.0 = Debug|Any CPU
		{02B8E286-09E5-4567-ACDC-32BD17011D73}.MobileApp|Any CPU.ActiveCfg = Release|Any CPU
		{02B8E286-09E5-4567-ACDC-32BD17011D73}.MobileApp|Any CPU.Build.0 = Release|Any CPU
		{02B8E286-09E5-4567-ACDC-32BD17011D73}.Release|Any CPU.ActiveCfg = Release|Any CPU
		{02B8E286-09E5-4567-ACDC-32BD17011D73}.Release|Any CPU.Build.0 = Release|Any CPU
		{02B8E286-09E5-4567-ACDC-32BD17011D73}.XamarinApp|Any CPU.ActiveCfg = Release|Any CPU
		{02B8E286-09E5-4567-ACDC-32BD17011D73}.XamarinApp|Any CPU.Build.0 = Release|Any CPU
		{40875F79-84B3-4139-882D-B0075F556E8A}.Debug|Any CPU.ActiveCfg = Debug|Any CPU
		{40875F79-84B3-4139-882D-B0075F556E8A}.Debug|Any CPU.Build.0 = Debug|Any CPU
		{40875F79-84B3-4139-882D-B0075F556E8A}.Debug|Any CPU.Deploy.0 = Debug|Any CPU
		{40875F79-84B3-4139-882D-B0075F556E8A}.MobileApp|Any CPU.ActiveCfg = Release|Any CPU
		{40875F79-84B3-4139-882D-B0075F556E8A}.MobileApp|Any CPU.Build.0 = Release|Any CPU
		{40875F79-84B3-4139-882D-B0075F556E8A}.MobileApp|Any CPU.Deploy.0 = Release|Any CPU
		{40875F79-84B3-4139-882D-B0075F556E8A}.Release|Any CPU.ActiveCfg = Release|Any CPU
		{40875F79-84B3-4139-882D-B0075F556E8A}.Release|Any CPU.Build.0 = Release|Any CPU
		{40875F79-84B3-4139-882D-B0075F556E8A}.Release|Any CPU.Deploy.0 = Release|Any CPU
		{40875F79-84B3-4139-882D-B0075F556E8A}.XamarinApp|Any CPU.ActiveCfg = Release|Any CPU
		{40875F79-84B3-4139-882D-B0075F556E8A}.XamarinApp|Any CPU.Build.0 = Release|Any CPU
		{40875F79-84B3-4139-882D-B0075F556E8A}.XamarinApp|Any CPU.Deploy.0 = Release|Any CPU
		{07E9129B-6AFF-44E3-B5ED-1DDFE0EC47C2}.Debug|Any CPU.ActiveCfg = Debug|Any CPU
		{07E9129B-6AFF-44E3-B5ED-1DDFE0EC47C2}.Debug|Any CPU.Build.0 = Debug|Any CPU
		{07E9129B-6AFF-44E3-B5ED-1DDFE0EC47C2}.MobileApp|Any CPU.ActiveCfg = Release|Any CPU
		{07E9129B-6AFF-44E3-B5ED-1DDFE0EC47C2}.MobileApp|Any CPU.Build.0 = Release|Any CPU
		{07E9129B-6AFF-44E3-B5ED-1DDFE0EC47C2}.Release|Any CPU.ActiveCfg = Release|Any CPU
		{07E9129B-6AFF-44E3-B5ED-1DDFE0EC47C2}.Release|Any CPU.Build.0 = Release|Any CPU
		{07E9129B-6AFF-44E3-B5ED-1DDFE0EC47C2}.XamarinApp|Any CPU.ActiveCfg = Release|Any CPU
		{07E9129B-6AFF-44E3-B5ED-1DDFE0EC47C2}.XamarinApp|Any CPU.Build.0 = Release|Any CPU
	EndGlobalSection
	GlobalSection(SolutionProperties) = preSolution
		HideSolutionNode = FALSE
	EndGlobalSection
	GlobalSection(MonoDevelopProperties) = preSolution
		StartupItem = Agrin.Android.UI\Agrin.MonoAndroid.UI.csproj
		Policies = $0
		$0.DotNetNamingPolicy = $1
		$1.DirectoryNamespaceAssociation = None
		$1.ResourceNamePolicy = FileFormatDefault
		$0.TextStylePolicy = $2
		$2.FileWidth = 120
		$2.TabsToSpaces = False
		$2.inheritsSet = VisualStudio
		$2.inheritsScope = text/plain
		$2.scope = text/plain
		$0.StandardHeader = $3
		$3.Text = 
		$3.IncludeInNewFiles = True
		$0.NameConventionPolicy = $4
		$4.Rules = $5
		$5.NamingRule = $25
		$6.Name = Namespaces
		$6.AffectedEntity = Namespace
		$6.VisibilityMask = VisibilityMask
		$6.NamingStyle = PascalCase
		$6.IncludeInstanceMembers = True
		$6.IncludeStaticEntities = True
		$7.Name = Types
		$7.AffectedEntity = Class, Struct, Enum, Delegate
		$7.VisibilityMask = Public
		$7.NamingStyle = PascalCase
		$7.IncludeInstanceMembers = True
		$7.IncludeStaticEntities = True
		$8.Name = Interfaces
		$8.RequiredPrefixes = $9
		$9.String = I
		$8.AffectedEntity = Interface
		$8.VisibilityMask = Public
		$8.NamingStyle = PascalCase
		$8.IncludeInstanceMembers = True
		$8.IncludeStaticEntities = True
		$10.Name = Attributes
		$10.RequiredSuffixes = $11
		$11.String = Attribute
		$10.AffectedEntity = CustomAttributes
		$10.VisibilityMask = Public
		$10.NamingStyle = PascalCase
		$10.IncludeInstanceMembers = True
		$10.IncludeStaticEntities = True
		$12.Name = Event Arguments
		$12.RequiredSuffixes = $13
		$13.String = EventArgs
		$12.AffectedEntity = CustomEventArgs
		$12.VisibilityMask = Public
		$12.NamingStyle = PascalCase
		$12.IncludeInstanceMembers = True
		$12.IncludeStaticEntities = True
		$14.Name = Exceptions
		$14.RequiredSuffixes = $15
		$15.String = Exception
		$14.AffectedEntity = CustomExceptions
		$14.VisibilityMask = VisibilityMask
		$14.NamingStyle = PascalCase
		$14.IncludeInstanceMembers = True
		$14.IncludeStaticEntities = True
		$16.Name = Methods
		$16.AffectedEntity = Methods
		$16.VisibilityMask = Protected, Public
		$16.NamingStyle = PascalCase
		$16.IncludeInstanceMembers = True
		$16.IncludeStaticEntities = True
		$17.Name = Static Readonly Fields
		$17.AffectedEntity = ReadonlyField
		$17.VisibilityMask = Protected, Public
		$17.NamingStyle = PascalCase
		$17.IncludeInstanceMembers = False
		$17.IncludeStaticEntities = True
		$18.Name = Fields
		$18.AffectedEntity = Field
		$18.VisibilityMask = Protected, Public
		$18.NamingStyle = PascalCase
		$18.IncludeInstanceMembers = True
		$18.IncludeStaticEntities = True
		$19.Name = ReadOnly Fields
		$19.AffectedEntity = ReadonlyField
		$19.VisibilityMask = Protected, Public
		$19.NamingStyle = PascalCase
		$19.IncludeInstanceMembers = True
		$19.IncludeStaticEntities = False
		$20.Name = Constant Fields
		$20.AffectedEntity = ConstantField
		$20.VisibilityMask = Protected, Public
		$20.NamingStyle = PascalCase
		$20.IncludeInstanceMembers = True
		$20.IncludeStaticEntities = True
		$21.Name = Properties
		$21.AffectedEntity = Property
		$21.VisibilityMask = Protected, Public
		$21.NamingStyle = PascalCase
		$21.IncludeInstanceMembers = True
		$21.IncludeStaticEntities = True
		$22.Name = Events
		$22.AffectedEntity = Event
		$22.VisibilityMask = Protected, Public
		$22.NamingStyle = PascalCase
		$22.IncludeInstanceMembers = True
		$22.IncludeStaticEntities = True
		$23.Name = Enum Members
		$23.AffectedEntity = EnumMember
		$23.VisibilityMask = VisibilityMask
		$23.NamingStyle = PascalCase
		$23.IncludeInstanceMembers = True
		$23.IncludeStaticEntities = True
		$24.Name = Parameters
		$24.AffectedEntity = Parameter
		$24.VisibilityMask = VisibilityMask
		$24.NamingStyle = CamelCase
		$24.IncludeInstanceMembers = True
		$24.IncludeStaticEntities = True
		$25.Name = Type Parameters
		$25.RequiredPrefixes = $26
		$26.String = T
		$25.AffectedEntity = TypeParameter
		$25.VisibilityMask = VisibilityMask
		$25.NamingStyle = PascalCase
		$25.IncludeInstanceMembers = True
		$25.IncludeStaticEntities = True
		$0.VersionControlPolicy = $27
		$27.inheritsSet = Mono
		$0.ChangeLogPolicy = $28
		$28.UpdateMode = None
		$28.MessageStyle = $29
		$29.LineAlign = 0
		$28.inheritsSet = Mono
		version = 1.1
	EndGlobalSection
EndGlobal
