
Microsoft Visual Studio Solution File, Format Version 11.00
# Visual Studio 2010
Project("{FAE04EC0-301F-11D3-BF4B-00C04F79EFBC}") = "Agrin.Mono.UI", "Agrin.Mono.UI\Agrin.Mono.UI.csproj", "{FD43FFA9-FA44-4153-AFD7-B249C4699F84}"
EndProject
Project("{2150E333-8FDC-42A3-9474-1A3956D46DE8}") = "Libs", "Libs", "{39936549-5856-4577-B895-6EC7888E6957}"
	ProjectSection(SolutionItems) = preProject
		Agrin.Mono.UI\Libs\Agrin.Data.dll = Agrin.Mono.UI\Libs\Agrin.Data.dll
		Agrin.Mono.UI\Libs\Agrin.Download.dll = Agrin.Mono.UI\Libs\Agrin.Download.dll
		Agrin.Mono.UI\Libs\Agrin.Drawing.dll = Agrin.Mono.UI\Libs\Agrin.Drawing.dll
		Agrin.Mono.UI\Libs\Agrin.Helper.dll = Agrin.Mono.UI\Libs\Agrin.Helper.dll
		Agrin.Mono.UI\Libs\Agrin.IO.dll = Agrin.Mono.UI\Libs\Agrin.IO.dll
		Agrin.Mono.UI\Libs\Agrin.OS.dll = Agrin.Mono.UI\Libs\Agrin.OS.dll
	EndProjectSection
EndProject
Project("{2150E333-8FDC-42A3-9474-1A3956D46DE8}") = "Package", "Package", "{2A82A0AC-3290-4D96-A8AF-3100780ADBC1}"
EndProject
Project("{9344BDBB-3E7F-41FC-A0DD-8665D75EE146}") = "AgrinPackage", "AgrinPackage\AgrinPackage.mdproj", "{A2B1DF2A-FF08-4B58-A462-D0D17CFA3177}"
EndProject
Global
	GlobalSection(SolutionConfigurationPlatforms) = preSolution
		Debug|x86 = Debug|x86
		Release|x86 = Release|x86
	EndGlobalSection
	GlobalSection(ProjectConfigurationPlatforms) = postSolution
		{A2B1DF2A-FF08-4B58-A462-D0D17CFA3177}.Debug|x86.ActiveCfg = Debug|Any CPU
		{A2B1DF2A-FF08-4B58-A462-D0D17CFA3177}.Release|x86.ActiveCfg = Release|Any CPU
		{FD43FFA9-FA44-4153-AFD7-B249C4699F84}.Debug|x86.ActiveCfg = Debug|x86
		{FD43FFA9-FA44-4153-AFD7-B249C4699F84}.Debug|x86.Build.0 = Debug|x86
		{FD43FFA9-FA44-4153-AFD7-B249C4699F84}.Release|x86.ActiveCfg = Release|x86
		{FD43FFA9-FA44-4153-AFD7-B249C4699F84}.Release|x86.Build.0 = Release|x86
	EndGlobalSection
	GlobalSection(NestedProjects) = preSolution
		{A2B1DF2A-FF08-4B58-A462-D0D17CFA3177} = {2A82A0AC-3290-4D96-A8AF-3100780ADBC1}
	EndGlobalSection
	GlobalSection(MonoDevelopProperties) = preSolution
		StartupItem = Agrin.Mono.UI\Agrin.Mono.UI.csproj
	EndGlobalSection
EndGlobal
